// !$*UTF8*$!
{
	archiveVersion = 1;
	classes = {
	};
	objectVersion = 46;
	objects = {

/* Begin PBXBuildFile section */
		013A580A141C6F9C00B590E2 /* libz.1.2.5.dylib in Frameworks */ = {isa = PBXBuildFile; fileRef = 013A5809141C6F9C00B590E2 /* libz.1.2.5.dylib */; };
		0140735B13AF35C3008A28C0 /* libsqlite3.dylib in Frameworks */ = {isa = PBXBuildFile; fileRef = 0140735A13AF35C3008A28C0 /* libsqlite3.dylib */; };
		01A71C4D13E5B1E500EBD56E /* CrashReporter.m in Sources */ = {isa = PBXBuildFile; fileRef = 01A71BB813E5B1E400EBD56E /* CrashReporter.m */; };
		01A71C4E13E5B1E500EBD56E /* JMCComment.m in Sources */ = {isa = PBXBuildFile; fileRef = 01A71BBA13E5B1E400EBD56E /* JMCComment.m */; };
		01A71C4F13E5B1E500EBD56E /* JMCCrashSender.m in Sources */ = {isa = PBXBuildFile; fileRef = 01A71BBC13E5B1E400EBD56E /* JMCCrashSender.m */; };
		01A71C5013E5B1E500EBD56E /* JMCCrashTransport.m in Sources */ = {isa = PBXBuildFile; fileRef = 01A71BBE13E5B1E400EBD56E /* JMCCrashTransport.m */; };
		01A71C5113E5B1E500EBD56E /* JMCIssue.m in Sources */ = {isa = PBXBuildFile; fileRef = 01A71BC013E5B1E400EBD56E /* JMCIssue.m */; };
		01A71C5213E5B1E500EBD56E /* JMCIssuePreviewCell.m in Sources */ = {isa = PBXBuildFile; fileRef = 01A71BC213E5B1E400EBD56E /* JMCIssuePreviewCell.m */; };
		01A71C5313E5B1E500EBD56E /* JMCIssuePreviewCell.xib in Resources */ = {isa = PBXBuildFile; fileRef = 01A71BC313E5B1E400EBD56E /* JMCIssuePreviewCell.xib */; };
		01A71C5413E5B1E500EBD56E /* JMCIssueStore.m in Sources */ = {isa = PBXBuildFile; fileRef = 01A71BC513E5B1E400EBD56E /* JMCIssueStore.m */; };
		01A71C5513E5B1E500EBD56E /* JMCIssuesViewController.m in Sources */ = {isa = PBXBuildFile; fileRef = 01A71BC713E5B1E400EBD56E /* JMCIssuesViewController.m */; };
		01A71C5713E5B1E500EBD56E /* JMCIssueTransport.m in Sources */ = {isa = PBXBuildFile; fileRef = 01A71BCA13E5B1E400EBD56E /* JMCIssueTransport.m */; };
		01A71C5813E5B1E500EBD56E /* JMCIssueViewController.m in Sources */ = {isa = PBXBuildFile; fileRef = 01A71BCC13E5B1E400EBD56E /* JMCIssueViewController.m */; };
		01A71C5913E5B1E500EBD56E /* JMCIssueViewController.xib in Resources */ = {isa = PBXBuildFile; fileRef = 01A71BCD13E5B1E400EBD56E /* JMCIssueViewController.xib */; };
		01A71C5A13E5B1E500EBD56E /* JMCLine.m in Sources */ = {isa = PBXBuildFile; fileRef = 01A71BCF13E5B1E400EBD56E /* JMCLine.m */; };
		01A71C5B13E5B1E500EBD56E /* JMCMessageBubble.m in Sources */ = {isa = PBXBuildFile; fileRef = 01A71BD113E5B1E400EBD56E /* JMCMessageBubble.m */; };
		01A71C5C13E5B1E500EBD56E /* JMCMessageCell.m in Sources */ = {isa = PBXBuildFile; fileRef = 01A71BD313E5B1E400EBD56E /* JMCMessageCell.m */; };
		01A71C5D13E5B1E500EBD56E /* JMCNotifier.m in Sources */ = {isa = PBXBuildFile; fileRef = 01A71BD513E5B1E400EBD56E /* JMCNotifier.m */; };
		01A71C5E13E5B1E500EBD56E /* JMCPing.m in Sources */ = {isa = PBXBuildFile; fileRef = 01A71BD713E5B1E400EBD56E /* JMCPing.m */; };
		01A71C5F13E5B1E500EBD56E /* JMCRecorder.m in Sources */ = {isa = PBXBuildFile; fileRef = 01A71BD913E5B1E400EBD56E /* JMCRecorder.m */; };
		01A71C6013E5B1E500EBD56E /* JMCReplyTransport.m in Sources */ = {isa = PBXBuildFile; fileRef = 01A71BDB13E5B1E400EBD56E /* JMCReplyTransport.m */; };
		01A71C6113E5B1E500EBD56E /* JMCSketch.m in Sources */ = {isa = PBXBuildFile; fileRef = 01A71BDD13E5B1E400EBD56E /* JMCSketch.m */; };
		01A71C6213E5B1E500EBD56E /* JMCSketchContainerView.m in Sources */ = {isa = PBXBuildFile; fileRef = 01A71BDF13E5B1E400EBD56E /* JMCSketchContainerView.m */; };
		01A71C6313E5B1E500EBD56E /* JMCSketchScrollView.m in Sources */ = {isa = PBXBuildFile; fileRef = 01A71BE113E5B1E400EBD56E /* JMCSketchScrollView.m */; };
		01A71C6413E5B1E500EBD56E /* JMCSketchView.m in Sources */ = {isa = PBXBuildFile; fileRef = 01A71BE313E5B1E400EBD56E /* JMCSketchView.m */; };
		01A71C6513E5B1E500EBD56E /* JMCSketchViewController.m in Sources */ = {isa = PBXBuildFile; fileRef = 01A71BE513E5B1E400EBD56E /* JMCSketchViewController.m */; };
		01A71C6613E5B1E500EBD56E /* JMCSketchViewController.xib in Resources */ = {isa = PBXBuildFile; fileRef = 01A71BE613E5B1E400EBD56E /* JMCSketchViewController.xib */; };
		01A71C6713E5B1E500EBD56E /* JMCTransport.m in Sources */ = {isa = PBXBuildFile; fileRef = 01A71BE913E5B1E400EBD56E /* JMCTransport.m */; };
		01A71C6813E5B1E500EBD56E /* UILabel+VerticalAlign.m in Sources */ = {isa = PBXBuildFile; fileRef = 01A71BEB13E5B1E400EBD56E /* UILabel+VerticalAlign.m */; };
		01A71C6913E5B1E500EBD56E /* UIView+Additions.m in Sources */ = {isa = PBXBuildFile; fileRef = 01A71BED13E5B1E400EBD56E /* UIView+Additions.m */; };
		01A71C6A13E5B1E500EBD56E /* JMC.m in Sources */ = {isa = PBXBuildFile; fileRef = 01A71BEF13E5B1E400EBD56E /* JMC.m */; };
		01A71C6B13E5B1E500EBD56E /* JMCAttachmentItem.m in Sources */ = {isa = PBXBuildFile; fileRef = 01A71BF113E5B1E400EBD56E /* JMCAttachmentItem.m */; };
		01A71C6C13E5B1E500EBD56E /* JMCViewController.m in Sources */ = {isa = PBXBuildFile; fileRef = 01A71BF513E5B1E400EBD56E /* JMCViewController.m */; };
		01A71C6D13E5B1E500EBD56E /* JMCViewController.xib in Resources */ = {isa = PBXBuildFile; fileRef = 01A71BF613E5B1E400EBD56E /* JMCViewController.xib */; };
		01A71C6E13E5B1E500EBD56E /* ASIAuthenticationDialog.m in Sources */ = {isa = PBXBuildFile; fileRef = 01A71BFA13E5B1E400EBD56E /* ASIAuthenticationDialog.m */; };
		01A71C6F13E5B1E500EBD56E /* ASIDownloadCache.m in Sources */ = {isa = PBXBuildFile; fileRef = 01A71BFD13E5B1E400EBD56E /* ASIDownloadCache.m */; };
		01A71C7013E5B1E500EBD56E /* ASIFormDataRequest.m in Sources */ = {isa = PBXBuildFile; fileRef = 01A71BFF13E5B1E400EBD56E /* ASIFormDataRequest.m */; };
		01A71C7113E5B1E500EBD56E /* ASIHTTPRequest.m in Sources */ = {isa = PBXBuildFile; fileRef = 01A71C0113E5B1E400EBD56E /* ASIHTTPRequest.m */; };
		01A71C7213E5B1E500EBD56E /* ASIInputStream.m in Sources */ = {isa = PBXBuildFile; fileRef = 01A71C0513E5B1E400EBD56E /* ASIInputStream.m */; };
		01A71C7313E5B1E500EBD56E /* ASINetworkQueue.m in Sources */ = {isa = PBXBuildFile; fileRef = 01A71C0713E5B1E400EBD56E /* ASINetworkQueue.m */; };
		01A71C7413E5B1E500EBD56E /* Reachability.m in Sources */ = {isa = PBXBuildFile; fileRef = 01A71C0A13E5B1E400EBD56E /* Reachability.m */; };
		01A71C7513E5B1E500EBD56E /* CrashReporter.framework in Frameworks */ = {isa = PBXBuildFile; fileRef = 01A71C0B13E5B1E400EBD56E /* CrashReporter.framework */; };
		01A71C7613E5B1E500EBD56E /* CRVActivityView.m in Sources */ = {isa = PBXBuildFile; fileRef = 01A71C0D13E5B1E400EBD56E /* CRVActivityView.m */; };
		01A71C7713E5B1E500EBD56E /* CONTRIBUTORS.txt in Resources */ = {isa = PBXBuildFile; fileRef = 01A71C0F13E5B1E400EBD56E /* CONTRIBUTORS.txt */; };
		01A71C7813E5B1E500EBD56E /* LICENSE.txt in Resources */ = {isa = PBXBuildFile; fileRef = 01A71C1013E5B1E400EBD56E /* LICENSE.txt */; };
		01A71C7913E5B1E500EBD56E /* FMDatabase.m in Sources */ = {isa = PBXBuildFile; fileRef = 01A71C1313E5B1E400EBD56E /* FMDatabase.m */; };
		01A71C7A13E5B1E500EBD56E /* FMDatabaseAdditions.m in Sources */ = {isa = PBXBuildFile; fileRef = 01A71C1513E5B1E400EBD56E /* FMDatabaseAdditions.m */; };
		01A71C7B13E5B1E500EBD56E /* FMResultSet.m in Sources */ = {isa = PBXBuildFile; fileRef = 01A71C1713E5B1E400EBD56E /* FMResultSet.m */; };
		01A71C7C13E5B1E500EBD56E /* NSObject+SBJSON.m in Sources */ = {isa = PBXBuildFile; fileRef = 01A71C1B13E5B1E400EBD56E /* NSObject+SBJSON.m */; };
		01A71C7D13E5B1E500EBD56E /* NSString+SBJSON.m in Sources */ = {isa = PBXBuildFile; fileRef = 01A71C1D13E5B1E400EBD56E /* NSString+SBJSON.m */; };
		01A71C7E13E5B1E500EBD56E /* SBJsonBase.m in Sources */ = {isa = PBXBuildFile; fileRef = 01A71C1F13E5B1E400EBD56E /* SBJsonBase.m */; };
		01A71C7F13E5B1E500EBD56E /* SBJsonParser.m in Sources */ = {isa = PBXBuildFile; fileRef = 01A71C2113E5B1E400EBD56E /* SBJsonParser.m */; };
		01A71C8013E5B1E500EBD56E /* SBJsonWriter.m in Sources */ = {isa = PBXBuildFile; fileRef = 01A71C2313E5B1E400EBD56E /* SBJsonWriter.m */; };
		01A71C8113E5B1E500EBD56E /* UIImage+Alpha.m in Sources */ = {isa = PBXBuildFile; fileRef = 01A71C2513E5B1E400EBD56E /* UIImage+Alpha.m */; };
		01A71C8213E5B1E500EBD56E /* UIImage+Resize.m in Sources */ = {isa = PBXBuildFile; fileRef = 01A71C2713E5B1E400EBD56E /* UIImage+Resize.m */; };
		01A71C8313E5B1E500EBD56E /* UIImage+RoundedCorner.m in Sources */ = {isa = PBXBuildFile; fileRef = 01A71C2913E5B1E400EBD56E /* UIImage+RoundedCorner.m */; };
		01A71C8413E5B1E500EBD56E /* Balloon_1.png in Resources */ = {isa = PBXBuildFile; fileRef = 01A71C2B13E5B1E400EBD56E /* Balloon_1.png */; };
		01A71C8513E5B1E500EBD56E /* Balloon_2.png in Resources */ = {isa = PBXBuildFile; fileRef = 01A71C2C13E5B1E400EBD56E /* Balloon_2.png */; };
		01A71C8613E5B1E500EBD56E /* bluedot.png in Resources */ = {isa = PBXBuildFile; fileRef = 01A71C2D13E5B1E400EBD56E /* bluedot.png */; };
		01A71C8713E5B1E500EBD56E /* button_base.png in Resources */ = {isa = PBXBuildFile; fileRef = 01A71C2E13E5B1E400EBD56E /* button_base.png */; };
		01A71C8813E5B1E500EBD56E /* button_base@2x.png in Resources */ = {isa = PBXBuildFile; fileRef = 01A71C2F13E5B1E400EBD56E /* button_base@2x.png */; };
		01A71C8913E5B1E500EBD56E /* cancel.png in Resources */ = {isa = PBXBuildFile; fileRef = 01A71C3013E5B1E400EBD56E /* cancel.png */; };
		01A71C8A13E5B1E500EBD56E /* JMCLocalizable.strings in Resources */ = {isa = PBXBuildFile; fileRef = 01A71C3113E5B1E400EBD56E /* JMCLocalizable.strings */; };
		01A71C8B13E5B1E500EBD56E /* icon_capture.png in Resources */ = {isa = PBXBuildFile; fileRef = 01A71C3413E5B1E400EBD56E /* icon_capture.png */; };
		01A71C8C13E5B1E500EBD56E /* icon_capture@2x.png in Resources */ = {isa = PBXBuildFile; fileRef = 01A71C3513E5B1E400EBD56E /* icon_capture@2x.png */; };
		01A71C8D13E5B1E500EBD56E /* icon_record.png in Resources */ = {isa = PBXBuildFile; fileRef = 01A71C3613E5B1E400EBD56E /* icon_record.png */; };
		01A71C8E13E5B1E500EBD56E /* icon_record@2x.png in Resources */ = {isa = PBXBuildFile; fileRef = 01A71C3713E5B1E400EBD56E /* icon_record@2x.png */; };
		01A71C8F13E5B1E500EBD56E /* icon_record_1.png in Resources */ = {isa = PBXBuildFile; fileRef = 01A71C3813E5B1E400EBD56E /* icon_record_1.png */; };
		01A71C9013E5B1E500EBD56E /* icon_record_1@2x.png in Resources */ = {isa = PBXBuildFile; fileRef = 01A71C3913E5B1E400EBD56E /* icon_record_1@2x.png */; };
		01A71C9113E5B1E500EBD56E /* icon_record_2.png in Resources */ = {isa = PBXBuildFile; fileRef = 01A71C3A13E5B1E400EBD56E /* icon_record_2.png */; };
		01A71C9213E5B1E500EBD56E /* icon_record_2@2x.png in Resources */ = {isa = PBXBuildFile; fileRef = 01A71C3B13E5B1E400EBD56E /* icon_record_2@2x.png */; };
		01A71C9313E5B1E500EBD56E /* icon_record_3.png in Resources */ = {isa = PBXBuildFile; fileRef = 01A71C3C13E5B1E400EBD56E /* icon_record_3.png */; };
		01A71C9413E5B1E500EBD56E /* icon_record_3@2x.png in Resources */ = {isa = PBXBuildFile; fileRef = 01A71C3D13E5B1E400EBD56E /* icon_record_3@2x.png */; };
		01A71C9513E5B1E500EBD56E /* icon_record_4.png in Resources */ = {isa = PBXBuildFile; fileRef = 01A71C3E13E5B1E400EBD56E /* icon_record_4.png */; };
		01A71C9613E5B1E500EBD56E /* icon_record_4@2x.png in Resources */ = {isa = PBXBuildFile; fileRef = 01A71C3F13E5B1E400EBD56E /* icon_record_4@2x.png */; };
		01A71C9713E5B1E500EBD56E /* icon_record_5.png in Resources */ = {isa = PBXBuildFile; fileRef = 01A71C4013E5B1E400EBD56E /* icon_record_5.png */; };
		01A71C9813E5B1E500EBD56E /* icon_record_5@2x.png in Resources */ = {isa = PBXBuildFile; fileRef = 01A71C4113E5B1E400EBD56E /* icon_record_5@2x.png */; };
		01A71C9913E5B1E500EBD56E /* icon_record_6.png in Resources */ = {isa = PBXBuildFile; fileRef = 01A71C4213E5B1E400EBD56E /* icon_record_6.png */; };
		01A71C9A13E5B1E500EBD56E /* icon_record_6@2x.png in Resources */ = {isa = PBXBuildFile; fileRef = 01A71C4313E5B1E400EBD56E /* icon_record_6@2x.png */; };
		01A71C9B13E5B1E500EBD56E /* icon_record_7.png in Resources */ = {isa = PBXBuildFile; fileRef = 01A71C4413E5B1E400EBD56E /* icon_record_7.png */; };
		01A71C9C13E5B1E500EBD56E /* icon_record_7@2x.png in Resources */ = {isa = PBXBuildFile; fileRef = 01A71C4513E5B1E400EBD56E /* icon_record_7@2x.png */; };
		01A71C9D13E5B1E500EBD56E /* icon_record_8.png in Resources */ = {isa = PBXBuildFile; fileRef = 01A71C4613E5B1E400EBD56E /* icon_record_8.png */; };
		01A71C9E13E5B1E500EBD56E /* icon_record_8@2x.png in Resources */ = {isa = PBXBuildFile; fileRef = 01A71C4713E5B1E400EBD56E /* icon_record_8@2x.png */; };
		01A71C9F13E5B1E500EBD56E /* icon_record_active.png in Resources */ = {isa = PBXBuildFile; fileRef = 01A71C4813E5B1E400EBD56E /* icon_record_active.png */; };
		01A71CA013E5B1E500EBD56E /* icon_record_active@2x.png in Resources */ = {isa = PBXBuildFile; fileRef = 01A71C4913E5B1E400EBD56E /* icon_record_active@2x.png */; };
		01A71CA113E5B1E500EBD56E /* icon_record_pulse.png in Resources */ = {isa = PBXBuildFile; fileRef = 01A71C4A13E5B1E400EBD56E /* icon_record_pulse.png */; };
		01A71CA213E5B1E500EBD56E /* icon_record_pulse@2x.png in Resources */ = {isa = PBXBuildFile; fileRef = 01A71C4B13E5B1E400EBD56E /* icon_record_pulse@2x.png */; };
		01A71CA313E5B1E500EBD56E /* writeareply.png in Resources */ = {isa = PBXBuildFile; fileRef = 01A71C4C13E5B1E400EBD56E /* writeareply.png */; };
		01E90ABC139AE741002CA0D9 /* UIKit.framework in Frameworks */ = {isa = PBXBuildFile; fileRef = 01E90ABB139AE741002CA0D9 /* UIKit.framework */; };
		01E90ABE139AE741002CA0D9 /* Foundation.framework in Frameworks */ = {isa = PBXBuildFile; fileRef = 01E90ABD139AE741002CA0D9 /* Foundation.framework */; };
		01E90AC0139AE741002CA0D9 /* CoreGraphics.framework in Frameworks */ = {isa = PBXBuildFile; fileRef = 01E90ABF139AE741002CA0D9 /* CoreGraphics.framework */; };
		01E90AC6139AE741002CA0D9 /* InfoPlist.strings in Resources */ = {isa = PBXBuildFile; fileRef = 01E90AC4139AE741002CA0D9 /* InfoPlist.strings */; };
		01E90AC9139AE741002CA0D9 /* main.m in Sources */ = {isa = PBXBuildFile; fileRef = 01E90AC8139AE741002CA0D9 /* main.m */; };
		01E90BE3139AE940002CA0D9 /* AVFoundation.framework in Frameworks */ = {isa = PBXBuildFile; fileRef = 01E90BE2139AE940002CA0D9 /* AVFoundation.framework */; };
		01E90BE5139AE948002CA0D9 /* CFNetwork.framework in Frameworks */ = {isa = PBXBuildFile; fileRef = 01E90BE4139AE948002CA0D9 /* CFNetwork.framework */; };
		01E90BE7139AE950002CA0D9 /* SystemConfiguration.framework in Frameworks */ = {isa = PBXBuildFile; fileRef = 01E90BE6139AE950002CA0D9 /* SystemConfiguration.framework */; };
		01E90BE9139AE956002CA0D9 /* MobileCoreServices.framework in Frameworks */ = {isa = PBXBuildFile; fileRef = 01E90BE8139AE956002CA0D9 /* MobileCoreServices.framework */; };
		01E90BEC139AE964002CA0D9 /* CoreLocation.framework in Frameworks */ = {isa = PBXBuildFile; fileRef = 01E90BEB139AE964002CA0D9 /* CoreLocation.framework */; };
		01E90BF8139AE9ED002CA0D9 /* QuartzCore.framework in Frameworks */ = {isa = PBXBuildFile; fileRef = 01E90BF7139AE9ED002CA0D9 /* QuartzCore.framework */; };
		F810BC53139B7C6200D50844 /* CrashReporter.framework in Frameworks */ = {isa = PBXBuildFile; fileRef = F810BC52139B7C6200D50844 /* CrashReporter.framework */; };
		F8B8053E139B573000EC5AD4 /* AngryNerdsAppDelegate.m in Sources */ = {isa = PBXBuildFile; fileRef = F8B8053A139B573000EC5AD4 /* AngryNerdsAppDelegate.m */; };
		F8B8053F139B573000EC5AD4 /* AngryNerdsViewController.m in Sources */ = {isa = PBXBuildFile; fileRef = F8B8053C139B573000EC5AD4 /* AngryNerdsViewController.m */; };
		F8B80540139B573000EC5AD4 /* AngryNerdsViewController.xib in Resources */ = {isa = PBXBuildFile; fileRef = F8B8053D139B573000EC5AD4 /* AngryNerdsViewController.xib */; };
		F8B8054C139B574300EC5AD4 /* aeron.png in Resources */ = {isa = PBXBuildFile; fileRef = F8B80541139B574300EC5AD4 /* aeron.png */; };
		F8B8054D139B574300EC5AD4 /* angrynerds.png in Resources */ = {isa = PBXBuildFile; fileRef = F8B80542139B574300EC5AD4 /* angrynerds.png */; };
		F8B8054E139B574300EC5AD4 /* bgGame1.png in Resources */ = {isa = PBXBuildFile; fileRef = F8B80543139B574300EC5AD4 /* bgGame1.png */; };
		F8B8054F139B574300EC5AD4 /* bgGame1x.png in Resources */ = {isa = PBXBuildFile; fileRef = F8B80544139B574300EC5AD4 /* bgGame1x.png */; };
		F8B80550139B574300EC5AD4 /* Connect_logo_48x48.png in Resources */ = {isa = PBXBuildFile; fileRef = F8B80545139B574300EC5AD4 /* Connect_logo_48x48.png */; };
		F8B80551139B574300EC5AD4 /* Default.png in Resources */ = {isa = PBXBuildFile; fileRef = F8B80546139B574300EC5AD4 /* Default.png */; };
		F8B80552139B574300EC5AD4 /* Default@2x.png in Resources */ = {isa = PBXBuildFile; fileRef = F8B80547139B574300EC5AD4 /* Default@2x.png */; };
		F8B80553139B574300EC5AD4 /* frontend_blink.png in Resources */ = {isa = PBXBuildFile; fileRef = F8B80548139B574300EC5AD4 /* frontend_blink.png */; };
		F8B80554139B574300EC5AD4 /* frontend.png in Resources */ = {isa = PBXBuildFile; fileRef = F8B80549139B574300EC5AD4 /* frontend.png */; };
		F8B80555139B574300EC5AD4 /* Icon.png in Resources */ = {isa = PBXBuildFile; fileRef = F8B8054A139B574300EC5AD4 /* Icon.png */; };
		F8B80556139B574300EC5AD4 /* MainWindow.xib in Resources */ = {isa = PBXBuildFile; fileRef = F8B8054B139B574300EC5AD4 /* MainWindow.xib */; };
/* End PBXBuildFile section */

/* Begin PBXFileReference section */
		013A5809141C6F9C00B590E2 /* libz.1.2.5.dylib */ = {isa = PBXFileReference; lastKnownFileType = "compiled.mach-o.dylib"; name = libz.1.2.5.dylib; path = usr/lib/libz.1.2.5.dylib; sourceTree = SDKROOT; };
		0140735A13AF35C3008A28C0 /* libsqlite3.dylib */ = {isa = PBXFileReference; lastKnownFileType = "compiled.mach-o.dylib"; name = libsqlite3.dylib; path = usr/lib/libsqlite3.dylib; sourceTree = SDKROOT; };
		01A71BB713E5B1E400EBD56E /* CrashReporter.h */ = {isa = PBXFileReference; fileEncoding = 4; lastKnownFileType = sourcecode.c.h; path = CrashReporter.h; sourceTree = "<group>"; };
		01A71BB813E5B1E400EBD56E /* CrashReporter.m */ = {isa = PBXFileReference; fileEncoding = 4; lastKnownFileType = sourcecode.c.objc; path = CrashReporter.m; sourceTree = "<group>"; };
		01A71BB913E5B1E400EBD56E /* JMCComment.h */ = {isa = PBXFileReference; fileEncoding = 4; lastKnownFileType = sourcecode.c.h; path = JMCComment.h; sourceTree = "<group>"; };
		01A71BBA13E5B1E400EBD56E /* JMCComment.m */ = {isa = PBXFileReference; fileEncoding = 4; lastKnownFileType = sourcecode.c.objc; path = JMCComment.m; sourceTree = "<group>"; };
		01A71BBB13E5B1E400EBD56E /* JMCCrashSender.h */ = {isa = PBXFileReference; fileEncoding = 4; lastKnownFileType = sourcecode.c.h; path = JMCCrashSender.h; sourceTree = "<group>"; };
		01A71BBC13E5B1E400EBD56E /* JMCCrashSender.m */ = {isa = PBXFileReference; fileEncoding = 4; lastKnownFileType = sourcecode.c.objc; path = JMCCrashSender.m; sourceTree = "<group>"; };
		01A71BBD13E5B1E400EBD56E /* JMCCrashTransport.h */ = {isa = PBXFileReference; fileEncoding = 4; lastKnownFileType = sourcecode.c.h; path = JMCCrashTransport.h; sourceTree = "<group>"; };
		01A71BBE13E5B1E400EBD56E /* JMCCrashTransport.m */ = {isa = PBXFileReference; fileEncoding = 4; lastKnownFileType = sourcecode.c.objc; path = JMCCrashTransport.m; sourceTree = "<group>"; };
		01A71BBF13E5B1E400EBD56E /* JMCIssue.h */ = {isa = PBXFileReference; fileEncoding = 4; lastKnownFileType = sourcecode.c.h; path = JMCIssue.h; sourceTree = "<group>"; };
		01A71BC013E5B1E400EBD56E /* JMCIssue.m */ = {isa = PBXFileReference; fileEncoding = 4; lastKnownFileType = sourcecode.c.objc; path = JMCIssue.m; sourceTree = "<group>"; };
		01A71BC113E5B1E400EBD56E /* JMCIssuePreviewCell.h */ = {isa = PBXFileReference; fileEncoding = 4; lastKnownFileType = sourcecode.c.h; path = JMCIssuePreviewCell.h; sourceTree = "<group>"; };
		01A71BC213E5B1E400EBD56E /* JMCIssuePreviewCell.m */ = {isa = PBXFileReference; fileEncoding = 4; lastKnownFileType = sourcecode.c.objc; path = JMCIssuePreviewCell.m; sourceTree = "<group>"; };
		01A71BC313E5B1E400EBD56E /* JMCIssuePreviewCell.xib */ = {isa = PBXFileReference; fileEncoding = 4; lastKnownFileType = file.xib; path = JMCIssuePreviewCell.xib; sourceTree = "<group>"; };
		01A71BC413E5B1E400EBD56E /* JMCIssueStore.h */ = {isa = PBXFileReference; fileEncoding = 4; lastKnownFileType = sourcecode.c.h; path = JMCIssueStore.h; sourceTree = "<group>"; };
		01A71BC513E5B1E400EBD56E /* JMCIssueStore.m */ = {isa = PBXFileReference; fileEncoding = 4; lastKnownFileType = sourcecode.c.objc; path = JMCIssueStore.m; sourceTree = "<group>"; };
		01A71BC613E5B1E400EBD56E /* JMCIssuesViewController.h */ = {isa = PBXFileReference; fileEncoding = 4; lastKnownFileType = sourcecode.c.h; path = JMCIssuesViewController.h; sourceTree = "<group>"; };
		01A71BC713E5B1E400EBD56E /* JMCIssuesViewController.m */ = {isa = PBXFileReference; fileEncoding = 4; lastKnownFileType = sourcecode.c.objc; path = JMCIssuesViewController.m; sourceTree = "<group>"; };
		01A71BC913E5B1E400EBD56E /* JMCIssueTransport.h */ = {isa = PBXFileReference; fileEncoding = 4; lastKnownFileType = sourcecode.c.h; path = JMCIssueTransport.h; sourceTree = "<group>"; };
		01A71BCA13E5B1E400EBD56E /* JMCIssueTransport.m */ = {isa = PBXFileReference; fileEncoding = 4; lastKnownFileType = sourcecode.c.objc; path = JMCIssueTransport.m; sourceTree = "<group>"; };
		01A71BCB13E5B1E400EBD56E /* JMCIssueViewController.h */ = {isa = PBXFileReference; fileEncoding = 4; lastKnownFileType = sourcecode.c.h; path = JMCIssueViewController.h; sourceTree = "<group>"; };
		01A71BCC13E5B1E400EBD56E /* JMCIssueViewController.m */ = {isa = PBXFileReference; fileEncoding = 4; lastKnownFileType = sourcecode.c.objc; path = JMCIssueViewController.m; sourceTree = "<group>"; };
		01A71BCD13E5B1E400EBD56E /* JMCIssueViewController.xib */ = {isa = PBXFileReference; fileEncoding = 4; lastKnownFileType = file.xib; path = JMCIssueViewController.xib; sourceTree = "<group>"; };
		01A71BCE13E5B1E400EBD56E /* JMCLine.h */ = {isa = PBXFileReference; fileEncoding = 4; lastKnownFileType = sourcecode.c.h; path = JMCLine.h; sourceTree = "<group>"; };
		01A71BCF13E5B1E400EBD56E /* JMCLine.m */ = {isa = PBXFileReference; fileEncoding = 4; lastKnownFileType = sourcecode.c.objc; path = JMCLine.m; sourceTree = "<group>"; };
		01A71BD013E5B1E400EBD56E /* JMCMessageBubble.h */ = {isa = PBXFileReference; fileEncoding = 4; lastKnownFileType = sourcecode.c.h; path = JMCMessageBubble.h; sourceTree = "<group>"; };
		01A71BD113E5B1E400EBD56E /* JMCMessageBubble.m */ = {isa = PBXFileReference; fileEncoding = 4; lastKnownFileType = sourcecode.c.objc; path = JMCMessageBubble.m; sourceTree = "<group>"; };
		01A71BD213E5B1E400EBD56E /* JMCMessageCell.h */ = {isa = PBXFileReference; fileEncoding = 4; lastKnownFileType = sourcecode.c.h; path = JMCMessageCell.h; sourceTree = "<group>"; };
		01A71BD313E5B1E400EBD56E /* JMCMessageCell.m */ = {isa = PBXFileReference; fileEncoding = 4; lastKnownFileType = sourcecode.c.objc; path = JMCMessageCell.m; sourceTree = "<group>"; };
		01A71BD413E5B1E400EBD56E /* JMCNotifier.h */ = {isa = PBXFileReference; fileEncoding = 4; lastKnownFileType = sourcecode.c.h; path = JMCNotifier.h; sourceTree = "<group>"; };
		01A71BD513E5B1E400EBD56E /* JMCNotifier.m */ = {isa = PBXFileReference; fileEncoding = 4; lastKnownFileType = sourcecode.c.objc; path = JMCNotifier.m; sourceTree = "<group>"; };
		01A71BD613E5B1E400EBD56E /* JMCPing.h */ = {isa = PBXFileReference; fileEncoding = 4; lastKnownFileType = sourcecode.c.h; path = JMCPing.h; sourceTree = "<group>"; };
		01A71BD713E5B1E400EBD56E /* JMCPing.m */ = {isa = PBXFileReference; fileEncoding = 4; lastKnownFileType = sourcecode.c.objc; path = JMCPing.m; sourceTree = "<group>"; };
		01A71BD813E5B1E400EBD56E /* JMCRecorder.h */ = {isa = PBXFileReference; fileEncoding = 4; lastKnownFileType = sourcecode.c.h; path = JMCRecorder.h; sourceTree = "<group>"; };
		01A71BD913E5B1E400EBD56E /* JMCRecorder.m */ = {isa = PBXFileReference; fileEncoding = 4; lastKnownFileType = sourcecode.c.objc; path = JMCRecorder.m; sourceTree = "<group>"; };
		01A71BDA13E5B1E400EBD56E /* JMCReplyTransport.h */ = {isa = PBXFileReference; fileEncoding = 4; lastKnownFileType = sourcecode.c.h; path = JMCReplyTransport.h; sourceTree = "<group>"; };
		01A71BDB13E5B1E400EBD56E /* JMCReplyTransport.m */ = {isa = PBXFileReference; fileEncoding = 4; lastKnownFileType = sourcecode.c.objc; path = JMCReplyTransport.m; sourceTree = "<group>"; };
		01A71BDC13E5B1E400EBD56E /* JMCSketch.h */ = {isa = PBXFileReference; fileEncoding = 4; lastKnownFileType = sourcecode.c.h; path = JMCSketch.h; sourceTree = "<group>"; };
		01A71BDD13E5B1E400EBD56E /* JMCSketch.m */ = {isa = PBXFileReference; fileEncoding = 4; lastKnownFileType = sourcecode.c.objc; path = JMCSketch.m; sourceTree = "<group>"; };
		01A71BDE13E5B1E400EBD56E /* JMCSketchContainerView.h */ = {isa = PBXFileReference; fileEncoding = 4; lastKnownFileType = sourcecode.c.h; path = JMCSketchContainerView.h; sourceTree = "<group>"; };
		01A71BDF13E5B1E400EBD56E /* JMCSketchContainerView.m */ = {isa = PBXFileReference; fileEncoding = 4; lastKnownFileType = sourcecode.c.objc; path = JMCSketchContainerView.m; sourceTree = "<group>"; };
		01A71BE013E5B1E400EBD56E /* JMCSketchScrollView.h */ = {isa = PBXFileReference; fileEncoding = 4; lastKnownFileType = sourcecode.c.h; path = JMCSketchScrollView.h; sourceTree = "<group>"; };
		01A71BE113E5B1E400EBD56E /* JMCSketchScrollView.m */ = {isa = PBXFileReference; fileEncoding = 4; lastKnownFileType = sourcecode.c.objc; path = JMCSketchScrollView.m; sourceTree = "<group>"; };
		01A71BE213E5B1E400EBD56E /* JMCSketchView.h */ = {isa = PBXFileReference; fileEncoding = 4; lastKnownFileType = sourcecode.c.h; path = JMCSketchView.h; sourceTree = "<group>"; };
		01A71BE313E5B1E400EBD56E /* JMCSketchView.m */ = {isa = PBXFileReference; fileEncoding = 4; lastKnownFileType = sourcecode.c.objc; path = JMCSketchView.m; sourceTree = "<group>"; };
		01A71BE413E5B1E400EBD56E /* JMCSketchViewController.h */ = {isa = PBXFileReference; fileEncoding = 4; lastKnownFileType = sourcecode.c.h; path = JMCSketchViewController.h; sourceTree = "<group>"; };
		01A71BE513E5B1E400EBD56E /* JMCSketchViewController.m */ = {isa = PBXFileReference; fileEncoding = 4; lastKnownFileType = sourcecode.c.objc; path = JMCSketchViewController.m; sourceTree = "<group>"; };
		01A71BE613E5B1E400EBD56E /* JMCSketchViewController.xib */ = {isa = PBXFileReference; fileEncoding = 4; lastKnownFileType = file.xib; path = JMCSketchViewController.xib; sourceTree = "<group>"; };
		01A71BE713E5B1E400EBD56E /* JMCSketchViewControllerDelegate.h */ = {isa = PBXFileReference; fileEncoding = 4; lastKnownFileType = sourcecode.c.h; path = JMCSketchViewControllerDelegate.h; sourceTree = "<group>"; };
		01A71BE813E5B1E400EBD56E /* JMCTransport.h */ = {isa = PBXFileReference; fileEncoding = 4; lastKnownFileType = sourcecode.c.h; path = JMCTransport.h; sourceTree = "<group>"; };
		01A71BE913E5B1E400EBD56E /* JMCTransport.m */ = {isa = PBXFileReference; fileEncoding = 4; lastKnownFileType = sourcecode.c.objc; path = JMCTransport.m; sourceTree = "<group>"; };
		01A71BEA13E5B1E400EBD56E /* UILabel+VerticalAlign.h */ = {isa = PBXFileReference; fileEncoding = 4; lastKnownFileType = sourcecode.c.h; path = "UILabel+VerticalAlign.h"; sourceTree = "<group>"; };
		01A71BEB13E5B1E400EBD56E /* UILabel+VerticalAlign.m */ = {isa = PBXFileReference; fileEncoding = 4; lastKnownFileType = sourcecode.c.objc; path = "UILabel+VerticalAlign.m"; sourceTree = "<group>"; };
		01A71BEC13E5B1E400EBD56E /* UIView+Additions.h */ = {isa = PBXFileReference; fileEncoding = 4; lastKnownFileType = sourcecode.c.h; path = "UIView+Additions.h"; sourceTree = "<group>"; };
		01A71BED13E5B1E400EBD56E /* UIView+Additions.m */ = {isa = PBXFileReference; fileEncoding = 4; lastKnownFileType = sourcecode.c.objc; path = "UIView+Additions.m"; sourceTree = "<group>"; };
		01A71BEE13E5B1E400EBD56E /* JMC.h */ = {isa = PBXFileReference; fileEncoding = 4; lastKnownFileType = sourcecode.c.h; path = JMC.h; sourceTree = "<group>"; };
		01A71BEF13E5B1E400EBD56E /* JMC.m */ = {isa = PBXFileReference; fileEncoding = 4; lastKnownFileType = sourcecode.c.objc; path = JMC.m; sourceTree = "<group>"; };
		01A71BF013E5B1E400EBD56E /* JMCAttachmentItem.h */ = {isa = PBXFileReference; fileEncoding = 4; lastKnownFileType = sourcecode.c.h; path = JMCAttachmentItem.h; sourceTree = "<group>"; };
		01A71BF113E5B1E400EBD56E /* JMCAttachmentItem.m */ = {isa = PBXFileReference; fileEncoding = 4; lastKnownFileType = sourcecode.c.objc; path = JMCAttachmentItem.m; sourceTree = "<group>"; };
		01A71BF213E5B1E400EBD56E /* JMCCustomDataSource.h */ = {isa = PBXFileReference; fileEncoding = 4; lastKnownFileType = sourcecode.c.h; path = JMCCustomDataSource.h; sourceTree = "<group>"; };
		01A71BF313E5B1E400EBD56E /* JMCMacros.h */ = {isa = PBXFileReference; fileEncoding = 4; lastKnownFileType = sourcecode.c.h; path = JMCMacros.h; sourceTree = "<group>"; };
		01A71BF413E5B1E400EBD56E /* JMCViewController.h */ = {isa = PBXFileReference; fileEncoding = 4; lastKnownFileType = sourcecode.c.h; path = JMCViewController.h; sourceTree = "<group>"; };
		01A71BF513E5B1E400EBD56E /* JMCViewController.m */ = {isa = PBXFileReference; fileEncoding = 4; lastKnownFileType = sourcecode.c.objc; path = JMCViewController.m; sourceTree = "<group>"; };
		01A71BF613E5B1E400EBD56E /* JMCViewController.xib */ = {isa = PBXFileReference; fileEncoding = 4; lastKnownFileType = file.xib; path = JMCViewController.xib; sourceTree = "<group>"; };
		01A71BF913E5B1E400EBD56E /* ASIAuthenticationDialog.h */ = {isa = PBXFileReference; fileEncoding = 4; lastKnownFileType = sourcecode.c.h; path = ASIAuthenticationDialog.h; sourceTree = "<group>"; };
		01A71BFA13E5B1E400EBD56E /* ASIAuthenticationDialog.m */ = {isa = PBXFileReference; fileEncoding = 4; lastKnownFileType = sourcecode.c.objc; path = ASIAuthenticationDialog.m; sourceTree = "<group>"; };
		01A71BFB13E5B1E400EBD56E /* ASICacheDelegate.h */ = {isa = PBXFileReference; fileEncoding = 4; lastKnownFileType = sourcecode.c.h; path = ASICacheDelegate.h; sourceTree = "<group>"; };
		01A71BFC13E5B1E400EBD56E /* ASIDownloadCache.h */ = {isa = PBXFileReference; fileEncoding = 4; lastKnownFileType = sourcecode.c.h; path = ASIDownloadCache.h; sourceTree = "<group>"; };
		01A71BFD13E5B1E400EBD56E /* ASIDownloadCache.m */ = {isa = PBXFileReference; fileEncoding = 4; lastKnownFileType = sourcecode.c.objc; path = ASIDownloadCache.m; sourceTree = "<group>"; };
		01A71BFE13E5B1E400EBD56E /* ASIFormDataRequest.h */ = {isa = PBXFileReference; fileEncoding = 4; lastKnownFileType = sourcecode.c.h; path = ASIFormDataRequest.h; sourceTree = "<group>"; };
		01A71BFF13E5B1E400EBD56E /* ASIFormDataRequest.m */ = {isa = PBXFileReference; fileEncoding = 4; lastKnownFileType = sourcecode.c.objc; path = ASIFormDataRequest.m; sourceTree = "<group>"; };
		01A71C0013E5B1E400EBD56E /* ASIHTTPRequest.h */ = {isa = PBXFileReference; fileEncoding = 4; lastKnownFileType = sourcecode.c.h; path = ASIHTTPRequest.h; sourceTree = "<group>"; };
		01A71C0113E5B1E400EBD56E /* ASIHTTPRequest.m */ = {isa = PBXFileReference; fileEncoding = 4; lastKnownFileType = sourcecode.c.objc; path = ASIHTTPRequest.m; sourceTree = "<group>"; };
		01A71C0213E5B1E400EBD56E /* ASIHTTPRequestConfig.h */ = {isa = PBXFileReference; fileEncoding = 4; lastKnownFileType = sourcecode.c.h; path = ASIHTTPRequestConfig.h; sourceTree = "<group>"; };
		01A71C0313E5B1E400EBD56E /* ASIHTTPRequestDelegate.h */ = {isa = PBXFileReference; fileEncoding = 4; lastKnownFileType = sourcecode.c.h; path = ASIHTTPRequestDelegate.h; sourceTree = "<group>"; };
		01A71C0413E5B1E400EBD56E /* ASIInputStream.h */ = {isa = PBXFileReference; fileEncoding = 4; lastKnownFileType = sourcecode.c.h; path = ASIInputStream.h; sourceTree = "<group>"; };
		01A71C0513E5B1E400EBD56E /* ASIInputStream.m */ = {isa = PBXFileReference; fileEncoding = 4; lastKnownFileType = sourcecode.c.objc; path = ASIInputStream.m; sourceTree = "<group>"; };
		01A71C0613E5B1E400EBD56E /* ASINetworkQueue.h */ = {isa = PBXFileReference; fileEncoding = 4; lastKnownFileType = sourcecode.c.h; path = ASINetworkQueue.h; sourceTree = "<group>"; };
		01A71C0713E5B1E400EBD56E /* ASINetworkQueue.m */ = {isa = PBXFileReference; fileEncoding = 4; lastKnownFileType = sourcecode.c.objc; path = ASINetworkQueue.m; sourceTree = "<group>"; };
		01A71C0813E5B1E400EBD56E /* ASIProgressDelegate.h */ = {isa = PBXFileReference; fileEncoding = 4; lastKnownFileType = sourcecode.c.h; path = ASIProgressDelegate.h; sourceTree = "<group>"; };
		01A71C0913E5B1E400EBD56E /* Reachability.h */ = {isa = PBXFileReference; fileEncoding = 4; lastKnownFileType = sourcecode.c.h; path = Reachability.h; sourceTree = "<group>"; };
		01A71C0A13E5B1E400EBD56E /* Reachability.m */ = {isa = PBXFileReference; fileEncoding = 4; lastKnownFileType = sourcecode.c.objc; path = Reachability.m; sourceTree = "<group>"; };
		01A71C0B13E5B1E400EBD56E /* CrashReporter.framework */ = {isa = PBXFileReference; lastKnownFileType = wrapper.framework; path = CrashReporter.framework; sourceTree = "<group>"; };
		01A71C0C13E5B1E400EBD56E /* CRVActivityView.h */ = {isa = PBXFileReference; fileEncoding = 4; lastKnownFileType = sourcecode.c.h; path = CRVActivityView.h; sourceTree = "<group>"; };
		01A71C0D13E5B1E400EBD56E /* CRVActivityView.m */ = {isa = PBXFileReference; fileEncoding = 4; lastKnownFileType = sourcecode.c.objc; path = CRVActivityView.m; sourceTree = "<group>"; };
		01A71C0F13E5B1E400EBD56E /* CONTRIBUTORS.txt */ = {isa = PBXFileReference; fileEncoding = 4; lastKnownFileType = text; path = CONTRIBUTORS.txt; sourceTree = "<group>"; };
		01A71C1013E5B1E400EBD56E /* LICENSE.txt */ = {isa = PBXFileReference; fileEncoding = 4; lastKnownFileType = text; path = LICENSE.txt; sourceTree = "<group>"; };
		01A71C1213E5B1E400EBD56E /* FMDatabase.h */ = {isa = PBXFileReference; fileEncoding = 4; lastKnownFileType = sourcecode.c.h; path = FMDatabase.h; sourceTree = "<group>"; };
		01A71C1313E5B1E400EBD56E /* FMDatabase.m */ = {isa = PBXFileReference; fileEncoding = 4; lastKnownFileType = sourcecode.c.objc; path = FMDatabase.m; sourceTree = "<group>"; };
		01A71C1413E5B1E400EBD56E /* FMDatabaseAdditions.h */ = {isa = PBXFileReference; fileEncoding = 4; lastKnownFileType = sourcecode.c.h; path = FMDatabaseAdditions.h; sourceTree = "<group>"; };
		01A71C1513E5B1E400EBD56E /* FMDatabaseAdditions.m */ = {isa = PBXFileReference; fileEncoding = 4; lastKnownFileType = sourcecode.c.objc; path = FMDatabaseAdditions.m; sourceTree = "<group>"; };
		01A71C1613E5B1E400EBD56E /* FMResultSet.h */ = {isa = PBXFileReference; fileEncoding = 4; lastKnownFileType = sourcecode.c.h; path = FMResultSet.h; sourceTree = "<group>"; };
		01A71C1713E5B1E400EBD56E /* FMResultSet.m */ = {isa = PBXFileReference; fileEncoding = 4; lastKnownFileType = sourcecode.c.objc; path = FMResultSet.m; sourceTree = "<group>"; };
		01A71C1913E5B1E400EBD56E /* JSON.h */ = {isa = PBXFileReference; fileEncoding = 4; lastKnownFileType = sourcecode.c.h; path = JSON.h; sourceTree = "<group>"; };
		01A71C1A13E5B1E400EBD56E /* NSObject+SBJSON.h */ = {isa = PBXFileReference; fileEncoding = 4; lastKnownFileType = sourcecode.c.h; path = "NSObject+SBJSON.h"; sourceTree = "<group>"; };
		01A71C1B13E5B1E400EBD56E /* NSObject+SBJSON.m */ = {isa = PBXFileReference; fileEncoding = 4; lastKnownFileType = sourcecode.c.objc; path = "NSObject+SBJSON.m"; sourceTree = "<group>"; };
		01A71C1C13E5B1E400EBD56E /* NSString+SBJSON.h */ = {isa = PBXFileReference; fileEncoding = 4; lastKnownFileType = sourcecode.c.h; path = "NSString+SBJSON.h"; sourceTree = "<group>"; };
		01A71C1D13E5B1E400EBD56E /* NSString+SBJSON.m */ = {isa = PBXFileReference; fileEncoding = 4; lastKnownFileType = sourcecode.c.objc; path = "NSString+SBJSON.m"; sourceTree = "<group>"; };
		01A71C1E13E5B1E400EBD56E /* SBJsonBase.h */ = {isa = PBXFileReference; fileEncoding = 4; lastKnownFileType = sourcecode.c.h; path = SBJsonBase.h; sourceTree = "<group>"; };
		01A71C1F13E5B1E400EBD56E /* SBJsonBase.m */ = {isa = PBXFileReference; fileEncoding = 4; lastKnownFileType = sourcecode.c.objc; path = SBJsonBase.m; sourceTree = "<group>"; };
		01A71C2013E5B1E400EBD56E /* SBJsonParser.h */ = {isa = PBXFileReference; fileEncoding = 4; lastKnownFileType = sourcecode.c.h; path = SBJsonParser.h; sourceTree = "<group>"; };
		01A71C2113E5B1E400EBD56E /* SBJsonParser.m */ = {isa = PBXFileReference; fileEncoding = 4; lastKnownFileType = sourcecode.c.objc; path = SBJsonParser.m; sourceTree = "<group>"; };
		01A71C2213E5B1E400EBD56E /* SBJsonWriter.h */ = {isa = PBXFileReference; fileEncoding = 4; lastKnownFileType = sourcecode.c.h; path = SBJsonWriter.h; sourceTree = "<group>"; };
		01A71C2313E5B1E400EBD56E /* SBJsonWriter.m */ = {isa = PBXFileReference; fileEncoding = 4; lastKnownFileType = sourcecode.c.objc; path = SBJsonWriter.m; sourceTree = "<group>"; };
		01A71C2413E5B1E400EBD56E /* UIImage+Alpha.h */ = {isa = PBXFileReference; fileEncoding = 4; lastKnownFileType = sourcecode.c.h; path = "UIImage+Alpha.h"; sourceTree = "<group>"; };
		01A71C2513E5B1E400EBD56E /* UIImage+Alpha.m */ = {isa = PBXFileReference; fileEncoding = 4; lastKnownFileType = sourcecode.c.objc; path = "UIImage+Alpha.m"; sourceTree = "<group>"; };
		01A71C2613E5B1E400EBD56E /* UIImage+Resize.h */ = {isa = PBXFileReference; fileEncoding = 4; lastKnownFileType = sourcecode.c.h; path = "UIImage+Resize.h"; sourceTree = "<group>"; };
		01A71C2713E5B1E400EBD56E /* UIImage+Resize.m */ = {isa = PBXFileReference; fileEncoding = 4; lastKnownFileType = sourcecode.c.objc; path = "UIImage+Resize.m"; sourceTree = "<group>"; };
		01A71C2813E5B1E400EBD56E /* UIImage+RoundedCorner.h */ = {isa = PBXFileReference; fileEncoding = 4; lastKnownFileType = sourcecode.c.h; path = "UIImage+RoundedCorner.h"; sourceTree = "<group>"; };
		01A71C2913E5B1E400EBD56E /* UIImage+RoundedCorner.m */ = {isa = PBXFileReference; fileEncoding = 4; lastKnownFileType = sourcecode.c.objc; path = "UIImage+RoundedCorner.m"; sourceTree = "<group>"; };
		01A71C2B13E5B1E400EBD56E /* Balloon_1.png */ = {isa = PBXFileReference; lastKnownFileType = image.png; path = Balloon_1.png; sourceTree = "<group>"; };
		01A71C2C13E5B1E400EBD56E /* Balloon_2.png */ = {isa = PBXFileReference; lastKnownFileType = image.png; path = Balloon_2.png; sourceTree = "<group>"; };
		01A71C2D13E5B1E400EBD56E /* bluedot.png */ = {isa = PBXFileReference; lastKnownFileType = image.png; path = bluedot.png; sourceTree = "<group>"; };
		01A71C2E13E5B1E400EBD56E /* button_base.png */ = {isa = PBXFileReference; lastKnownFileType = image.png; path = button_base.png; sourceTree = "<group>"; };
		01A71C2F13E5B1E400EBD56E /* button_base@2x.png */ = {isa = PBXFileReference; lastKnownFileType = image.png; path = "button_base@2x.png"; sourceTree = "<group>"; };
		01A71C3013E5B1E400EBD56E /* cancel.png */ = {isa = PBXFileReference; lastKnownFileType = image.png; path = cancel.png; sourceTree = "<group>"; };
		01A71C3213E5B1E400EBD56E /* de */ = {isa = PBXFileReference; lastKnownFileType = text.plist.strings; name = de; path = de.lproj/JMCLocalizable.strings; sourceTree = "<group>"; };
		01A71C3313E5B1E400EBD56E /* en */ = {isa = PBXFileReference; lastKnownFileType = text.plist.strings; name = en; path = en.lproj/JMCLocalizable.strings; sourceTree = "<group>"; };
		01A71C3413E5B1E400EBD56E /* icon_capture.png */ = {isa = PBXFileReference; lastKnownFileType = image.png; path = icon_capture.png; sourceTree = "<group>"; };
		01A71C3513E5B1E400EBD56E /* icon_capture@2x.png */ = {isa = PBXFileReference; lastKnownFileType = image.png; path = "icon_capture@2x.png"; sourceTree = "<group>"; };
		01A71C3613E5B1E400EBD56E /* icon_record.png */ = {isa = PBXFileReference; lastKnownFileType = image.png; path = icon_record.png; sourceTree = "<group>"; };
		01A71C3713E5B1E400EBD56E /* icon_record@2x.png */ = {isa = PBXFileReference; lastKnownFileType = image.png; path = "icon_record@2x.png"; sourceTree = "<group>"; };
		01A71C3813E5B1E400EBD56E /* icon_record_1.png */ = {isa = PBXFileReference; lastKnownFileType = image.png; path = icon_record_1.png; sourceTree = "<group>"; };
		01A71C3913E5B1E400EBD56E /* icon_record_1@2x.png */ = {isa = PBXFileReference; lastKnownFileType = image.png; path = "icon_record_1@2x.png"; sourceTree = "<group>"; };
		01A71C3A13E5B1E400EBD56E /* icon_record_2.png */ = {isa = PBXFileReference; lastKnownFileType = image.png; path = icon_record_2.png; sourceTree = "<group>"; };
		01A71C3B13E5B1E400EBD56E /* icon_record_2@2x.png */ = {isa = PBXFileReference; lastKnownFileType = image.png; path = "icon_record_2@2x.png"; sourceTree = "<group>"; };
		01A71C3C13E5B1E400EBD56E /* icon_record_3.png */ = {isa = PBXFileReference; lastKnownFileType = image.png; path = icon_record_3.png; sourceTree = "<group>"; };
		01A71C3D13E5B1E400EBD56E /* icon_record_3@2x.png */ = {isa = PBXFileReference; lastKnownFileType = image.png; path = "icon_record_3@2x.png"; sourceTree = "<group>"; };
		01A71C3E13E5B1E400EBD56E /* icon_record_4.png */ = {isa = PBXFileReference; lastKnownFileType = image.png; path = icon_record_4.png; sourceTree = "<group>"; };
		01A71C3F13E5B1E400EBD56E /* icon_record_4@2x.png */ = {isa = PBXFileReference; lastKnownFileType = image.png; path = "icon_record_4@2x.png"; sourceTree = "<group>"; };
		01A71C4013E5B1E400EBD56E /* icon_record_5.png */ = {isa = PBXFileReference; lastKnownFileType = image.png; path = icon_record_5.png; sourceTree = "<group>"; };
		01A71C4113E5B1E400EBD56E /* icon_record_5@2x.png */ = {isa = PBXFileReference; lastKnownFileType = image.png; path = "icon_record_5@2x.png"; sourceTree = "<group>"; };
		01A71C4213E5B1E400EBD56E /* icon_record_6.png */ = {isa = PBXFileReference; lastKnownFileType = image.png; path = icon_record_6.png; sourceTree = "<group>"; };
		01A71C4313E5B1E400EBD56E /* icon_record_6@2x.png */ = {isa = PBXFileReference; lastKnownFileType = image.png; path = "icon_record_6@2x.png"; sourceTree = "<group>"; };
		01A71C4413E5B1E400EBD56E /* icon_record_7.png */ = {isa = PBXFileReference; lastKnownFileType = image.png; path = icon_record_7.png; sourceTree = "<group>"; };
		01A71C4513E5B1E400EBD56E /* icon_record_7@2x.png */ = {isa = PBXFileReference; lastKnownFileType = image.png; path = "icon_record_7@2x.png"; sourceTree = "<group>"; };
		01A71C4613E5B1E400EBD56E /* icon_record_8.png */ = {isa = PBXFileReference; lastKnownFileType = image.png; path = icon_record_8.png; sourceTree = "<group>"; };
		01A71C4713E5B1E400EBD56E /* icon_record_8@2x.png */ = {isa = PBXFileReference; lastKnownFileType = image.png; path = "icon_record_8@2x.png"; sourceTree = "<group>"; };
		01A71C4813E5B1E400EBD56E /* icon_record_active.png */ = {isa = PBXFileReference; lastKnownFileType = image.png; path = icon_record_active.png; sourceTree = "<group>"; };
		01A71C4913E5B1E400EBD56E /* icon_record_active@2x.png */ = {isa = PBXFileReference; lastKnownFileType = image.png; path = "icon_record_active@2x.png"; sourceTree = "<group>"; };
		01A71C4A13E5B1E400EBD56E /* icon_record_pulse.png */ = {isa = PBXFileReference; lastKnownFileType = image.png; path = icon_record_pulse.png; sourceTree = "<group>"; };
		01A71C4B13E5B1E400EBD56E /* icon_record_pulse@2x.png */ = {isa = PBXFileReference; lastKnownFileType = image.png; path = "icon_record_pulse@2x.png"; sourceTree = "<group>"; };
		01A71C4C13E5B1E400EBD56E /* writeareply.png */ = {isa = PBXFileReference; lastKnownFileType = image.png; path = writeareply.png; sourceTree = "<group>"; };
		01E90AB7139AE741002CA0D9 /* Angry Nerds.app */ = {isa = PBXFileReference; explicitFileType = wrapper.application; includeInIndex = 0; path = "Angry Nerds.app"; sourceTree = BUILT_PRODUCTS_DIR; };
		01E90ABB139AE741002CA0D9 /* UIKit.framework */ = {isa = PBXFileReference; lastKnownFileType = wrapper.framework; name = UIKit.framework; path = System/Library/Frameworks/UIKit.framework; sourceTree = SDKROOT; };
		01E90ABD139AE741002CA0D9 /* Foundation.framework */ = {isa = PBXFileReference; lastKnownFileType = wrapper.framework; name = Foundation.framework; path = System/Library/Frameworks/Foundation.framework; sourceTree = SDKROOT; };
		01E90ABF139AE741002CA0D9 /* CoreGraphics.framework */ = {isa = PBXFileReference; lastKnownFileType = wrapper.framework; name = CoreGraphics.framework; path = System/Library/Frameworks/CoreGraphics.framework; sourceTree = SDKROOT; };
		01E90AC3139AE741002CA0D9 /* AngryNerds2-Info.plist */ = {isa = PBXFileReference; lastKnownFileType = text.plist.xml; path = "AngryNerds2-Info.plist"; sourceTree = "<group>"; };
		01E90AC5139AE741002CA0D9 /* en */ = {isa = PBXFileReference; lastKnownFileType = text.plist.strings; name = en; path = en.lproj/InfoPlist.strings; sourceTree = "<group>"; };
		01E90AC7139AE741002CA0D9 /* AngryNerds2-Prefix.pch */ = {isa = PBXFileReference; lastKnownFileType = sourcecode.c.h; path = "AngryNerds2-Prefix.pch"; sourceTree = "<group>"; };
		01E90AC8139AE741002CA0D9 /* main.m */ = {isa = PBXFileReference; lastKnownFileType = sourcecode.c.objc; path = main.m; sourceTree = "<group>"; };
		01E90BE2139AE940002CA0D9 /* AVFoundation.framework */ = {isa = PBXFileReference; lastKnownFileType = wrapper.framework; name = AVFoundation.framework; path = System/Library/Frameworks/AVFoundation.framework; sourceTree = SDKROOT; };
		01E90BE4139AE948002CA0D9 /* CFNetwork.framework */ = {isa = PBXFileReference; lastKnownFileType = wrapper.framework; name = CFNetwork.framework; path = System/Library/Frameworks/CFNetwork.framework; sourceTree = SDKROOT; };
		01E90BE6139AE950002CA0D9 /* SystemConfiguration.framework */ = {isa = PBXFileReference; lastKnownFileType = wrapper.framework; name = SystemConfiguration.framework; path = System/Library/Frameworks/SystemConfiguration.framework; sourceTree = SDKROOT; };
		01E90BE8139AE956002CA0D9 /* MobileCoreServices.framework */ = {isa = PBXFileReference; lastKnownFileType = wrapper.framework; name = MobileCoreServices.framework; path = System/Library/Frameworks/MobileCoreServices.framework; sourceTree = SDKROOT; };
		01E90BEA139AE95D002CA0D9 /* CoreGraphics.framework */ = {isa = PBXFileReference; lastKnownFileType = wrapper.framework; name = CoreGraphics.framework; path = System/Library/Frameworks/CoreGraphics.framework; sourceTree = SDKROOT; };
		01E90BEB139AE964002CA0D9 /* CoreLocation.framework */ = {isa = PBXFileReference; lastKnownFileType = wrapper.framework; name = CoreLocation.framework; path = System/Library/Frameworks/CoreLocation.framework; sourceTree = SDKROOT; };
		01E90BED139AE96A002CA0D9 /* libz.1.2.3.dylib */ = {isa = PBXFileReference; lastKnownFileType = "compiled.mach-o.dylib"; name = libz.1.2.3.dylib; path = usr/lib/libz.1.2.3.dylib; sourceTree = SDKROOT; };
		01E90BF7139AE9ED002CA0D9 /* QuartzCore.framework */ = {isa = PBXFileReference; lastKnownFileType = wrapper.framework; name = QuartzCore.framework; path = System/Library/Frameworks/QuartzCore.framework; sourceTree = SDKROOT; };
		F810BC52139B7C6200D50844 /* CrashReporter.framework */ = {isa = PBXFileReference; lastKnownFileType = wrapper.framework; name = CrashReporter.framework; path = ../../JIRAConnect/JCOClasses/Libraries/CrashReporter.framework; sourceTree = "<group>"; };
		F8B80539139B573000EC5AD4 /* AngryNerdsAppDelegate.h */ = {isa = PBXFileReference; fileEncoding = 4; lastKnownFileType = sourcecode.c.h; name = AngryNerdsAppDelegate.h; path = Classes/AngryNerdsAppDelegate.h; sourceTree = "<group>"; };
		F8B8053A139B573000EC5AD4 /* AngryNerdsAppDelegate.m */ = {isa = PBXFileReference; fileEncoding = 4; lastKnownFileType = sourcecode.c.objc; name = AngryNerdsAppDelegate.m; path = Classes/AngryNerdsAppDelegate.m; sourceTree = "<group>"; };
		F8B8053B139B573000EC5AD4 /* AngryNerdsViewController.h */ = {isa = PBXFileReference; fileEncoding = 4; lastKnownFileType = sourcecode.c.h; name = AngryNerdsViewController.h; path = Classes/AngryNerdsViewController.h; sourceTree = "<group>"; };
		F8B8053C139B573000EC5AD4 /* AngryNerdsViewController.m */ = {isa = PBXFileReference; fileEncoding = 4; lastKnownFileType = sourcecode.c.objc; name = AngryNerdsViewController.m; path = Classes/AngryNerdsViewController.m; sourceTree = "<group>"; };
		F8B8053D139B573000EC5AD4 /* AngryNerdsViewController.xib */ = {isa = PBXFileReference; fileEncoding = 4; lastKnownFileType = file.xib; name = AngryNerdsViewController.xib; path = Classes/AngryNerdsViewController.xib; sourceTree = "<group>"; };
		F8B80541139B574300EC5AD4 /* aeron.png */ = {isa = PBXFileReference; lastKnownFileType = image.png; name = aeron.png; path = AngryNerds2/Resources/aeron.png; sourceTree = SOURCE_ROOT; };
		F8B80542139B574300EC5AD4 /* angrynerds.png */ = {isa = PBXFileReference; lastKnownFileType = image.png; name = angrynerds.png; path = AngryNerds2/Resources/angrynerds.png; sourceTree = SOURCE_ROOT; };
		F8B80543139B574300EC5AD4 /* bgGame1.png */ = {isa = PBXFileReference; lastKnownFileType = image.png; name = bgGame1.png; path = AngryNerds2/Resources/bgGame1.png; sourceTree = SOURCE_ROOT; };
		F8B80544139B574300EC5AD4 /* bgGame1x.png */ = {isa = PBXFileReference; lastKnownFileType = image.png; name = bgGame1x.png; path = AngryNerds2/Resources/bgGame1x.png; sourceTree = SOURCE_ROOT; };
		F8B80545139B574300EC5AD4 /* Connect_logo_48x48.png */ = {isa = PBXFileReference; lastKnownFileType = image.png; name = Connect_logo_48x48.png; path = AngryNerds2/Resources/Connect_logo_48x48.png; sourceTree = SOURCE_ROOT; };
		F8B80546139B574300EC5AD4 /* Default.png */ = {isa = PBXFileReference; lastKnownFileType = image.png; name = Default.png; path = AngryNerds2/Resources/Default.png; sourceTree = SOURCE_ROOT; };
		F8B80547139B574300EC5AD4 /* Default@2x.png */ = {isa = PBXFileReference; lastKnownFileType = image.png; name = "Default@2x.png"; path = "AngryNerds2/Resources/Default@2x.png"; sourceTree = SOURCE_ROOT; };
		F8B80548139B574300EC5AD4 /* frontend_blink.png */ = {isa = PBXFileReference; lastKnownFileType = image.png; name = frontend_blink.png; path = AngryNerds2/Resources/frontend_blink.png; sourceTree = SOURCE_ROOT; };
		F8B80549139B574300EC5AD4 /* frontend.png */ = {isa = PBXFileReference; lastKnownFileType = image.png; name = frontend.png; path = AngryNerds2/Resources/frontend.png; sourceTree = SOURCE_ROOT; };
		F8B8054A139B574300EC5AD4 /* Icon.png */ = {isa = PBXFileReference; lastKnownFileType = image.png; name = Icon.png; path = AngryNerds2/Resources/Icon.png; sourceTree = SOURCE_ROOT; };
		F8B8054B139B574300EC5AD4 /* MainWindow.xib */ = {isa = PBXFileReference; fileEncoding = 4; lastKnownFileType = file.xib; name = MainWindow.xib; path = AngryNerds2/Resources/MainWindow.xib; sourceTree = SOURCE_ROOT; };
/* End PBXFileReference section */

/* Begin PBXFrameworksBuildPhase section */
		01E90AB4139AE741002CA0D9 /* Frameworks */ = {
			isa = PBXFrameworksBuildPhase;
			buildActionMask = 2147483647;
			files = (
				013A580A141C6F9C00B590E2 /* libz.1.2.5.dylib in Frameworks */,
				0140735B13AF35C3008A28C0 /* libsqlite3.dylib in Frameworks */,
				F810BC53139B7C6200D50844 /* CrashReporter.framework in Frameworks */,
				01E90BF8139AE9ED002CA0D9 /* QuartzCore.framework in Frameworks */,
				01E90BEC139AE964002CA0D9 /* CoreLocation.framework in Frameworks */,
				01E90AC0139AE741002CA0D9 /* CoreGraphics.framework in Frameworks */,
				01E90BE9139AE956002CA0D9 /* MobileCoreServices.framework in Frameworks */,
				01E90BE7139AE950002CA0D9 /* SystemConfiguration.framework in Frameworks */,
				01E90BE5139AE948002CA0D9 /* CFNetwork.framework in Frameworks */,
				01E90BE3139AE940002CA0D9 /* AVFoundation.framework in Frameworks */,
				01E90ABC139AE741002CA0D9 /* UIKit.framework in Frameworks */,
				01E90ABE139AE741002CA0D9 /* Foundation.framework in Frameworks */,
				01A71C7513E5B1E500EBD56E /* CrashReporter.framework in Frameworks */,
			);
			runOnlyForDeploymentPostprocessing = 0;
		};
/* End PBXFrameworksBuildPhase section */

/* Begin PBXGroup section */
		01A71BB413E5B1E400EBD56E /* JMCClasses */ = {
			isa = PBXGroup;
			children = (
				01A71BB513E5B1E400EBD56E /* Core */,
				01A71BEE13E5B1E400EBD56E /* JMC.h */,
				01A71BEF13E5B1E400EBD56E /* JMC.m */,
				01A71BF013E5B1E400EBD56E /* JMCAttachmentItem.h */,
				01A71BF113E5B1E400EBD56E /* JMCAttachmentItem.m */,
				01A71BF213E5B1E400EBD56E /* JMCCustomDataSource.h */,
				01A71BF313E5B1E400EBD56E /* JMCMacros.h */,
				01A71BF413E5B1E400EBD56E /* JMCViewController.h */,
				01A71BF513E5B1E400EBD56E /* JMCViewController.m */,
				01A71BF613E5B1E400EBD56E /* JMCViewController.xib */,
				01A71BF713E5B1E400EBD56E /* Libraries */,
				01A71C2A13E5B1E400EBD56E /* Resources */,
			);
			name = JMCClasses;
			path = ../../../JIRAConnect/JMCClasses;
			sourceTree = "<group>";
		};
		01A71BB513E5B1E400EBD56E /* Core */ = {
			isa = PBXGroup;
			children = (
				01A71BB613E5B1E400EBD56E /* CrashReporter */,
				01A71BB913E5B1E400EBD56E /* JMCComment.h */,
				01A71BBA13E5B1E400EBD56E /* JMCComment.m */,
				01A71BBB13E5B1E400EBD56E /* JMCCrashSender.h */,
				01A71BBC13E5B1E400EBD56E /* JMCCrashSender.m */,
				01A71BBD13E5B1E400EBD56E /* JMCCrashTransport.h */,
				01A71BBE13E5B1E400EBD56E /* JMCCrashTransport.m */,
				01A71BBF13E5B1E400EBD56E /* JMCIssue.h */,
				01A71BC013E5B1E400EBD56E /* JMCIssue.m */,
				01A71BC113E5B1E400EBD56E /* JMCIssuePreviewCell.h */,
				01A71BC213E5B1E400EBD56E /* JMCIssuePreviewCell.m */,
				01A71BC313E5B1E400EBD56E /* JMCIssuePreviewCell.xib */,
				01A71BC413E5B1E400EBD56E /* JMCIssueStore.h */,
				01A71BC513E5B1E400EBD56E /* JMCIssueStore.m */,
				01A71BC613E5B1E400EBD56E /* JMCIssuesViewController.h */,
				01A71BC713E5B1E400EBD56E /* JMCIssuesViewController.m */,
				01A71BC913E5B1E400EBD56E /* JMCIssueTransport.h */,
				01A71BCA13E5B1E400EBD56E /* JMCIssueTransport.m */,
				01A71BCB13E5B1E400EBD56E /* JMCIssueViewController.h */,
				01A71BCC13E5B1E400EBD56E /* JMCIssueViewController.m */,
				01A71BCD13E5B1E400EBD56E /* JMCIssueViewController.xib */,
				01A71BCE13E5B1E400EBD56E /* JMCLine.h */,
				01A71BCF13E5B1E400EBD56E /* JMCLine.m */,
				01A71BD013E5B1E400EBD56E /* JMCMessageBubble.h */,
				01A71BD113E5B1E400EBD56E /* JMCMessageBubble.m */,
				01A71BD213E5B1E400EBD56E /* JMCMessageCell.h */,
				01A71BD313E5B1E400EBD56E /* JMCMessageCell.m */,
				01A71BD413E5B1E400EBD56E /* JMCNotifier.h */,
				01A71BD513E5B1E400EBD56E /* JMCNotifier.m */,
				01A71BD613E5B1E400EBD56E /* JMCPing.h */,
				01A71BD713E5B1E400EBD56E /* JMCPing.m */,
				01A71BD813E5B1E400EBD56E /* JMCRecorder.h */,
				01A71BD913E5B1E400EBD56E /* JMCRecorder.m */,
				01A71BDA13E5B1E400EBD56E /* JMCReplyTransport.h */,
				01A71BDB13E5B1E400EBD56E /* JMCReplyTransport.m */,
				01A71BDC13E5B1E400EBD56E /* JMCSketch.h */,
				01A71BDD13E5B1E400EBD56E /* JMCSketch.m */,
				01A71BDE13E5B1E400EBD56E /* JMCSketchContainerView.h */,
				01A71BDF13E5B1E400EBD56E /* JMCSketchContainerView.m */,
				01A71BE013E5B1E400EBD56E /* JMCSketchScrollView.h */,
				01A71BE113E5B1E400EBD56E /* JMCSketchScrollView.m */,
				01A71BE213E5B1E400EBD56E /* JMCSketchView.h */,
				01A71BE313E5B1E400EBD56E /* JMCSketchView.m */,
				01A71BE413E5B1E400EBD56E /* JMCSketchViewController.h */,
				01A71BE513E5B1E400EBD56E /* JMCSketchViewController.m */,
				01A71BE613E5B1E400EBD56E /* JMCSketchViewController.xib */,
				01A71BE713E5B1E400EBD56E /* JMCSketchViewControllerDelegate.h */,
				01A71BE813E5B1E400EBD56E /* JMCTransport.h */,
				01A71BE913E5B1E400EBD56E /* JMCTransport.m */,
				01A71BEA13E5B1E400EBD56E /* UILabel+VerticalAlign.h */,
				01A71BEB13E5B1E400EBD56E /* UILabel+VerticalAlign.m */,
				01A71BEC13E5B1E400EBD56E /* UIView+Additions.h */,
				01A71BED13E5B1E400EBD56E /* UIView+Additions.m */,
			);
			path = Core;
			sourceTree = "<group>";
		};
		01A71BB613E5B1E400EBD56E /* CrashReporter */ = {
			isa = PBXGroup;
			children = (
				01A71BB713E5B1E400EBD56E /* CrashReporter.h */,
				01A71BB813E5B1E400EBD56E /* CrashReporter.m */,
			);
			path = CrashReporter;
			sourceTree = "<group>";
		};
		01A71BF713E5B1E400EBD56E /* Libraries */ = {
			isa = PBXGroup;
			children = (
				01A71BF813E5B1E400EBD56E /* ASIHTTP */,
				01A71C0B13E5B1E400EBD56E /* CrashReporter.framework */,
				01A71C0C13E5B1E400EBD56E /* CRVActivityView.h */,
				01A71C0D13E5B1E400EBD56E /* CRVActivityView.m */,
				01A71C0E13E5B1E400EBD56E /* FMDB */,
				01A71C1813E5B1E400EBD56E /* JSON */,
				01A71C2413E5B1E400EBD56E /* UIImage+Alpha.h */,
				01A71C2513E5B1E400EBD56E /* UIImage+Alpha.m */,
				01A71C2613E5B1E400EBD56E /* UIImage+Resize.h */,
				01A71C2713E5B1E400EBD56E /* UIImage+Resize.m */,
				01A71C2813E5B1E400EBD56E /* UIImage+RoundedCorner.h */,
				01A71C2913E5B1E400EBD56E /* UIImage+RoundedCorner.m */,
			);
			path = Libraries;
			sourceTree = "<group>";
		};
		01A71BF813E5B1E400EBD56E /* ASIHTTP */ = {
			isa = PBXGroup;
			children = (
				01A71BF913E5B1E400EBD56E /* ASIAuthenticationDialog.h */,
				01A71BFA13E5B1E400EBD56E /* ASIAuthenticationDialog.m */,
				01A71BFB13E5B1E400EBD56E /* ASICacheDelegate.h */,
				01A71BFC13E5B1E400EBD56E /* ASIDownloadCache.h */,
				01A71BFD13E5B1E400EBD56E /* ASIDownloadCache.m */,
				01A71BFE13E5B1E400EBD56E /* ASIFormDataRequest.h */,
				01A71BFF13E5B1E400EBD56E /* ASIFormDataRequest.m */,
				01A71C0013E5B1E400EBD56E /* ASIHTTPRequest.h */,
				01A71C0113E5B1E400EBD56E /* ASIHTTPRequest.m */,
				01A71C0213E5B1E400EBD56E /* ASIHTTPRequestConfig.h */,
				01A71C0313E5B1E400EBD56E /* ASIHTTPRequestDelegate.h */,
				01A71C0413E5B1E400EBD56E /* ASIInputStream.h */,
				01A71C0513E5B1E400EBD56E /* ASIInputStream.m */,
				01A71C0613E5B1E400EBD56E /* ASINetworkQueue.h */,
				01A71C0713E5B1E400EBD56E /* ASINetworkQueue.m */,
				01A71C0813E5B1E400EBD56E /* ASIProgressDelegate.h */,
				01A71C0913E5B1E400EBD56E /* Reachability.h */,
				01A71C0A13E5B1E400EBD56E /* Reachability.m */,
			);
			path = ASIHTTP;
			sourceTree = "<group>";
		};
		01A71C0E13E5B1E400EBD56E /* FMDB */ = {
			isa = PBXGroup;
			children = (
				01A71C0F13E5B1E400EBD56E /* CONTRIBUTORS.txt */,
				01A71C1013E5B1E400EBD56E /* LICENSE.txt */,
				01A71C1113E5B1E400EBD56E /* src */,
			);
			path = FMDB;
			sourceTree = "<group>";
		};
		01A71C1113E5B1E400EBD56E /* src */ = {
			isa = PBXGroup;
			children = (
				01A71C1213E5B1E400EBD56E /* FMDatabase.h */,
				01A71C1313E5B1E400EBD56E /* FMDatabase.m */,
				01A71C1413E5B1E400EBD56E /* FMDatabaseAdditions.h */,
				01A71C1513E5B1E400EBD56E /* FMDatabaseAdditions.m */,
				01A71C1613E5B1E400EBD56E /* FMResultSet.h */,
				01A71C1713E5B1E400EBD56E /* FMResultSet.m */,
			);
			path = src;
			sourceTree = "<group>";
		};
		01A71C1813E5B1E400EBD56E /* JSON */ = {
			isa = PBXGroup;
			children = (
				01A71C1913E5B1E400EBD56E /* JSON.h */,
				01A71C1A13E5B1E400EBD56E /* NSObject+SBJSON.h */,
				01A71C1B13E5B1E400EBD56E /* NSObject+SBJSON.m */,
				01A71C1C13E5B1E400EBD56E /* NSString+SBJSON.h */,
				01A71C1D13E5B1E400EBD56E /* NSString+SBJSON.m */,
				01A71C1E13E5B1E400EBD56E /* SBJsonBase.h */,
				01A71C1F13E5B1E400EBD56E /* SBJsonBase.m */,
				01A71C2013E5B1E400EBD56E /* SBJsonParser.h */,
				01A71C2113E5B1E400EBD56E /* SBJsonParser.m */,
				01A71C2213E5B1E400EBD56E /* SBJsonWriter.h */,
				01A71C2313E5B1E400EBD56E /* SBJsonWriter.m */,
			);
			path = JSON;
			sourceTree = "<group>";
		};
		01A71C2A13E5B1E400EBD56E /* Resources */ = {
			isa = PBXGroup;
			children = (
				01A71C2B13E5B1E400EBD56E /* Balloon_1.png */,
				01A71C2C13E5B1E400EBD56E /* Balloon_2.png */,
				01A71C2D13E5B1E400EBD56E /* bluedot.png */,
				01A71C2E13E5B1E400EBD56E /* button_base.png */,
				01A71C2F13E5B1E400EBD56E /* button_base@2x.png */,
				01A71C3013E5B1E400EBD56E /* cancel.png */,
				01A71C3113E5B1E400EBD56E /* JMCLocalizable.strings */,
				01A71C3413E5B1E400EBD56E /* icon_capture.png */,
				01A71C3513E5B1E400EBD56E /* icon_capture@2x.png */,
				01A71C3613E5B1E400EBD56E /* icon_record.png */,
				01A71C3713E5B1E400EBD56E /* icon_record@2x.png */,
				01A71C3813E5B1E400EBD56E /* icon_record_1.png */,
				01A71C3913E5B1E400EBD56E /* icon_record_1@2x.png */,
				01A71C3A13E5B1E400EBD56E /* icon_record_2.png */,
				01A71C3B13E5B1E400EBD56E /* icon_record_2@2x.png */,
				01A71C3C13E5B1E400EBD56E /* icon_record_3.png */,
				01A71C3D13E5B1E400EBD56E /* icon_record_3@2x.png */,
				01A71C3E13E5B1E400EBD56E /* icon_record_4.png */,
				01A71C3F13E5B1E400EBD56E /* icon_record_4@2x.png */,
				01A71C4013E5B1E400EBD56E /* icon_record_5.png */,
				01A71C4113E5B1E400EBD56E /* icon_record_5@2x.png */,
				01A71C4213E5B1E400EBD56E /* icon_record_6.png */,
				01A71C4313E5B1E400EBD56E /* icon_record_6@2x.png */,
				01A71C4413E5B1E400EBD56E /* icon_record_7.png */,
				01A71C4513E5B1E400EBD56E /* icon_record_7@2x.png */,
				01A71C4613E5B1E400EBD56E /* icon_record_8.png */,
				01A71C4713E5B1E400EBD56E /* icon_record_8@2x.png */,
				01A71C4813E5B1E400EBD56E /* icon_record_active.png */,
				01A71C4913E5B1E400EBD56E /* icon_record_active@2x.png */,
				01A71C4A13E5B1E400EBD56E /* icon_record_pulse.png */,
				01A71C4B13E5B1E400EBD56E /* icon_record_pulse@2x.png */,
				01A71C4C13E5B1E400EBD56E /* writeareply.png */,
			);
			path = Resources;
			sourceTree = "<group>";
		};
		01E90AAC139AE741002CA0D9 = {
			isa = PBXGroup;
			children = (
				013A5809141C6F9C00B590E2 /* libz.1.2.5.dylib */,
				01E90AC1139AE741002CA0D9 /* AngryNerds2 */,
				01E90ABA139AE741002CA0D9 /* Frameworks */,
				01E90AB8139AE741002CA0D9 /* Products */,
			);
			sourceTree = "<group>";
		};
		01E90AB8139AE741002CA0D9 /* Products */ = {
			isa = PBXGroup;
			children = (
				01E90AB7139AE741002CA0D9 /* Angry Nerds.app */,
			);
			name = Products;
			sourceTree = "<group>";
		};
		01E90ABA139AE741002CA0D9 /* Frameworks */ = {
			isa = PBXGroup;
			children = (
				0140735A13AF35C3008A28C0 /* libsqlite3.dylib */,
				F810BC52139B7C6200D50844 /* CrashReporter.framework */,
				01E90BF7139AE9ED002CA0D9 /* QuartzCore.framework */,
				01E90BED139AE96A002CA0D9 /* libz.1.2.3.dylib */,
				01E90BEB139AE964002CA0D9 /* CoreLocation.framework */,
				01E90BEA139AE95D002CA0D9 /* CoreGraphics.framework */,
				01E90BE8139AE956002CA0D9 /* MobileCoreServices.framework */,
				01E90BE6139AE950002CA0D9 /* SystemConfiguration.framework */,
				01E90BE4139AE948002CA0D9 /* CFNetwork.framework */,
				01E90BE2139AE940002CA0D9 /* AVFoundation.framework */,
				01E90ABB139AE741002CA0D9 /* UIKit.framework */,
				01E90ABD139AE741002CA0D9 /* Foundation.framework */,
				01E90ABF139AE741002CA0D9 /* CoreGraphics.framework */,
			);
			name = Frameworks;
			sourceTree = "<group>";
		};
		01E90AC1139AE741002CA0D9 /* AngryNerds2 */ = {
			isa = PBXGroup;
			children = (
				01A71BB413E5B1E400EBD56E /* JMCClasses */,
				F8B80538139B572500EC5AD4 /* Classes */,
				01E90AC2139AE741002CA0D9 /* Supporting Files */,
			);
			path = AngryNerds2;
			sourceTree = "<group>";
		};
		01E90AC2139AE741002CA0D9 /* Supporting Files */ = {
			isa = PBXGroup;
			children = (
				01E90BF9139AEA37002CA0D9 /* Resources */,
				01E90AC3139AE741002CA0D9 /* AngryNerds2-Info.plist */,
				01E90AC4139AE741002CA0D9 /* InfoPlist.strings */,
				01E90AC7139AE741002CA0D9 /* AngryNerds2-Prefix.pch */,
				01E90AC8139AE741002CA0D9 /* main.m */,
			);
			name = "Supporting Files";
			sourceTree = "<group>";
		};
		01E90BF9139AEA37002CA0D9 /* Resources */ = {
			isa = PBXGroup;
			children = (
				F8B80541139B574300EC5AD4 /* aeron.png */,
				F8B80542139B574300EC5AD4 /* angrynerds.png */,
				F8B80543139B574300EC5AD4 /* bgGame1.png */,
				F8B80544139B574300EC5AD4 /* bgGame1x.png */,
				F8B80545139B574300EC5AD4 /* Connect_logo_48x48.png */,
				F8B80546139B574300EC5AD4 /* Default.png */,
				F8B80547139B574300EC5AD4 /* Default@2x.png */,
				F8B80548139B574300EC5AD4 /* frontend_blink.png */,
				F8B80549139B574300EC5AD4 /* frontend.png */,
				F8B8054A139B574300EC5AD4 /* Icon.png */,
				F8B8054B139B574300EC5AD4 /* MainWindow.xib */,
			);
			name = Resources;
			path = ../../../Resources;
			sourceTree = "<group>";
		};
		F8B80538139B572500EC5AD4 /* Classes */ = {
			isa = PBXGroup;
			children = (
				F8B80539139B573000EC5AD4 /* AngryNerdsAppDelegate.h */,
				F8B8053A139B573000EC5AD4 /* AngryNerdsAppDelegate.m */,
				F8B8053B139B573000EC5AD4 /* AngryNerdsViewController.h */,
				F8B8053C139B573000EC5AD4 /* AngryNerdsViewController.m */,
				F8B8053D139B573000EC5AD4 /* AngryNerdsViewController.xib */,
			);
			name = Classes;
			sourceTree = "<group>";
		};
/* End PBXGroup section */

/* Begin PBXNativeTarget section */
		01E90AB6139AE741002CA0D9 /* AngryNerds2 */ = {
			isa = PBXNativeTarget;
			buildConfigurationList = 01E90AD8139AE741002CA0D9 /* Build configuration list for PBXNativeTarget "AngryNerds2" */;
			buildPhases = (
				01E90AB3139AE741002CA0D9 /* Sources */,
				01E90AB4139AE741002CA0D9 /* Frameworks */,
				01E90AB5139AE741002CA0D9 /* Resources */,
			);
			buildRules = (
			);
			dependencies = (
			);
			name = AngryNerds2;
			productName = AngryNerds2;
			productReference = 01E90AB7139AE741002CA0D9 /* Angry Nerds.app */;
			productType = "com.apple.product-type.application";
		};
/* End PBXNativeTarget section */

/* Begin PBXProject section */
		01E90AAE139AE741002CA0D9 /* Project object */ = {
			isa = PBXProject;
			attributes = {
				ORGANIZATIONNAME = "Nick Pellow";
			};
			buildConfigurationList = 01E90AB1139AE741002CA0D9 /* Build configuration list for PBXProject "AngryNerds2" */;
			compatibilityVersion = "Xcode 3.2";
			developmentRegion = English;
			hasScannedForEncodings = 0;
			knownRegions = (
				en,
				de,
			);
			mainGroup = 01E90AAC139AE741002CA0D9;
			productRefGroup = 01E90AB8139AE741002CA0D9 /* Products */;
			projectDirPath = "";
			projectRoot = "";
			targets = (
				01E90AB6139AE741002CA0D9 /* AngryNerds2 */,
			);
		};
/* End PBXProject section */

/* Begin PBXResourcesBuildPhase section */
		01E90AB5139AE741002CA0D9 /* Resources */ = {
			isa = PBXResourcesBuildPhase;
			buildActionMask = 2147483647;
			files = (
				01E90AC6139AE741002CA0D9 /* InfoPlist.strings in Resources */,
				F8B80540139B573000EC5AD4 /* AngryNerdsViewController.xib in Resources */,
				F8B8054C139B574300EC5AD4 /* aeron.png in Resources */,
				F8B8054D139B574300EC5AD4 /* angrynerds.png in Resources */,
				F8B8054E139B574300EC5AD4 /* bgGame1.png in Resources */,
				F8B8054F139B574300EC5AD4 /* bgGame1x.png in Resources */,
				F8B80550139B574300EC5AD4 /* Connect_logo_48x48.png in Resources */,
				F8B80551139B574300EC5AD4 /* Default.png in Resources */,
				F8B80552139B574300EC5AD4 /* Default@2x.png in Resources */,
				F8B80553139B574300EC5AD4 /* frontend_blink.png in Resources */,
				F8B80554139B574300EC5AD4 /* frontend.png in Resources */,
				F8B80555139B574300EC5AD4 /* Icon.png in Resources */,
				F8B80556139B574300EC5AD4 /* MainWindow.xib in Resources */,
				01A71C5313E5B1E500EBD56E /* JMCIssuePreviewCell.xib in Resources */,
				01A71C5913E5B1E500EBD56E /* JMCIssueViewController.xib in Resources */,
				01A71C6613E5B1E500EBD56E /* JMCSketchViewController.xib in Resources */,
				01A71C6D13E5B1E500EBD56E /* JMCViewController.xib in Resources */,
				01A71C7713E5B1E500EBD56E /* CONTRIBUTORS.txt in Resources */,
				01A71C7813E5B1E500EBD56E /* LICENSE.txt in Resources */,
				01A71C8413E5B1E500EBD56E /* Balloon_1.png in Resources */,
				01A71C8513E5B1E500EBD56E /* Balloon_2.png in Resources */,
				01A71C8613E5B1E500EBD56E /* bluedot.png in Resources */,
				01A71C8713E5B1E500EBD56E /* button_base.png in Resources */,
				01A71C8813E5B1E500EBD56E /* button_base@2x.png in Resources */,
				01A71C8913E5B1E500EBD56E /* cancel.png in Resources */,
				01A71C8A13E5B1E500EBD56E /* JMCLocalizable.strings in Resources */,
				01A71C8B13E5B1E500EBD56E /* icon_capture.png in Resources */,
				01A71C8C13E5B1E500EBD56E /* icon_capture@2x.png in Resources */,
				01A71C8D13E5B1E500EBD56E /* icon_record.png in Resources */,
				01A71C8E13E5B1E500EBD56E /* icon_record@2x.png in Resources */,
				01A71C8F13E5B1E500EBD56E /* icon_record_1.png in Resources */,
				01A71C9013E5B1E500EBD56E /* icon_record_1@2x.png in Resources */,
				01A71C9113E5B1E500EBD56E /* icon_record_2.png in Resources */,
				01A71C9213E5B1E500EBD56E /* icon_record_2@2x.png in Resources */,
				01A71C9313E5B1E500EBD56E /* icon_record_3.png in Resources */,
				01A71C9413E5B1E500EBD56E /* icon_record_3@2x.png in Resources */,
				01A71C9513E5B1E500EBD56E /* icon_record_4.png in Resources */,
				01A71C9613E5B1E500EBD56E /* icon_record_4@2x.png in Resources */,
				01A71C9713E5B1E500EBD56E /* icon_record_5.png in Resources */,
				01A71C9813E5B1E500EBD56E /* icon_record_5@2x.png in Resources */,
				01A71C9913E5B1E500EBD56E /* icon_record_6.png in Resources */,
				01A71C9A13E5B1E500EBD56E /* icon_record_6@2x.png in Resources */,
				01A71C9B13E5B1E500EBD56E /* icon_record_7.png in Resources */,
				01A71C9C13E5B1E500EBD56E /* icon_record_7@2x.png in Resources */,
				01A71C9D13E5B1E500EBD56E /* icon_record_8.png in Resources */,
				01A71C9E13E5B1E500EBD56E /* icon_record_8@2x.png in Resources */,
				01A71C9F13E5B1E500EBD56E /* icon_record_active.png in Resources */,
				01A71CA013E5B1E500EBD56E /* icon_record_active@2x.png in Resources */,
				01A71CA113E5B1E500EBD56E /* icon_record_pulse.png in Resources */,
				01A71CA213E5B1E500EBD56E /* icon_record_pulse@2x.png in Resources */,
				01A71CA313E5B1E500EBD56E /* writeareply.png in Resources */,
			);
			runOnlyForDeploymentPostprocessing = 0;
		};
/* End PBXResourcesBuildPhase section */

/* Begin PBXSourcesBuildPhase section */
		01E90AB3139AE741002CA0D9 /* Sources */ = {
			isa = PBXSourcesBuildPhase;
			buildActionMask = 2147483647;
			files = (
				01E90AC9139AE741002CA0D9 /* main.m in Sources */,
				F8B8053E139B573000EC5AD4 /* AngryNerdsAppDelegate.m in Sources */,
				F8B8053F139B573000EC5AD4 /* AngryNerdsViewController.m in Sources */,
				01A71C4D13E5B1E500EBD56E /* CrashReporter.m in Sources */,
				01A71C4E13E5B1E500EBD56E /* JMCComment.m in Sources */,
				01A71C4F13E5B1E500EBD56E /* JMCCrashSender.m in Sources */,
				01A71C5013E5B1E500EBD56E /* JMCCrashTransport.m in Sources */,
				01A71C5113E5B1E500EBD56E /* JMCIssue.m in Sources */,
				01A71C5213E5B1E500EBD56E /* JMCIssuePreviewCell.m in Sources */,
				01A71C5413E5B1E500EBD56E /* JMCIssueStore.m in Sources */,
				01A71C5513E5B1E500EBD56E /* JMCIssuesViewController.m in Sources */,
				01A71C5713E5B1E500EBD56E /* JMCIssueTransport.m in Sources */,
				01A71C5813E5B1E500EBD56E /* JMCIssueViewController.m in Sources */,
				01A71C5A13E5B1E500EBD56E /* JMCLine.m in Sources */,
				01A71C5B13E5B1E500EBD56E /* JMCMessageBubble.m in Sources */,
				01A71C5C13E5B1E500EBD56E /* JMCMessageCell.m in Sources */,
				01A71C5D13E5B1E500EBD56E /* JMCNotifier.m in Sources */,
				01A71C5E13E5B1E500EBD56E /* JMCPing.m in Sources */,
				01A71C5F13E5B1E500EBD56E /* JMCRecorder.m in Sources */,
				01A71C6013E5B1E500EBD56E /* JMCReplyTransport.m in Sources */,
				01A71C6113E5B1E500EBD56E /* JMCSketch.m in Sources */,
				01A71C6213E5B1E500EBD56E /* JMCSketchContainerView.m in Sources */,
				01A71C6313E5B1E500EBD56E /* JMCSketchScrollView.m in Sources */,
				01A71C6413E5B1E500EBD56E /* JMCSketchView.m in Sources */,
				01A71C6513E5B1E500EBD56E /* JMCSketchViewController.m in Sources */,
				01A71C6713E5B1E500EBD56E /* JMCTransport.m in Sources */,
				01A71C6813E5B1E500EBD56E /* UILabel+VerticalAlign.m in Sources */,
				01A71C6913E5B1E500EBD56E /* UIView+Additions.m in Sources */,
				01A71C6A13E5B1E500EBD56E /* JMC.m in Sources */,
				01A71C6B13E5B1E500EBD56E /* JMCAttachmentItem.m in Sources */,
				01A71C6C13E5B1E500EBD56E /* JMCViewController.m in Sources */,
				01A71C6E13E5B1E500EBD56E /* ASIAuthenticationDialog.m in Sources */,
				01A71C6F13E5B1E500EBD56E /* ASIDownloadCache.m in Sources */,
				01A71C7013E5B1E500EBD56E /* ASIFormDataRequest.m in Sources */,
				01A71C7113E5B1E500EBD56E /* ASIHTTPRequest.m in Sources */,
				01A71C7213E5B1E500EBD56E /* ASIInputStream.m in Sources */,
				01A71C7313E5B1E500EBD56E /* ASINetworkQueue.m in Sources */,
				01A71C7413E5B1E500EBD56E /* Reachability.m in Sources */,
				01A71C7613E5B1E500EBD56E /* CRVActivityView.m in Sources */,
				01A71C7913E5B1E500EBD56E /* FMDatabase.m in Sources */,
				01A71C7A13E5B1E500EBD56E /* FMDatabaseAdditions.m in Sources */,
				01A71C7B13E5B1E500EBD56E /* FMResultSet.m in Sources */,
				01A71C7C13E5B1E500EBD56E /* NSObject+SBJSON.m in Sources */,
				01A71C7D13E5B1E500EBD56E /* NSString+SBJSON.m in Sources */,
				01A71C7E13E5B1E500EBD56E /* SBJsonBase.m in Sources */,
				01A71C7F13E5B1E500EBD56E /* SBJsonParser.m in Sources */,
				01A71C8013E5B1E500EBD56E /* SBJsonWriter.m in Sources */,
				01A71C8113E5B1E500EBD56E /* UIImage+Alpha.m in Sources */,
				01A71C8213E5B1E500EBD56E /* UIImage+Resize.m in Sources */,
				01A71C8313E5B1E500EBD56E /* UIImage+RoundedCorner.m in Sources */,
			);
			runOnlyForDeploymentPostprocessing = 0;
		};
/* End PBXSourcesBuildPhase section */

/* Begin PBXVariantGroup section */
		01A71C3113E5B1E400EBD56E /* JMCLocalizable.strings */ = {
			isa = PBXVariantGroup;
			children = (
				01A71C3213E5B1E400EBD56E /* de */,
				01A71C3313E5B1E400EBD56E /* en */,
			);
			name = JMCLocalizable.strings;
			sourceTree = "<group>";
		};
		01E90AC4139AE741002CA0D9 /* InfoPlist.strings */ = {
			isa = PBXVariantGroup;
			children = (
				01E90AC5139AE741002CA0D9 /* en */,
			);
			name = InfoPlist.strings;
			sourceTree = "<group>";
		};
/* End PBXVariantGroup section */

/* Begin XCBuildConfiguration section */
		01E90AD6139AE741002CA0D9 /* Debug */ = {
			isa = XCBuildConfiguration;
			buildSettings = {
				ARCHS = "$(ARCHS_STANDARD_32_BIT)";
				CODE_SIGN_IDENTITY = "iPhone Developer";
				"CODE_SIGN_IDENTITY[sdk=iphoneos*]" = "iPhone Developer";
				GCC_C_LANGUAGE_STANDARD = gnu99;
				GCC_OPTIMIZATION_LEVEL = 0;
				GCC_PREPROCESSOR_DEFINITIONS = DEBUG;
				GCC_SYMBOLS_PRIVATE_EXTERN = NO;
				GCC_VERSION = com.apple.compilers.llvmgcc42;
				GCC_WARN_ABOUT_RETURN_TYPE = YES;
				GCC_WARN_UNUSED_VARIABLE = YES;
				IPHONEOS_DEPLOYMENT_TARGET = 4.3;
				PROVISIONING_PROFILE = "";
				SDKROOT = iphoneos;
			};
			name = Debug;
		};
		01E90AD7139AE741002CA0D9 /* Release */ = {
			isa = XCBuildConfiguration;
			buildSettings = {
				ARCHS = "$(ARCHS_STANDARD_32_BIT)";
				CODE_SIGN_IDENTITY = "iPhone Developer";
				"CODE_SIGN_IDENTITY[sdk=iphoneos*]" = "iPhone Developer";
				GCC_C_LANGUAGE_STANDARD = gnu99;
				GCC_VERSION = com.apple.compilers.llvmgcc42;
				GCC_WARN_ABOUT_RETURN_TYPE = YES;
				GCC_WARN_UNUSED_VARIABLE = YES;
				IPHONEOS_DEPLOYMENT_TARGET = 4.3;
				OTHER_CFLAGS = "-DNS_BLOCK_ASSERTIONS=1";
				PROVISIONING_PROFILE = "";
				SDKROOT = iphoneos;
			};
			name = Release;
		};
		01E90AD9139AE741002CA0D9 /* Debug */ = {
			isa = XCBuildConfiguration;
			buildSettings = {
				ALWAYS_SEARCH_USER_PATHS = NO;
				COPY_PHASE_STRIP = NO;
				FRAMEWORK_SEARCH_PATHS = (
					"$(inherited)",
					"\"$(SRCROOT)/../../JIRAConnect/JMCClasses/Libraries\"",
				);
				GCC_DYNAMIC_NO_PIC = NO;
				GCC_PRECOMPILE_PREFIX_HEADER = YES;
				GCC_PREFIX_HEADER = "AngryNerds2/AngryNerds2-Prefix.pch";
				GCC_WARN_SHADOW = YES;
				GCC_WARN_UNDECLARED_SELECTOR = NO;
				INFOPLIST_FILE = "AngryNerds2/AngryNerds2-Info.plist";
				IPHONEOS_DEPLOYMENT_TARGET = 4.0;
				PRODUCT_NAME = "Angry Nerds";
				VALIDATE_PRODUCT = YES;
				WRAPPER_EXTENSION = app;
			};
			name = Debug;
		};
		01E90ADA139AE741002CA0D9 /* Release */ = {
			isa = XCBuildConfiguration;
			buildSettings = {
				ALWAYS_SEARCH_USER_PATHS = NO;
				COPY_PHASE_STRIP = YES;
				FRAMEWORK_SEARCH_PATHS = (
					"$(inherited)",
					"\"$(SRCROOT)/../../JIRAConnect/JMCClasses/Libraries\"",
				);
				GCC_PRECOMPILE_PREFIX_HEADER = YES;
				GCC_PREFIX_HEADER = "AngryNerds2/AngryNerds2-Prefix.pch";
				GCC_WARN_SHADOW = YES;
				GCC_WARN_UNDECLARED_SELECTOR = NO;
				INFOPLIST_FILE = "AngryNerds2/AngryNerds2-Info.plist";
				IPHONEOS_DEPLOYMENT_TARGET = 4.0;
				PRODUCT_NAME = "Angry Nerds";
				VALIDATE_PRODUCT = YES;
				WRAPPER_EXTENSION = app;
			};
			name = Release;
		};
/* End XCBuildConfiguration section */

/* Begin XCConfigurationList section */
		01E90AB1139AE741002CA0D9 /* Build configuration list for PBXProject "AngryNerds2" */ = {
			isa = XCConfigurationList;
			buildConfigurations = (
				01E90AD6139AE741002CA0D9 /* Debug */,
				01E90AD7139AE741002CA0D9 /* Release */,
			);
			defaultConfigurationIsVisible = 0;
			defaultConfigurationName = Release;
		};
		01E90AD8139AE741002CA0D9 /* Build configuration list for PBXNativeTarget "AngryNerds2" */ = {
			isa = XCConfigurationList;
			buildConfigurations = (
				01E90AD9139AE741002CA0D9 /* Debug */,
				01E90ADA139AE741002CA0D9 /* Release */,
			);
			defaultConfigurationIsVisible = 0;
			defaultConfigurationName = Release;
		};
/* End XCConfigurationList section */
	};
	rootObject = 01E90AAE139AE741002CA0D9 /* Project object */;
}
