// !$*UTF8*$!
{
	archiveVersion = 1;
	classes = {
	};
	objectVersion = 46;
	objects = {

/* Begin PBXBuildFile section */
		01808B361450454E00284012 /* UIKit.framework in Frameworks */ = {isa = PBXBuildFile; fileRef = 01808B351450454E00284012 /* UIKit.framework */; };
		01808B381450454E00284012 /* Foundation.framework in Frameworks */ = {isa = PBXBuildFile; fileRef = 01808B371450454E00284012 /* Foundation.framework */; };
		01808B3A1450454E00284012 /* CoreGraphics.framework in Frameworks */ = {isa = PBXBuildFile; fileRef = 01808B391450454E00284012 /* CoreGraphics.framework */; };
		01808B401450454E00284012 /* InfoPlist.strings in Resources */ = {isa = PBXBuildFile; fileRef = 01808B3E1450454E00284012 /* InfoPlist.strings */; };
		01808B421450454E00284012 /* main.m in Sources */ = {isa = PBXBuildFile; fileRef = 01808B411450454E00284012 /* main.m */; };
		01808B461450454E00284012 /* AppDelegate.m in Sources */ = {isa = PBXBuildFile; fileRef = 01808B451450454E00284012 /* AppDelegate.m */; };
		01808B491450454E00284012 /* ViewController.m in Sources */ = {isa = PBXBuildFile; fileRef = 01808B481450454E00284012 /* ViewController.m */; };
		01808B4C1450454E00284012 /* ViewController.xib in Resources */ = {isa = PBXBuildFile; fileRef = 01808B4A1450454E00284012 /* ViewController.xib */; };
		01808C7C145045F300284012 /* CFNetwork.framework in Frameworks */ = {isa = PBXBuildFile; fileRef = 01808C72145045F300284012 /* CFNetwork.framework */; };
		01808C7D145045F300284012 /* MobileCoreServices.framework in Frameworks */ = {isa = PBXBuildFile; fileRef = 01808C73145045F300284012 /* MobileCoreServices.framework */; };
		01808C7E145045F300284012 /* AVFoundation.framework in Frameworks */ = {isa = PBXBuildFile; fileRef = 01808C74145045F300284012 /* AVFoundation.framework */; };
		01808C7F145045F300284012 /* SystemConfiguration.framework in Frameworks */ = {isa = PBXBuildFile; fileRef = 01808C75145045F300284012 /* SystemConfiguration.framework */; };
		01808C81145045F300284012 /* libsqlite3.dylib in Frameworks */ = {isa = PBXBuildFile; fileRef = 01808C77145045F300284012 /* libsqlite3.dylib */; };
		01808C82145045F300284012 /* CoreLocation.framework in Frameworks */ = {isa = PBXBuildFile; fileRef = 01808C78145045F300284012 /* CoreLocation.framework */; };
		01808C83145045F300284012 /* UIKit.framework in Frameworks */ = {isa = PBXBuildFile; fileRef = 01808C79145045F300284012 /* UIKit.framework */; };
		01808C84145045F300284012 /* Foundation.framework in Frameworks */ = {isa = PBXBuildFile; fileRef = 01808C7A145045F300284012 /* Foundation.framework */; };
		01808C85145045F300284012 /* CoreGraphics.framework in Frameworks */ = {isa = PBXBuildFile; fileRef = 01808C7B145045F300284012 /* CoreGraphics.framework */; };
		8D4C4F24148464750051C14C /* JMC.m in Sources */ = {isa = PBXBuildFile; fileRef = 8D4C4E8F148464750051C14C /* JMC.m */; };
		8D4C4F25148464750051C14C /* JMCAttachmentItem.m in Sources */ = {isa = PBXBuildFile; fileRef = 8D4C4E91148464750051C14C /* JMCAttachmentItem.m */; };
		8D4C4F26148464750051C14C /* JMCViewController.m in Sources */ = {isa = PBXBuildFile; fileRef = 8D4C4E95148464750051C14C /* JMCViewController.m */; };
		8D4C4F27148464750051C14C /* JMCViewController.xib in Resources */ = {isa = PBXBuildFile; fileRef = 8D4C4E96148464750051C14C /* JMCViewController.xib */; };
		8D4C4F28148464750051C14C /* JMCAttachmentsView.xib in Resources */ = {isa = PBXBuildFile; fileRef = 8D4C4E99148464750051C14C /* JMCAttachmentsView.xib */; };
		8D4C4F29148464750051C14C /* JMCAttachmentsViewController.m in Sources */ = {isa = PBXBuildFile; fileRef = 8D4C4E9B148464750051C14C /* JMCAttachmentsViewController.m */; };
		8D4C4F2A148464750051C14C /* JMCRecorder.m in Sources */ = {isa = PBXBuildFile; fileRef = 8D4C4E9E148464750051C14C /* JMCRecorder.m */; };
		8D4C4F2B148464750051C14C /* CrashReporter.m in Sources */ = {isa = PBXBuildFile; fileRef = 8D4C4EA1148464750051C14C /* CrashReporter.m */; };
		8D4C4F2C148464750051C14C /* JMCDatabase+JMCDatabaseAdditions.m in Sources */ = {isa = PBXBuildFile; fileRef = 8D4C4EA4148464750051C14C /* JMCDatabase+JMCDatabaseAdditions.m */; };
		8D4C4F2D148464750051C14C /* JMCDatabase.m in Sources */ = {isa = PBXBuildFile; fileRef = 8D4C4EA6148464750051C14C /* JMCDatabase.m */; };
		8D4C4F2E148464750051C14C /* JMCResultSet.m in Sources */ = {isa = PBXBuildFile; fileRef = 8D4C4EA8148464750051C14C /* JMCResultSet.m */; };
		8D4C4F2F148464750051C14C /* UIImage+JMCAlpha.m in Sources */ = {isa = PBXBuildFile; fileRef = 8D4C4EAB148464750051C14C /* UIImage+JMCAlpha.m */; };
		8D4C4F30148464750051C14C /* UIImage+JMCResize.m in Sources */ = {isa = PBXBuildFile; fileRef = 8D4C4EAD148464750051C14C /* UIImage+JMCResize.m */; };
		8D4C4F31148464750051C14C /* UIImage+JMCRoundedCorner.m in Sources */ = {isa = PBXBuildFile; fileRef = 8D4C4EAF148464750051C14C /* UIImage+JMCRoundedCorner.m */; };
		8D4C4F32148464750051C14C /* JMCIssuePreviewCell.m in Sources */ = {isa = PBXBuildFile; fileRef = 8D4C4EB2148464750051C14C /* JMCIssuePreviewCell.m */; };
		8D4C4F33148464750051C14C /* JMCIssuePreviewCell.xib in Resources */ = {isa = PBXBuildFile; fileRef = 8D4C4EB3148464750051C14C /* JMCIssuePreviewCell.xib */; };
		8D4C4F34148464750051C14C /* JMCIssueStore.m in Sources */ = {isa = PBXBuildFile; fileRef = 8D4C4EB5148464750051C14C /* JMCIssueStore.m */; };
		8D4C4F35148464750051C14C /* JMCIssuesViewController.m in Sources */ = {isa = PBXBuildFile; fileRef = 8D4C4EB7148464750051C14C /* JMCIssuesViewController.m */; };
		8D4C4F36148464750051C14C /* JMCIssueViewController.m in Sources */ = {isa = PBXBuildFile; fileRef = 8D4C4EB9148464750051C14C /* JMCIssueViewController.m */; };
		8D4C4F37148464750051C14C /* JMCIssueViewController.xib in Resources */ = {isa = PBXBuildFile; fileRef = 8D4C4EBA148464750051C14C /* JMCIssueViewController.xib */; };
		8D4C4F38148464750051C14C /* JMCMessageBubble.m in Sources */ = {isa = PBXBuildFile; fileRef = 8D4C4EBC148464750051C14C /* JMCMessageBubble.m */; };
		8D4C4F39148464750051C14C /* JMCMessageCell.m in Sources */ = {isa = PBXBuildFile; fileRef = 8D4C4EBE148464750051C14C /* JMCMessageCell.m */; };
		8D4C4F3A148464750051C14C /* JMCNotifier.m in Sources */ = {isa = PBXBuildFile; fileRef = 8D4C4EC0148464750051C14C /* JMCNotifier.m */; };
		8D4C4F3B148464750051C14C /* JMCComment.m in Sources */ = {isa = PBXBuildFile; fileRef = 8D4C4EC3148464750051C14C /* JMCComment.m */; };
		8D4C4F3C148464750051C14C /* JMCIssue.m in Sources */ = {isa = PBXBuildFile; fileRef = 8D4C4EC5148464750051C14C /* JMCIssue.m */; };
		8D4C4F3D148464750051C14C /* JMCQueueItem.m in Sources */ = {isa = PBXBuildFile; fileRef = 8D4C4EC8148464750051C14C /* JMCQueueItem.m */; };
		8D4C4F3E148464750051C14C /* JMCRequestQueue.m in Sources */ = {isa = PBXBuildFile; fileRef = 8D4C4ECA148464750051C14C /* JMCRequestQueue.m */; };
		8D4C4F3F148464750051C14C /* JMCLine.m in Sources */ = {isa = PBXBuildFile; fileRef = 8D4C4ECD148464750051C14C /* JMCLine.m */; };
		8D4C4F40148464750051C14C /* JMCSketch.m in Sources */ = {isa = PBXBuildFile; fileRef = 8D4C4ECF148464750051C14C /* JMCSketch.m */; };
		8D4C4F41148464750051C14C /* JMCSketchContainerView.m in Sources */ = {isa = PBXBuildFile; fileRef = 8D4C4ED1148464750051C14C /* JMCSketchContainerView.m */; };
		8D4C4F42148464750051C14C /* JMCSketchScrollView.m in Sources */ = {isa = PBXBuildFile; fileRef = 8D4C4ED3148464750051C14C /* JMCSketchScrollView.m */; };
		8D4C4F43148464750051C14C /* JMCSketchView.m in Sources */ = {isa = PBXBuildFile; fileRef = 8D4C4ED5148464750051C14C /* JMCSketchView.m */; };
		8D4C4F44148464750051C14C /* JMCSketchViewController.m in Sources */ = {isa = PBXBuildFile; fileRef = 8D4C4ED7148464750051C14C /* JMCSketchViewController.m */; };
		8D4C4F45148464750051C14C /* JMCSketchViewController.xib in Resources */ = {isa = PBXBuildFile; fileRef = 8D4C4ED8148464750051C14C /* JMCSketchViewController.xib */; };
		8D4C4F46148464750051C14C /* JMCCrashSender.m in Sources */ = {isa = PBXBuildFile; fileRef = 8D4C4EDC148464750051C14C /* JMCCrashSender.m */; };
		8D4C4F47148464750051C14C /* JMCCrashTransport.m in Sources */ = {isa = PBXBuildFile; fileRef = 8D4C4EDE148464750051C14C /* JMCCrashTransport.m */; };
		8D4C4F48148464750051C14C /* JMCCreateIssueDelegate.m in Sources */ = {isa = PBXBuildFile; fileRef = 8D4C4EE0148464750051C14C /* JMCCreateIssueDelegate.m */; };
		8D4C4F49148464750051C14C /* JMCIssueTransport.m in Sources */ = {isa = PBXBuildFile; fileRef = 8D4C4EE2148464750051C14C /* JMCIssueTransport.m */; };
		8D4C4F4A148464750051C14C /* JMCPing.m in Sources */ = {isa = PBXBuildFile; fileRef = 8D4C4EE4148464750051C14C /* JMCPing.m */; };
		8D4C4F4B148464750051C14C /* JMCReplyDelegate.m in Sources */ = {isa = PBXBuildFile; fileRef = 8D4C4EE6148464750051C14C /* JMCReplyDelegate.m */; };
		8D4C4F4C148464750051C14C /* JMCReplyTransport.m in Sources */ = {isa = PBXBuildFile; fileRef = 8D4C4EE8148464750051C14C /* JMCReplyTransport.m */; };
		8D4C4F4D148464750051C14C /* JMCTransport.m in Sources */ = {isa = PBXBuildFile; fileRef = 8D4C4EEA148464750051C14C /* JMCTransport.m */; };
		8D4C4F4E148464750051C14C /* JMCTransportOperation.m in Sources */ = {isa = PBXBuildFile; fileRef = 8D4C4EEC148464750051C14C /* JMCTransportOperation.m */; };
		8D4C4F4F148464750051C14C /* JMCToolbarButton.m in Sources */ = {isa = PBXBuildFile; fileRef = 8D4C4EEF148464750051C14C /* JMCToolbarButton.m */; };
		8D4C4F50148464750051C14C /* UILabel+JMCVerticalAlign.m in Sources */ = {isa = PBXBuildFile; fileRef = 8D4C4EF1148464750051C14C /* UILabel+JMCVerticalAlign.m */; };
		8D4C4F51148464750051C14C /* UIView+JMCAdditions.m in Sources */ = {isa = PBXBuildFile; fileRef = 8D4C4EF3148464750051C14C /* UIView+JMCAdditions.m */; };
		8D4C4F52148464750051C14C /* CrashReporter.framework in Frameworks */ = {isa = PBXBuildFile; fileRef = 8D4C4EF5148464750051C14C /* CrashReporter.framework */; };
		8D4C4F53148464750051C14C /* Reachability.m in Sources */ = {isa = PBXBuildFile; fileRef = 8D4C4EF8148464750051C14C /* Reachability.m */; };
		8D4C4F54148464750051C14C /* LICENSES in Resources */ = {isa = PBXBuildFile; fileRef = 8D4C4EF9148464750051C14C /* LICENSES */; };
		8D4C4F55148464750051C14C /* background_overlay.png in Resources */ = {isa = PBXBuildFile; fileRef = 8D4C4EFB148464750051C14C /* background_overlay.png */; };
		8D4C4F56148464750051C14C /* background_overlay@2x.png in Resources */ = {isa = PBXBuildFile; fileRef = 8D4C4EFC148464750051C14C /* background_overlay@2x.png */; };
		8D4C4F57148464750051C14C /* Balloon_1.png in Resources */ = {isa = PBXBuildFile; fileRef = 8D4C4EFD148464750051C14C /* Balloon_1.png */; };
		8D4C4F58148464750051C14C /* Balloon_2.png in Resources */ = {isa = PBXBuildFile; fileRef = 8D4C4EFE148464750051C14C /* Balloon_2.png */; };
		8D4C4F59148464750051C14C /* bluedot.png in Resources */ = {isa = PBXBuildFile; fileRef = 8D4C4EFF148464750051C14C /* bluedot.png */; };
		8D4C4F5A148464750051C14C /* button_base.png in Resources */ = {isa = PBXBuildFile; fileRef = 8D4C4F00148464750051C14C /* button_base.png */; };
		8D4C4F5B148464750051C14C /* button_base@2x.png in Resources */ = {isa = PBXBuildFile; fileRef = 8D4C4F01148464750051C14C /* button_base@2x.png */; };
		8D4C4F5C148464750051C14C /* cancel.png in Resources */ = {isa = PBXBuildFile; fileRef = 8D4C4F02148464750051C14C /* cancel.png */; };
		8D4C4F5D148464750051C14C /* JMCLocalizable.strings in Resources */ = {isa = PBXBuildFile; fileRef = 8D4C4F03148464750051C14C /* JMCLocalizable.strings */; };
		8D4C4F5E148464750051C14C /* icon_capture.png in Resources */ = {isa = PBXBuildFile; fileRef = 8D4C4F06148464750051C14C /* icon_capture.png */; };
		8D4C4F5F148464750051C14C /* icon_capture@2x.png in Resources */ = {isa = PBXBuildFile; fileRef = 8D4C4F07148464750051C14C /* icon_capture@2x.png */; };
		8D4C4F60148464750051C14C /* icon_record.png in Resources */ = {isa = PBXBuildFile; fileRef = 8D4C4F08148464750051C14C /* icon_record.png */; };
		8D4C4F61148464750051C14C /* icon_record@2x.png in Resources */ = {isa = PBXBuildFile; fileRef = 8D4C4F09148464750051C14C /* icon_record@2x.png */; };
		8D4C4F62148464750051C14C /* icon_record_1.png in Resources */ = {isa = PBXBuildFile; fileRef = 8D4C4F0A148464750051C14C /* icon_record_1.png */; };
		8D4C4F63148464750051C14C /* icon_record_1@2x.png in Resources */ = {isa = PBXBuildFile; fileRef = 8D4C4F0B148464750051C14C /* icon_record_1@2x.png */; };
		8D4C4F64148464750051C14C /* icon_record_2.png in Resources */ = {isa = PBXBuildFile; fileRef = 8D4C4F0C148464750051C14C /* icon_record_2.png */; };
		8D4C4F65148464750051C14C /* icon_record_2@2x.png in Resources */ = {isa = PBXBuildFile; fileRef = 8D4C4F0D148464750051C14C /* icon_record_2@2x.png */; };
		8D4C4F66148464750051C14C /* icon_record_3.png in Resources */ = {isa = PBXBuildFile; fileRef = 8D4C4F0E148464750051C14C /* icon_record_3.png */; };
		8D4C4F67148464750051C14C /* icon_record_3@2x.png in Resources */ = {isa = PBXBuildFile; fileRef = 8D4C4F0F148464750051C14C /* icon_record_3@2x.png */; };
		8D4C4F68148464750051C14C /* icon_record_4.png in Resources */ = {isa = PBXBuildFile; fileRef = 8D4C4F10148464750051C14C /* icon_record_4.png */; };
		8D4C4F69148464750051C14C /* icon_record_4@2x.png in Resources */ = {isa = PBXBuildFile; fileRef = 8D4C4F11148464750051C14C /* icon_record_4@2x.png */; };
		8D4C4F6A148464750051C14C /* icon_record_5.png in Resources */ = {isa = PBXBuildFile; fileRef = 8D4C4F12148464750051C14C /* icon_record_5.png */; };
		8D4C4F6B148464750051C14C /* icon_record_5@2x.png in Resources */ = {isa = PBXBuildFile; fileRef = 8D4C4F13148464750051C14C /* icon_record_5@2x.png */; };
		8D4C4F6C148464750051C14C /* icon_record_6.png in Resources */ = {isa = PBXBuildFile; fileRef = 8D4C4F14148464750051C14C /* icon_record_6.png */; };
		8D4C4F6D148464750051C14C /* icon_record_6@2x.png in Resources */ = {isa = PBXBuildFile; fileRef = 8D4C4F15148464750051C14C /* icon_record_6@2x.png */; };
		8D4C4F6E148464750051C14C /* icon_record_7.png in Resources */ = {isa = PBXBuildFile; fileRef = 8D4C4F16148464750051C14C /* icon_record_7.png */; };
		8D4C4F6F148464750051C14C /* icon_record_7@2x.png in Resources */ = {isa = PBXBuildFile; fileRef = 8D4C4F17148464750051C14C /* icon_record_7@2x.png */; };
		8D4C4F70148464750051C14C /* icon_record_8.png in Resources */ = {isa = PBXBuildFile; fileRef = 8D4C4F18148464750051C14C /* icon_record_8.png */; };
		8D4C4F71148464750051C14C /* icon_record_8@2x.png in Resources */ = {isa = PBXBuildFile; fileRef = 8D4C4F19148464750051C14C /* icon_record_8@2x.png */; };
		8D4C4F72148464750051C14C /* icon_record_active.png in Resources */ = {isa = PBXBuildFile; fileRef = 8D4C4F1A148464750051C14C /* icon_record_active.png */; };
		8D4C4F73148464750051C14C /* icon_record_active@2x.png in Resources */ = {isa = PBXBuildFile; fileRef = 8D4C4F1B148464750051C14C /* icon_record_active@2x.png */; };
		8D4C4F74148464750051C14C /* icon_record_pulse.png in Resources */ = {isa = PBXBuildFile; fileRef = 8D4C4F1C148464750051C14C /* icon_record_pulse.png */; };
		8D4C4F75148464750051C14C /* icon_record_pulse@2x.png in Resources */ = {isa = PBXBuildFile; fileRef = 8D4C4F1D148464750051C14C /* icon_record_pulse@2x.png */; };
		8D4C4F76148464750051C14C /* icon_recording.png in Resources */ = {isa = PBXBuildFile; fileRef = 8D4C4F1E148464750051C14C /* icon_recording.png */; };
		8D4C4F77148464750051C14C /* icon_recording@2x.png in Resources */ = {isa = PBXBuildFile; fileRef = 8D4C4F1F148464750051C14C /* icon_recording@2x.png */; };
		8D4C4F78148464750051C14C /* megaphone.png in Resources */ = {isa = PBXBuildFile; fileRef = 8D4C4F20148464750051C14C /* megaphone.png */; };
		8D4C4F79148464750051C14C /* megaphone@2x.png in Resources */ = {isa = PBXBuildFile; fileRef = 8D4C4F21148464750051C14C /* megaphone@2x.png */; };
		8D4C4F7A148464750051C14C /* notsent.png in Resources */ = {isa = PBXBuildFile; fileRef = 8D4C4F22148464750051C14C /* notsent.png */; };
		8D4C4F7B148464750051C14C /* notsent@2x.png in Resources */ = {isa = PBXBuildFile; fileRef = 8D4C4F23148464750051C14C /* notsent@2x.png */; };
		8DEE235A1479D9FB00E3CABF /* QuartzCore.framework in Frameworks */ = {isa = PBXBuildFile; fileRef = 8DEE23591479D9FB00E3CABF /* QuartzCore.framework */; };
		8DEE25A01479EC2C00E3CABF /* NSObject+JSON.m in Sources */ = {isa = PBXBuildFile; fileRef = 8DEE258F1479EC2C00E3CABF /* NSObject+JSON.m */; };
		8DEE25A11479EC2C00E3CABF /* SBJsonParser.m in Sources */ = {isa = PBXBuildFile; fileRef = 8DEE25911479EC2C00E3CABF /* SBJsonParser.m */; };
		8DEE25A21479EC2C00E3CABF /* SBJsonStreamParser.m in Sources */ = {isa = PBXBuildFile; fileRef = 8DEE25931479EC2C00E3CABF /* SBJsonStreamParser.m */; };
		8DEE25A31479EC2C00E3CABF /* SBJsonStreamParserAdapter.m in Sources */ = {isa = PBXBuildFile; fileRef = 8DEE25951479EC2C00E3CABF /* SBJsonStreamParserAdapter.m */; };
		8DEE25A41479EC2C00E3CABF /* SBJsonStreamParserState.m in Sources */ = {isa = PBXBuildFile; fileRef = 8DEE25971479EC2C00E3CABF /* SBJsonStreamParserState.m */; };
		8DEE25A51479EC2C00E3CABF /* SBJsonStreamWriter.m in Sources */ = {isa = PBXBuildFile; fileRef = 8DEE25991479EC2C00E3CABF /* SBJsonStreamWriter.m */; };
		8DEE25A61479EC2C00E3CABF /* SBJsonStreamWriterState.m in Sources */ = {isa = PBXBuildFile; fileRef = 8DEE259B1479EC2C00E3CABF /* SBJsonStreamWriterState.m */; };
		8DEE25A71479EC2C00E3CABF /* SBJsonTokeniser.m in Sources */ = {isa = PBXBuildFile; fileRef = 8DEE259D1479EC2C00E3CABF /* SBJsonTokeniser.m */; };
		8DEE25A81479EC2C00E3CABF /* SBJsonWriter.m in Sources */ = {isa = PBXBuildFile; fileRef = 8DEE259F1479EC2C00E3CABF /* SBJsonWriter.m */; };
/* End PBXBuildFile section */

/* Begin PBXFileReference section */
		01808B311450454E00284012 /* AngryNerds4iPad.app */ = {isa = PBXFileReference; explicitFileType = wrapper.application; includeInIndex = 0; path = AngryNerds4iPad.app; sourceTree = BUILT_PRODUCTS_DIR; };
		01808B351450454E00284012 /* UIKit.framework */ = {isa = PBXFileReference; lastKnownFileType = wrapper.framework; name = UIKit.framework; path = System/Library/Frameworks/UIKit.framework; sourceTree = SDKROOT; };
		01808B371450454E00284012 /* Foundation.framework */ = {isa = PBXFileReference; lastKnownFileType = wrapper.framework; name = Foundation.framework; path = System/Library/Frameworks/Foundation.framework; sourceTree = SDKROOT; };
		01808B391450454E00284012 /* CoreGraphics.framework */ = {isa = PBXFileReference; lastKnownFileType = wrapper.framework; name = CoreGraphics.framework; path = System/Library/Frameworks/CoreGraphics.framework; sourceTree = SDKROOT; };
		01808B3D1450454E00284012 /* AngryNerds4iPad-Info.plist */ = {isa = PBXFileReference; lastKnownFileType = text.plist.xml; path = "AngryNerds4iPad-Info.plist"; sourceTree = "<group>"; };
		01808B3F1450454E00284012 /* en */ = {isa = PBXFileReference; lastKnownFileType = text.plist.strings; name = en; path = en.lproj/InfoPlist.strings; sourceTree = "<group>"; };
		01808B411450454E00284012 /* main.m */ = {isa = PBXFileReference; lastKnownFileType = sourcecode.c.objc; path = main.m; sourceTree = "<group>"; };
		01808B431450454E00284012 /* AngryNerds4iPad-Prefix.pch */ = {isa = PBXFileReference; lastKnownFileType = sourcecode.c.h; path = "AngryNerds4iPad-Prefix.pch"; sourceTree = "<group>"; };
		01808B441450454E00284012 /* AppDelegate.h */ = {isa = PBXFileReference; lastKnownFileType = sourcecode.c.h; path = AppDelegate.h; sourceTree = "<group>"; };
		01808B451450454E00284012 /* AppDelegate.m */ = {isa = PBXFileReference; lastKnownFileType = sourcecode.c.objc; path = AppDelegate.m; sourceTree = "<group>"; };
		01808B471450454E00284012 /* ViewController.h */ = {isa = PBXFileReference; lastKnownFileType = sourcecode.c.h; path = ViewController.h; sourceTree = "<group>"; };
		01808B481450454E00284012 /* ViewController.m */ = {isa = PBXFileReference; lastKnownFileType = sourcecode.c.objc; path = ViewController.m; sourceTree = "<group>"; };
		01808B4B1450454E00284012 /* en */ = {isa = PBXFileReference; lastKnownFileType = file.xib; name = en; path = en.lproj/ViewController.xib; sourceTree = "<group>"; };
		01808C72145045F300284012 /* CFNetwork.framework */ = {isa = PBXFileReference; lastKnownFileType = wrapper.framework; name = CFNetwork.framework; path = System/Library/Frameworks/CFNetwork.framework; sourceTree = SDKROOT; };
		01808C73145045F300284012 /* MobileCoreServices.framework */ = {isa = PBXFileReference; lastKnownFileType = wrapper.framework; name = MobileCoreServices.framework; path = System/Library/Frameworks/MobileCoreServices.framework; sourceTree = SDKROOT; };
		01808C74145045F300284012 /* AVFoundation.framework */ = {isa = PBXFileReference; lastKnownFileType = wrapper.framework; name = AVFoundation.framework; path = System/Library/Frameworks/AVFoundation.framework; sourceTree = SDKROOT; };
		01808C75145045F300284012 /* SystemConfiguration.framework */ = {isa = PBXFileReference; lastKnownFileType = wrapper.framework; name = SystemConfiguration.framework; path = System/Library/Frameworks/SystemConfiguration.framework; sourceTree = SDKROOT; };
		01808C76145045F300284012 /* libz.dylib */ = {isa = PBXFileReference; lastKnownFileType = "compiled.mach-o.dylib"; name = libz.dylib; path = usr/lib/libz.dylib; sourceTree = SDKROOT; };
		01808C77145045F300284012 /* libsqlite3.dylib */ = {isa = PBXFileReference; lastKnownFileType = "compiled.mach-o.dylib"; name = libsqlite3.dylib; path = usr/lib/libsqlite3.dylib; sourceTree = SDKROOT; };
		01808C78145045F300284012 /* CoreLocation.framework */ = {isa = PBXFileReference; lastKnownFileType = wrapper.framework; name = CoreLocation.framework; path = System/Library/Frameworks/CoreLocation.framework; sourceTree = SDKROOT; };
		01808C79145045F300284012 /* UIKit.framework */ = {isa = PBXFileReference; lastKnownFileType = wrapper.framework; name = UIKit.framework; path = System/Library/Frameworks/UIKit.framework; sourceTree = SDKROOT; };
		01808C7A145045F300284012 /* Foundation.framework */ = {isa = PBXFileReference; lastKnownFileType = wrapper.framework; name = Foundation.framework; path = System/Library/Frameworks/Foundation.framework; sourceTree = SDKROOT; };
		01808C7B145045F300284012 /* CoreGraphics.framework */ = {isa = PBXFileReference; lastKnownFileType = wrapper.framework; name = CoreGraphics.framework; path = System/Library/Frameworks/CoreGraphics.framework; sourceTree = SDKROOT; };
		8D4C4E8E148464750051C14C /* JMC.h */ = {isa = PBXFileReference; fileEncoding = 4; lastKnownFileType = sourcecode.c.h; path = JMC.h; sourceTree = "<group>"; };
		8D4C4E8F148464750051C14C /* JMC.m */ = {isa = PBXFileReference; fileEncoding = 4; lastKnownFileType = sourcecode.c.objc; path = JMC.m; sourceTree = "<group>"; };
		8D4C4E90148464750051C14C /* JMCAttachmentItem.h */ = {isa = PBXFileReference; fileEncoding = 4; lastKnownFileType = sourcecode.c.h; path = JMCAttachmentItem.h; sourceTree = "<group>"; };
		8D4C4E91148464750051C14C /* JMCAttachmentItem.m */ = {isa = PBXFileReference; fileEncoding = 4; lastKnownFileType = sourcecode.c.objc; path = JMCAttachmentItem.m; sourceTree = "<group>"; };
		8D4C4E92148464750051C14C /* JMCCustomDataSource.h */ = {isa = PBXFileReference; fileEncoding = 4; lastKnownFileType = sourcecode.c.h; path = JMCCustomDataSource.h; sourceTree = "<group>"; };
		8D4C4E93148464750051C14C /* JMCMacros.h */ = {isa = PBXFileReference; fileEncoding = 4; lastKnownFileType = sourcecode.c.h; path = JMCMacros.h; sourceTree = "<group>"; };
		8D4C4E94148464750051C14C /* JMCViewController.h */ = {isa = PBXFileReference; fileEncoding = 4; lastKnownFileType = sourcecode.c.h; path = JMCViewController.h; sourceTree = "<group>"; };
		8D4C4E95148464750051C14C /* JMCViewController.m */ = {isa = PBXFileReference; fileEncoding = 4; lastKnownFileType = sourcecode.c.objc; path = JMCViewController.m; sourceTree = "<group>"; };
		8D4C4E96148464750051C14C /* JMCViewController.xib */ = {isa = PBXFileReference; fileEncoding = 4; lastKnownFileType = file.xib; path = JMCViewController.xib; sourceTree = "<group>"; };
		8D4C4E99148464750051C14C /* JMCAttachmentsView.xib */ = {isa = PBXFileReference; fileEncoding = 4; lastKnownFileType = file.xib; path = JMCAttachmentsView.xib; sourceTree = "<group>"; };
		8D4C4E9A148464750051C14C /* JMCAttachmentsViewController.h */ = {isa = PBXFileReference; fileEncoding = 4; lastKnownFileType = sourcecode.c.h; path = JMCAttachmentsViewController.h; sourceTree = "<group>"; };
		8D4C4E9B148464750051C14C /* JMCAttachmentsViewController.m */ = {isa = PBXFileReference; fileEncoding = 4; lastKnownFileType = sourcecode.c.objc; path = JMCAttachmentsViewController.m; sourceTree = "<group>"; };
		8D4C4E9D148464750051C14C /* JMCRecorder.h */ = {isa = PBXFileReference; fileEncoding = 4; lastKnownFileType = sourcecode.c.h; path = JMCRecorder.h; sourceTree = "<group>"; };
		8D4C4E9E148464750051C14C /* JMCRecorder.m */ = {isa = PBXFileReference; fileEncoding = 4; lastKnownFileType = sourcecode.c.objc; path = JMCRecorder.m; sourceTree = "<group>"; };
		8D4C4EA0148464750051C14C /* CrashReporter.h */ = {isa = PBXFileReference; fileEncoding = 4; lastKnownFileType = sourcecode.c.h; path = CrashReporter.h; sourceTree = "<group>"; };
		8D4C4EA1148464750051C14C /* CrashReporter.m */ = {isa = PBXFileReference; fileEncoding = 4; lastKnownFileType = sourcecode.c.objc; path = CrashReporter.m; sourceTree = "<group>"; };
		8D4C4EA3148464750051C14C /* JMCDatabase+JMCDatabaseAdditions.h */ = {isa = PBXFileReference; fileEncoding = 4; lastKnownFileType = sourcecode.c.h; path = "JMCDatabase+JMCDatabaseAdditions.h"; sourceTree = "<group>"; };
		8D4C4EA4148464750051C14C /* JMCDatabase+JMCDatabaseAdditions.m */ = {isa = PBXFileReference; fileEncoding = 4; lastKnownFileType = sourcecode.c.objc; path = "JMCDatabase+JMCDatabaseAdditions.m"; sourceTree = "<group>"; };
		8D4C4EA5148464750051C14C /* JMCDatabase.h */ = {isa = PBXFileReference; fileEncoding = 4; lastKnownFileType = sourcecode.c.h; path = JMCDatabase.h; sourceTree = "<group>"; };
		8D4C4EA6148464750051C14C /* JMCDatabase.m */ = {isa = PBXFileReference; fileEncoding = 4; lastKnownFileType = sourcecode.c.objc; path = JMCDatabase.m; sourceTree = "<group>"; };
		8D4C4EA7148464750051C14C /* JMCResultSet.h */ = {isa = PBXFileReference; fileEncoding = 4; lastKnownFileType = sourcecode.c.h; path = JMCResultSet.h; sourceTree = "<group>"; };
		8D4C4EA8148464750051C14C /* JMCResultSet.m */ = {isa = PBXFileReference; fileEncoding = 4; lastKnownFileType = sourcecode.c.objc; path = JMCResultSet.m; sourceTree = "<group>"; };
		8D4C4EAA148464750051C14C /* UIImage+JMCAlpha.h */ = {isa = PBXFileReference; fileEncoding = 4; lastKnownFileType = sourcecode.c.h; path = "UIImage+JMCAlpha.h"; sourceTree = "<group>"; };
		8D4C4EAB148464750051C14C /* UIImage+JMCAlpha.m */ = {isa = PBXFileReference; fileEncoding = 4; lastKnownFileType = sourcecode.c.objc; path = "UIImage+JMCAlpha.m"; sourceTree = "<group>"; };
		8D4C4EAC148464750051C14C /* UIImage+JMCResize.h */ = {isa = PBXFileReference; fileEncoding = 4; lastKnownFileType = sourcecode.c.h; path = "UIImage+JMCResize.h"; sourceTree = "<group>"; };
		8D4C4EAD148464750051C14C /* UIImage+JMCResize.m */ = {isa = PBXFileReference; fileEncoding = 4; lastKnownFileType = sourcecode.c.objc; path = "UIImage+JMCResize.m"; sourceTree = "<group>"; };
		8D4C4EAE148464750051C14C /* UIImage+JMCRoundedCorner.h */ = {isa = PBXFileReference; fileEncoding = 4; lastKnownFileType = sourcecode.c.h; path = "UIImage+JMCRoundedCorner.h"; sourceTree = "<group>"; };
		8D4C4EAF148464750051C14C /* UIImage+JMCRoundedCorner.m */ = {isa = PBXFileReference; fileEncoding = 4; lastKnownFileType = sourcecode.c.objc; path = "UIImage+JMCRoundedCorner.m"; sourceTree = "<group>"; };
		8D4C4EB1148464750051C14C /* JMCIssuePreviewCell.h */ = {isa = PBXFileReference; fileEncoding = 4; lastKnownFileType = sourcecode.c.h; path = JMCIssuePreviewCell.h; sourceTree = "<group>"; };
		8D4C4EB2148464750051C14C /* JMCIssuePreviewCell.m */ = {isa = PBXFileReference; fileEncoding = 4; lastKnownFileType = sourcecode.c.objc; path = JMCIssuePreviewCell.m; sourceTree = "<group>"; };
		8D4C4EB3148464750051C14C /* JMCIssuePreviewCell.xib */ = {isa = PBXFileReference; fileEncoding = 4; lastKnownFileType = file.xib; path = JMCIssuePreviewCell.xib; sourceTree = "<group>"; };
		8D4C4EB4148464750051C14C /* JMCIssueStore.h */ = {isa = PBXFileReference; fileEncoding = 4; lastKnownFileType = sourcecode.c.h; path = JMCIssueStore.h; sourceTree = "<group>"; };
		8D4C4EB5148464750051C14C /* JMCIssueStore.m */ = {isa = PBXFileReference; fileEncoding = 4; lastKnownFileType = sourcecode.c.objc; path = JMCIssueStore.m; sourceTree = "<group>"; };
		8D4C4EB6148464750051C14C /* JMCIssuesViewController.h */ = {isa = PBXFileReference; fileEncoding = 4; lastKnownFileType = sourcecode.c.h; path = JMCIssuesViewController.h; sourceTree = "<group>"; };
		8D4C4EB7148464750051C14C /* JMCIssuesViewController.m */ = {isa = PBXFileReference; fileEncoding = 4; lastKnownFileType = sourcecode.c.objc; path = JMCIssuesViewController.m; sourceTree = "<group>"; };
		8D4C4EB8148464750051C14C /* JMCIssueViewController.h */ = {isa = PBXFileReference; fileEncoding = 4; lastKnownFileType = sourcecode.c.h; path = JMCIssueViewController.h; sourceTree = "<group>"; };
		8D4C4EB9148464750051C14C /* JMCIssueViewController.m */ = {isa = PBXFileReference; fileEncoding = 4; lastKnownFileType = sourcecode.c.objc; path = JMCIssueViewController.m; sourceTree = "<group>"; };
		8D4C4EBA148464750051C14C /* JMCIssueViewController.xib */ = {isa = PBXFileReference; fileEncoding = 4; lastKnownFileType = file.xib; path = JMCIssueViewController.xib; sourceTree = "<group>"; };
		8D4C4EBB148464750051C14C /* JMCMessageBubble.h */ = {isa = PBXFileReference; fileEncoding = 4; lastKnownFileType = sourcecode.c.h; path = JMCMessageBubble.h; sourceTree = "<group>"; };
		8D4C4EBC148464750051C14C /* JMCMessageBubble.m */ = {isa = PBXFileReference; fileEncoding = 4; lastKnownFileType = sourcecode.c.objc; path = JMCMessageBubble.m; sourceTree = "<group>"; };
		8D4C4EBD148464750051C14C /* JMCMessageCell.h */ = {isa = PBXFileReference; fileEncoding = 4; lastKnownFileType = sourcecode.c.h; path = JMCMessageCell.h; sourceTree = "<group>"; };
		8D4C4EBE148464750051C14C /* JMCMessageCell.m */ = {isa = PBXFileReference; fileEncoding = 4; lastKnownFileType = sourcecode.c.objc; path = JMCMessageCell.m; sourceTree = "<group>"; };
		8D4C4EBF148464750051C14C /* JMCNotifier.h */ = {isa = PBXFileReference; fileEncoding = 4; lastKnownFileType = sourcecode.c.h; path = JMCNotifier.h; sourceTree = "<group>"; };
		8D4C4EC0148464750051C14C /* JMCNotifier.m */ = {isa = PBXFileReference; fileEncoding = 4; lastKnownFileType = sourcecode.c.objc; path = JMCNotifier.m; sourceTree = "<group>"; };
		8D4C4EC2148464750051C14C /* JMCComment.h */ = {isa = PBXFileReference; fileEncoding = 4; lastKnownFileType = sourcecode.c.h; path = JMCComment.h; sourceTree = "<group>"; };
		8D4C4EC3148464750051C14C /* JMCComment.m */ = {isa = PBXFileReference; fileEncoding = 4; lastKnownFileType = sourcecode.c.objc; path = JMCComment.m; sourceTree = "<group>"; };
		8D4C4EC4148464750051C14C /* JMCIssue.h */ = {isa = PBXFileReference; fileEncoding = 4; lastKnownFileType = sourcecode.c.h; path = JMCIssue.h; sourceTree = "<group>"; };
		8D4C4EC5148464750051C14C /* JMCIssue.m */ = {isa = PBXFileReference; fileEncoding = 4; lastKnownFileType = sourcecode.c.objc; path = JMCIssue.m; sourceTree = "<group>"; };
		8D4C4EC7148464750051C14C /* JMCQueueItem.h */ = {isa = PBXFileReference; fileEncoding = 4; lastKnownFileType = sourcecode.c.h; path = JMCQueueItem.h; sourceTree = "<group>"; };
		8D4C4EC8148464750051C14C /* JMCQueueItem.m */ = {isa = PBXFileReference; fileEncoding = 4; lastKnownFileType = sourcecode.c.objc; path = JMCQueueItem.m; sourceTree = "<group>"; };
		8D4C4EC9148464750051C14C /* JMCRequestQueue.h */ = {isa = PBXFileReference; fileEncoding = 4; lastKnownFileType = sourcecode.c.h; path = JMCRequestQueue.h; sourceTree = "<group>"; };
		8D4C4ECA148464750051C14C /* JMCRequestQueue.m */ = {isa = PBXFileReference; fileEncoding = 4; lastKnownFileType = sourcecode.c.objc; path = JMCRequestQueue.m; sourceTree = "<group>"; };
		8D4C4ECC148464750051C14C /* JMCLine.h */ = {isa = PBXFileReference; fileEncoding = 4; lastKnownFileType = sourcecode.c.h; path = JMCLine.h; sourceTree = "<group>"; };
		8D4C4ECD148464750051C14C /* JMCLine.m */ = {isa = PBXFileReference; fileEncoding = 4; lastKnownFileType = sourcecode.c.objc; path = JMCLine.m; sourceTree = "<group>"; };
		8D4C4ECE148464750051C14C /* JMCSketch.h */ = {isa = PBXFileReference; fileEncoding = 4; lastKnownFileType = sourcecode.c.h; path = JMCSketch.h; sourceTree = "<group>"; };
		8D4C4ECF148464750051C14C /* JMCSketch.m */ = {isa = PBXFileReference; fileEncoding = 4; lastKnownFileType = sourcecode.c.objc; path = JMCSketch.m; sourceTree = "<group>"; };
		8D4C4ED0148464750051C14C /* JMCSketchContainerView.h */ = {isa = PBXFileReference; fileEncoding = 4; lastKnownFileType = sourcecode.c.h; path = JMCSketchContainerView.h; sourceTree = "<group>"; };
		8D4C4ED1148464750051C14C /* JMCSketchContainerView.m */ = {isa = PBXFileReference; fileEncoding = 4; lastKnownFileType = sourcecode.c.objc; path = JMCSketchContainerView.m; sourceTree = "<group>"; };
		8D4C4ED2148464750051C14C /* JMCSketchScrollView.h */ = {isa = PBXFileReference; fileEncoding = 4; lastKnownFileType = sourcecode.c.h; path = JMCSketchScrollView.h; sourceTree = "<group>"; };
		8D4C4ED3148464750051C14C /* JMCSketchScrollView.m */ = {isa = PBXFileReference; fileEncoding = 4; lastKnownFileType = sourcecode.c.objc; path = JMCSketchScrollView.m; sourceTree = "<group>"; };
		8D4C4ED4148464750051C14C /* JMCSketchView.h */ = {isa = PBXFileReference; fileEncoding = 4; lastKnownFileType = sourcecode.c.h; path = JMCSketchView.h; sourceTree = "<group>"; };
		8D4C4ED5148464750051C14C /* JMCSketchView.m */ = {isa = PBXFileReference; fileEncoding = 4; lastKnownFileType = sourcecode.c.objc; path = JMCSketchView.m; sourceTree = "<group>"; };
		8D4C4ED6148464750051C14C /* JMCSketchViewController.h */ = {isa = PBXFileReference; fileEncoding = 4; lastKnownFileType = sourcecode.c.h; path = JMCSketchViewController.h; sourceTree = "<group>"; };
		8D4C4ED7148464750051C14C /* JMCSketchViewController.m */ = {isa = PBXFileReference; fileEncoding = 4; lastKnownFileType = sourcecode.c.objc; path = JMCSketchViewController.m; sourceTree = "<group>"; };
		8D4C4ED8148464750051C14C /* JMCSketchViewController.xib */ = {isa = PBXFileReference; fileEncoding = 4; lastKnownFileType = file.xib; path = JMCSketchViewController.xib; sourceTree = "<group>"; };
		8D4C4ED9148464750051C14C /* JMCSketchViewControllerDelegate.h */ = {isa = PBXFileReference; fileEncoding = 4; lastKnownFileType = sourcecode.c.h; path = JMCSketchViewControllerDelegate.h; sourceTree = "<group>"; };
		8D4C4EDB148464750051C14C /* JMCCrashSender.h */ = {isa = PBXFileReference; fileEncoding = 4; lastKnownFileType = sourcecode.c.h; path = JMCCrashSender.h; sourceTree = "<group>"; };
		8D4C4EDC148464750051C14C /* JMCCrashSender.m */ = {isa = PBXFileReference; fileEncoding = 4; lastKnownFileType = sourcecode.c.objc; path = JMCCrashSender.m; sourceTree = "<group>"; };
		8D4C4EDD148464750051C14C /* JMCCrashTransport.h */ = {isa = PBXFileReference; fileEncoding = 4; lastKnownFileType = sourcecode.c.h; path = JMCCrashTransport.h; sourceTree = "<group>"; };
		8D4C4EDE148464750051C14C /* JMCCrashTransport.m */ = {isa = PBXFileReference; fileEncoding = 4; lastKnownFileType = sourcecode.c.objc; path = JMCCrashTransport.m; sourceTree = "<group>"; };
		8D4C4EDF148464750051C14C /* JMCCreateIssueDelegate.h */ = {isa = PBXFileReference; fileEncoding = 4; lastKnownFileType = sourcecode.c.h; path = JMCCreateIssueDelegate.h; sourceTree = "<group>"; };
		8D4C4EE0148464750051C14C /* JMCCreateIssueDelegate.m */ = {isa = PBXFileReference; fileEncoding = 4; lastKnownFileType = sourcecode.c.objc; path = JMCCreateIssueDelegate.m; sourceTree = "<group>"; };
		8D4C4EE1148464750051C14C /* JMCIssueTransport.h */ = {isa = PBXFileReference; fileEncoding = 4; lastKnownFileType = sourcecode.c.h; path = JMCIssueTransport.h; sourceTree = "<group>"; };
		8D4C4EE2148464750051C14C /* JMCIssueTransport.m */ = {isa = PBXFileReference; fileEncoding = 4; lastKnownFileType = sourcecode.c.objc; path = JMCIssueTransport.m; sourceTree = "<group>"; };
		8D4C4EE3148464750051C14C /* JMCPing.h */ = {isa = PBXFileReference; fileEncoding = 4; lastKnownFileType = sourcecode.c.h; path = JMCPing.h; sourceTree = "<group>"; };
		8D4C4EE4148464750051C14C /* JMCPing.m */ = {isa = PBXFileReference; fileEncoding = 4; lastKnownFileType = sourcecode.c.objc; path = JMCPing.m; sourceTree = "<group>"; };
		8D4C4EE5148464750051C14C /* JMCReplyDelegate.h */ = {isa = PBXFileReference; fileEncoding = 4; lastKnownFileType = sourcecode.c.h; path = JMCReplyDelegate.h; sourceTree = "<group>"; };
		8D4C4EE6148464750051C14C /* JMCReplyDelegate.m */ = {isa = PBXFileReference; fileEncoding = 4; lastKnownFileType = sourcecode.c.objc; path = JMCReplyDelegate.m; sourceTree = "<group>"; };
		8D4C4EE7148464750051C14C /* JMCReplyTransport.h */ = {isa = PBXFileReference; fileEncoding = 4; lastKnownFileType = sourcecode.c.h; path = JMCReplyTransport.h; sourceTree = "<group>"; };
		8D4C4EE8148464750051C14C /* JMCReplyTransport.m */ = {isa = PBXFileReference; fileEncoding = 4; lastKnownFileType = sourcecode.c.objc; path = JMCReplyTransport.m; sourceTree = "<group>"; };
		8D4C4EE9148464750051C14C /* JMCTransport.h */ = {isa = PBXFileReference; fileEncoding = 4; lastKnownFileType = sourcecode.c.h; path = JMCTransport.h; sourceTree = "<group>"; };
		8D4C4EEA148464750051C14C /* JMCTransport.m */ = {isa = PBXFileReference; fileEncoding = 4; lastKnownFileType = sourcecode.c.objc; path = JMCTransport.m; sourceTree = "<group>"; };
		8D4C4EEB148464750051C14C /* JMCTransportOperation.h */ = {isa = PBXFileReference; fileEncoding = 4; lastKnownFileType = sourcecode.c.h; path = JMCTransportOperation.h; sourceTree = "<group>"; };
		8D4C4EEC148464750051C14C /* JMCTransportOperation.m */ = {isa = PBXFileReference; fileEncoding = 4; lastKnownFileType = sourcecode.c.objc; path = JMCTransportOperation.m; sourceTree = "<group>"; };
		8D4C4EEE148464750051C14C /* JMCToolbarButton.h */ = {isa = PBXFileReference; fileEncoding = 4; lastKnownFileType = sourcecode.c.h; path = JMCToolbarButton.h; sourceTree = "<group>"; };
		8D4C4EEF148464750051C14C /* JMCToolbarButton.m */ = {isa = PBXFileReference; fileEncoding = 4; lastKnownFileType = sourcecode.c.objc; path = JMCToolbarButton.m; sourceTree = "<group>"; };
		8D4C4EF0148464750051C14C /* UILabel+JMCVerticalAlign.h */ = {isa = PBXFileReference; fileEncoding = 4; lastKnownFileType = sourcecode.c.h; path = "UILabel+JMCVerticalAlign.h"; sourceTree = "<group>"; };
		8D4C4EF1148464750051C14C /* UILabel+JMCVerticalAlign.m */ = {isa = PBXFileReference; fileEncoding = 4; lastKnownFileType = sourcecode.c.objc; path = "UILabel+JMCVerticalAlign.m"; sourceTree = "<group>"; };
		8D4C4EF2148464750051C14C /* UIView+JMCAdditions.h */ = {isa = PBXFileReference; fileEncoding = 4; lastKnownFileType = sourcecode.c.h; path = "UIView+JMCAdditions.h"; sourceTree = "<group>"; };
		8D4C4EF3148464750051C14C /* UIView+JMCAdditions.m */ = {isa = PBXFileReference; fileEncoding = 4; lastKnownFileType = sourcecode.c.objc; path = "UIView+JMCAdditions.m"; sourceTree = "<group>"; };
		8D4C4EF5148464750051C14C /* CrashReporter.framework */ = {isa = PBXFileReference; lastKnownFileType = wrapper.framework; path = CrashReporter.framework; sourceTree = "<group>"; };
		8D4C4EF7148464750051C14C /* Reachability.h */ = {isa = PBXFileReference; fileEncoding = 4; lastKnownFileType = sourcecode.c.h; path = Reachability.h; sourceTree = "<group>"; };
		8D4C4EF8148464750051C14C /* Reachability.m */ = {isa = PBXFileReference; fileEncoding = 4; lastKnownFileType = sourcecode.c.objc; path = Reachability.m; sourceTree = "<group>"; };
		8D4C4EF9148464750051C14C /* LICENSES */ = {isa = PBXFileReference; fileEncoding = 4; lastKnownFileType = text; path = LICENSES; sourceTree = "<group>"; };
		8D4C4EFB148464750051C14C /* background_overlay.png */ = {isa = PBXFileReference; lastKnownFileType = image.png; path = background_overlay.png; sourceTree = "<group>"; };
		8D4C4EFC148464750051C14C /* background_overlay@2x.png */ = {isa = PBXFileReference; lastKnownFileType = image.png; path = "background_overlay@2x.png"; sourceTree = "<group>"; };
		8D4C4EFD148464750051C14C /* Balloon_1.png */ = {isa = PBXFileReference; lastKnownFileType = image.png; path = Balloon_1.png; sourceTree = "<group>"; };
		8D4C4EFE148464750051C14C /* Balloon_2.png */ = {isa = PBXFileReference; lastKnownFileType = image.png; path = Balloon_2.png; sourceTree = "<group>"; };
		8D4C4EFF148464750051C14C /* bluedot.png */ = {isa = PBXFileReference; lastKnownFileType = image.png; path = bluedot.png; sourceTree = "<group>"; };
		8D4C4F00148464750051C14C /* button_base.png */ = {isa = PBXFileReference; lastKnownFileType = image.png; path = button_base.png; sourceTree = "<group>"; };
		8D4C4F01148464750051C14C /* button_base@2x.png */ = {isa = PBXFileReference; lastKnownFileType = image.png; path = "button_base@2x.png"; sourceTree = "<group>"; };
		8D4C4F02148464750051C14C /* cancel.png */ = {isa = PBXFileReference; lastKnownFileType = image.png; path = cancel.png; sourceTree = "<group>"; };
		8D4C4F04148464750051C14C /* de */ = {isa = PBXFileReference; lastKnownFileType = text.plist.strings; name = de; path = de.lproj/JMCLocalizable.strings; sourceTree = "<group>"; };
		8D4C4F05148464750051C14C /* en */ = {isa = PBXFileReference; lastKnownFileType = text.plist.strings; name = en; path = en.lproj/JMCLocalizable.strings; sourceTree = "<group>"; };
		8D4C4F06148464750051C14C /* icon_capture.png */ = {isa = PBXFileReference; lastKnownFileType = image.png; path = icon_capture.png; sourceTree = "<group>"; };
		8D4C4F07148464750051C14C /* icon_capture@2x.png */ = {isa = PBXFileReference; lastKnownFileType = image.png; path = "icon_capture@2x.png"; sourceTree = "<group>"; };
		8D4C4F08148464750051C14C /* icon_record.png */ = {isa = PBXFileReference; lastKnownFileType = image.png; path = icon_record.png; sourceTree = "<group>"; };
		8D4C4F09148464750051C14C /* icon_record@2x.png */ = {isa = PBXFileReference; lastKnownFileType = image.png; path = "icon_record@2x.png"; sourceTree = "<group>"; };
		8D4C4F0A148464750051C14C /* icon_record_1.png */ = {isa = PBXFileReference; lastKnownFileType = image.png; path = icon_record_1.png; sourceTree = "<group>"; };
		8D4C4F0B148464750051C14C /* icon_record_1@2x.png */ = {isa = PBXFileReference; lastKnownFileType = image.png; path = "icon_record_1@2x.png"; sourceTree = "<group>"; };
		8D4C4F0C148464750051C14C /* icon_record_2.png */ = {isa = PBXFileReference; lastKnownFileType = image.png; path = icon_record_2.png; sourceTree = "<group>"; };
		8D4C4F0D148464750051C14C /* icon_record_2@2x.png */ = {isa = PBXFileReference; lastKnownFileType = image.png; path = "icon_record_2@2x.png"; sourceTree = "<group>"; };
		8D4C4F0E148464750051C14C /* icon_record_3.png */ = {isa = PBXFileReference; lastKnownFileType = image.png; path = icon_record_3.png; sourceTree = "<group>"; };
		8D4C4F0F148464750051C14C /* icon_record_3@2x.png */ = {isa = PBXFileReference; lastKnownFileType = image.png; path = "icon_record_3@2x.png"; sourceTree = "<group>"; };
		8D4C4F10148464750051C14C /* icon_record_4.png */ = {isa = PBXFileReference; lastKnownFileType = image.png; path = icon_record_4.png; sourceTree = "<group>"; };
		8D4C4F11148464750051C14C /* icon_record_4@2x.png */ = {isa = PBXFileReference; lastKnownFileType = image.png; path = "icon_record_4@2x.png"; sourceTree = "<group>"; };
		8D4C4F12148464750051C14C /* icon_record_5.png */ = {isa = PBXFileReference; lastKnownFileType = image.png; path = icon_record_5.png; sourceTree = "<group>"; };
		8D4C4F13148464750051C14C /* icon_record_5@2x.png */ = {isa = PBXFileReference; lastKnownFileType = image.png; path = "icon_record_5@2x.png"; sourceTree = "<group>"; };
		8D4C4F14148464750051C14C /* icon_record_6.png */ = {isa = PBXFileReference; lastKnownFileType = image.png; path = icon_record_6.png; sourceTree = "<group>"; };
		8D4C4F15148464750051C14C /* icon_record_6@2x.png */ = {isa = PBXFileReference; lastKnownFileType = image.png; path = "icon_record_6@2x.png"; sourceTree = "<group>"; };
		8D4C4F16148464750051C14C /* icon_record_7.png */ = {isa = PBXFileReference; lastKnownFileType = image.png; path = icon_record_7.png; sourceTree = "<group>"; };
		8D4C4F17148464750051C14C /* icon_record_7@2x.png */ = {isa = PBXFileReference; lastKnownFileType = image.png; path = "icon_record_7@2x.png"; sourceTree = "<group>"; };
		8D4C4F18148464750051C14C /* icon_record_8.png */ = {isa = PBXFileReference; lastKnownFileType = image.png; path = icon_record_8.png; sourceTree = "<group>"; };
		8D4C4F19148464750051C14C /* icon_record_8@2x.png */ = {isa = PBXFileReference; lastKnownFileType = image.png; path = "icon_record_8@2x.png"; sourceTree = "<group>"; };
		8D4C4F1A148464750051C14C /* icon_record_active.png */ = {isa = PBXFileReference; lastKnownFileType = image.png; path = icon_record_active.png; sourceTree = "<group>"; };
		8D4C4F1B148464750051C14C /* icon_record_active@2x.png */ = {isa = PBXFileReference; lastKnownFileType = image.png; path = "icon_record_active@2x.png"; sourceTree = "<group>"; };
		8D4C4F1C148464750051C14C /* icon_record_pulse.png */ = {isa = PBXFileReference; lastKnownFileType = image.png; path = icon_record_pulse.png; sourceTree = "<group>"; };
		8D4C4F1D148464750051C14C /* icon_record_pulse@2x.png */ = {isa = PBXFileReference; lastKnownFileType = image.png; path = "icon_record_pulse@2x.png"; sourceTree = "<group>"; };
		8D4C4F1E148464750051C14C /* icon_recording.png */ = {isa = PBXFileReference; lastKnownFileType = image.png; path = icon_recording.png; sourceTree = "<group>"; };
		8D4C4F1F148464750051C14C /* icon_recording@2x.png */ = {isa = PBXFileReference; lastKnownFileType = image.png; path = "icon_recording@2x.png"; sourceTree = "<group>"; };
		8D4C4F20148464750051C14C /* megaphone.png */ = {isa = PBXFileReference; lastKnownFileType = image.png; path = megaphone.png; sourceTree = "<group>"; };
		8D4C4F21148464750051C14C /* megaphone@2x.png */ = {isa = PBXFileReference; lastKnownFileType = image.png; path = "megaphone@2x.png"; sourceTree = "<group>"; };
		8D4C4F22148464750051C14C /* notsent.png */ = {isa = PBXFileReference; lastKnownFileType = image.png; path = notsent.png; sourceTree = "<group>"; };
		8D4C4F23148464750051C14C /* notsent@2x.png */ = {isa = PBXFileReference; lastKnownFileType = image.png; path = "notsent@2x.png"; sourceTree = "<group>"; };
		8DEE23591479D9FB00E3CABF /* QuartzCore.framework */ = {isa = PBXFileReference; lastKnownFileType = wrapper.framework; name = QuartzCore.framework; path = System/Library/Frameworks/QuartzCore.framework; sourceTree = SDKROOT; };
		8DEE258D1479EC2C00E3CABF /* JSON.h */ = {isa = PBXFileReference; fileEncoding = 4; lastKnownFileType = sourcecode.c.h; path = JSON.h; sourceTree = "<group>"; };
		8DEE258E1479EC2C00E3CABF /* NSObject+JSON.h */ = {isa = PBXFileReference; fileEncoding = 4; lastKnownFileType = sourcecode.c.h; path = "NSObject+JSON.h"; sourceTree = "<group>"; };
		8DEE258F1479EC2C00E3CABF /* NSObject+JSON.m */ = {isa = PBXFileReference; fileEncoding = 4; lastKnownFileType = sourcecode.c.objc; path = "NSObject+JSON.m"; sourceTree = "<group>"; };
		8DEE25901479EC2C00E3CABF /* SBJsonParser.h */ = {isa = PBXFileReference; fileEncoding = 4; lastKnownFileType = sourcecode.c.h; path = SBJsonParser.h; sourceTree = "<group>"; };
		8DEE25911479EC2C00E3CABF /* SBJsonParser.m */ = {isa = PBXFileReference; fileEncoding = 4; lastKnownFileType = sourcecode.c.objc; path = SBJsonParser.m; sourceTree = "<group>"; };
		8DEE25921479EC2C00E3CABF /* SBJsonStreamParser.h */ = {isa = PBXFileReference; fileEncoding = 4; lastKnownFileType = sourcecode.c.h; path = SBJsonStreamParser.h; sourceTree = "<group>"; };
		8DEE25931479EC2C00E3CABF /* SBJsonStreamParser.m */ = {isa = PBXFileReference; fileEncoding = 4; lastKnownFileType = sourcecode.c.objc; path = SBJsonStreamParser.m; sourceTree = "<group>"; };
		8DEE25941479EC2C00E3CABF /* SBJsonStreamParserAdapter.h */ = {isa = PBXFileReference; fileEncoding = 4; lastKnownFileType = sourcecode.c.h; path = SBJsonStreamParserAdapter.h; sourceTree = "<group>"; };
		8DEE25951479EC2C00E3CABF /* SBJsonStreamParserAdapter.m */ = {isa = PBXFileReference; fileEncoding = 4; lastKnownFileType = sourcecode.c.objc; path = SBJsonStreamParserAdapter.m; sourceTree = "<group>"; };
		8DEE25961479EC2C00E3CABF /* SBJsonStreamParserState.h */ = {isa = PBXFileReference; fileEncoding = 4; lastKnownFileType = sourcecode.c.h; path = SBJsonStreamParserState.h; sourceTree = "<group>"; };
		8DEE25971479EC2C00E3CABF /* SBJsonStreamParserState.m */ = {isa = PBXFileReference; fileEncoding = 4; lastKnownFileType = sourcecode.c.objc; path = SBJsonStreamParserState.m; sourceTree = "<group>"; };
		8DEE25981479EC2C00E3CABF /* SBJsonStreamWriter.h */ = {isa = PBXFileReference; fileEncoding = 4; lastKnownFileType = sourcecode.c.h; path = SBJsonStreamWriter.h; sourceTree = "<group>"; };
		8DEE25991479EC2C00E3CABF /* SBJsonStreamWriter.m */ = {isa = PBXFileReference; fileEncoding = 4; lastKnownFileType = sourcecode.c.objc; path = SBJsonStreamWriter.m; sourceTree = "<group>"; };
		8DEE259A1479EC2C00E3CABF /* SBJsonStreamWriterState.h */ = {isa = PBXFileReference; fileEncoding = 4; lastKnownFileType = sourcecode.c.h; path = SBJsonStreamWriterState.h; sourceTree = "<group>"; };
		8DEE259B1479EC2C00E3CABF /* SBJsonStreamWriterState.m */ = {isa = PBXFileReference; fileEncoding = 4; lastKnownFileType = sourcecode.c.objc; path = SBJsonStreamWriterState.m; sourceTree = "<group>"; };
		8DEE259C1479EC2C00E3CABF /* SBJsonTokeniser.h */ = {isa = PBXFileReference; fileEncoding = 4; lastKnownFileType = sourcecode.c.h; path = SBJsonTokeniser.h; sourceTree = "<group>"; };
		8DEE259D1479EC2C00E3CABF /* SBJsonTokeniser.m */ = {isa = PBXFileReference; fileEncoding = 4; lastKnownFileType = sourcecode.c.objc; path = SBJsonTokeniser.m; sourceTree = "<group>"; };
		8DEE259E1479EC2C00E3CABF /* SBJsonWriter.h */ = {isa = PBXFileReference; fileEncoding = 4; lastKnownFileType = sourcecode.c.h; path = SBJsonWriter.h; sourceTree = "<group>"; };
		8DEE259F1479EC2C00E3CABF /* SBJsonWriter.m */ = {isa = PBXFileReference; fileEncoding = 4; lastKnownFileType = sourcecode.c.objc; path = SBJsonWriter.m; sourceTree = "<group>"; };
/* End PBXFileReference section */

/* Begin PBXFrameworksBuildPhase section */
		01808B2E1450454E00284012 /* Frameworks */ = {
			isa = PBXFrameworksBuildPhase;
			buildActionMask = 2147483647;
			files = (
				8DEE235A1479D9FB00E3CABF /* QuartzCore.framework in Frameworks */,
				01808B361450454E00284012 /* UIKit.framework in Frameworks */,
				01808B381450454E00284012 /* Foundation.framework in Frameworks */,
				01808B3A1450454E00284012 /* CoreGraphics.framework in Frameworks */,
				01808C7C145045F300284012 /* CFNetwork.framework in Frameworks */,
				01808C7D145045F300284012 /* MobileCoreServices.framework in Frameworks */,
				01808C7E145045F300284012 /* AVFoundation.framework in Frameworks */,
				01808C7F145045F300284012 /* SystemConfiguration.framework in Frameworks */,
				01808C81145045F300284012 /* libsqlite3.dylib in Frameworks */,
				01808C82145045F300284012 /* CoreLocation.framework in Frameworks */,
				01808C83145045F300284012 /* UIKit.framework in Frameworks */,
				01808C84145045F300284012 /* Foundation.framework in Frameworks */,
				01808C85145045F300284012 /* CoreGraphics.framework in Frameworks */,
				8D4C4F52148464750051C14C /* CrashReporter.framework in Frameworks */,
			);
			runOnlyForDeploymentPostprocessing = 0;
		};
/* End PBXFrameworksBuildPhase section */

/* Begin PBXGroup section */
		01808B261450454E00284012 = {
			isa = PBXGroup;
			children = (
				01808B3B1450454E00284012 /* AngryNerds4iPad */,
				01808B341450454E00284012 /* Frameworks */,
				01808B321450454E00284012 /* Products */,
			);
			sourceTree = "<group>";
		};
		01808B321450454E00284012 /* Products */ = {
			isa = PBXGroup;
			children = (
				01808B311450454E00284012 /* AngryNerds4iPad.app */,
			);
			name = Products;
			sourceTree = "<group>";
		};
		01808B341450454E00284012 /* Frameworks */ = {
			isa = PBXGroup;
			children = (
				8DEE23591479D9FB00E3CABF /* QuartzCore.framework */,
				01808C72145045F300284012 /* CFNetwork.framework */,
				01808C73145045F300284012 /* MobileCoreServices.framework */,
				01808C74145045F300284012 /* AVFoundation.framework */,
				01808C75145045F300284012 /* SystemConfiguration.framework */,
				01808C76145045F300284012 /* libz.dylib */,
				01808C77145045F300284012 /* libsqlite3.dylib */,
				01808C78145045F300284012 /* CoreLocation.framework */,
				01808C79145045F300284012 /* UIKit.framework */,
				01808C7A145045F300284012 /* Foundation.framework */,
				01808C7B145045F300284012 /* CoreGraphics.framework */,
				01808B351450454E00284012 /* UIKit.framework */,
				01808B371450454E00284012 /* Foundation.framework */,
				01808B391450454E00284012 /* CoreGraphics.framework */,
			);
			name = Frameworks;
			sourceTree = "<group>";
		};
		01808B3B1450454E00284012 /* AngryNerds4iPad */ = {
			isa = PBXGroup;
			children = (
				8D4C4E8C148464750051C14C /* JMCClasses */,
				8DEE258C1479EC2C00E3CABF /* SBJSON */,
				01808B441450454E00284012 /* AppDelegate.h */,
				01808B451450454E00284012 /* AppDelegate.m */,
				01808B471450454E00284012 /* ViewController.h */,
				01808B481450454E00284012 /* ViewController.m */,
				01808B4A1450454E00284012 /* ViewController.xib */,
				01808B3C1450454E00284012 /* Supporting Files */,
			);
			path = AngryNerds4iPad;
			sourceTree = "<group>";
		};
		01808B3C1450454E00284012 /* Supporting Files */ = {
			isa = PBXGroup;
			children = (
				01808B3D1450454E00284012 /* AngryNerds4iPad-Info.plist */,
				01808B3E1450454E00284012 /* InfoPlist.strings */,
				01808B411450454E00284012 /* main.m */,
				01808B431450454E00284012 /* AngryNerds4iPad-Prefix.pch */,
			);
			name = "Supporting Files";
			sourceTree = "<group>";
		};
		8D4C4E8C148464750051C14C /* JMCClasses */ = {
			isa = PBXGroup;
			children = (
				8D4C4E8D148464750051C14C /* Base */,
				8D4C4E97148464750051C14C /* Core */,
				8D4C4EF4148464750051C14C /* Libraries */,
				8D4C4EF9148464750051C14C /* LICENSES */,
				8D4C4EFA148464750051C14C /* Resources */,
			);
			name = JMCClasses;
			path = ../../../JIRAConnect/JMCClasses;
			sourceTree = "<group>";
		};
		8D4C4E8D148464750051C14C /* Base */ = {
			isa = PBXGroup;
			children = (
				8D4C4E8E148464750051C14C /* JMC.h */,
				8D4C4E8F148464750051C14C /* JMC.m */,
				8D4C4E90148464750051C14C /* JMCAttachmentItem.h */,
				8D4C4E91148464750051C14C /* JMCAttachmentItem.m */,
				8D4C4E92148464750051C14C /* JMCCustomDataSource.h */,
				8D4C4E93148464750051C14C /* JMCMacros.h */,
				8D4C4E94148464750051C14C /* JMCViewController.h */,
				8D4C4E95148464750051C14C /* JMCViewController.m */,
				8D4C4E96148464750051C14C /* JMCViewController.xib */,
			);
			path = Base;
			sourceTree = "<group>";
		};
		8D4C4E97148464750051C14C /* Core */ = {
			isa = PBXGroup;
			children = (
				8D4C4E98148464750051C14C /* attachments */,
				8D4C4E9C148464750051C14C /* audio */,
				8D4C4E9F148464750051C14C /* crashes */,
				8D4C4EA2148464750051C14C /* database */,
				8D4C4EA9148464750051C14C /* image */,
				8D4C4EB0148464750051C14C /* inbox */,
				8D4C4EC1148464750051C14C /* model */,
				8D4C4EC6148464750051C14C /* queue */,
				8D4C4ECB148464750051C14C /* sketch */,
				8D4C4EDA148464750051C14C /* transport */,
				8D4C4EED148464750051C14C /* views */,
			);
			path = Core;
			sourceTree = "<group>";
		};
		8D4C4E98148464750051C14C /* attachments */ = {
			isa = PBXGroup;
			children = (
				8D4C4E99148464750051C14C /* JMCAttachmentsView.xib */,
				8D4C4E9A148464750051C14C /* JMCAttachmentsViewController.h */,
				8D4C4E9B148464750051C14C /* JMCAttachmentsViewController.m */,
			);
			path = attachments;
			sourceTree = "<group>";
		};
		8D4C4E9C148464750051C14C /* audio */ = {
			isa = PBXGroup;
			children = (
				8D4C4E9D148464750051C14C /* JMCRecorder.h */,
				8D4C4E9E148464750051C14C /* JMCRecorder.m */,
			);
			path = audio;
			sourceTree = "<group>";
		};
		8D4C4E9F148464750051C14C /* crashes */ = {
			isa = PBXGroup;
			children = (
				8D4C4EA0148464750051C14C /* CrashReporter.h */,
				8D4C4EA1148464750051C14C /* CrashReporter.m */,
			);
			path = crashes;
			sourceTree = "<group>";
		};
		8D4C4EA2148464750051C14C /* database */ = {
			isa = PBXGroup;
			children = (
				8D4C4EA3148464750051C14C /* JMCDatabase+JMCDatabaseAdditions.h */,
				8D4C4EA4148464750051C14C /* JMCDatabase+JMCDatabaseAdditions.m */,
				8D4C4EA5148464750051C14C /* JMCDatabase.h */,
				8D4C4EA6148464750051C14C /* JMCDatabase.m */,
				8D4C4EA7148464750051C14C /* JMCResultSet.h */,
				8D4C4EA8148464750051C14C /* JMCResultSet.m */,
			);
			path = database;
			sourceTree = "<group>";
		};
		8D4C4EA9148464750051C14C /* image */ = {
			isa = PBXGroup;
			children = (
				8D4C4EAA148464750051C14C /* UIImage+JMCAlpha.h */,
				8D4C4EAB148464750051C14C /* UIImage+JMCAlpha.m */,
				8D4C4EAC148464750051C14C /* UIImage+JMCResize.h */,
				8D4C4EAD148464750051C14C /* UIImage+JMCResize.m */,
				8D4C4EAE148464750051C14C /* UIImage+JMCRoundedCorner.h */,
				8D4C4EAF148464750051C14C /* UIImage+JMCRoundedCorner.m */,
			);
			path = image;
			sourceTree = "<group>";
		};
		8D4C4EB0148464750051C14C /* inbox */ = {
			isa = PBXGroup;
			children = (
				8D4C4EB1148464750051C14C /* JMCIssuePreviewCell.h */,
				8D4C4EB2148464750051C14C /* JMCIssuePreviewCell.m */,
				8D4C4EB3148464750051C14C /* JMCIssuePreviewCell.xib */,
				8D4C4EB4148464750051C14C /* JMCIssueStore.h */,
				8D4C4EB5148464750051C14C /* JMCIssueStore.m */,
				8D4C4EB6148464750051C14C /* JMCIssuesViewController.h */,
				8D4C4EB7148464750051C14C /* JMCIssuesViewController.m */,
				8D4C4EB8148464750051C14C /* JMCIssueViewController.h */,
				8D4C4EB9148464750051C14C /* JMCIssueViewController.m */,
				8D4C4EBA148464750051C14C /* JMCIssueViewController.xib */,
				8D4C4EBB148464750051C14C /* JMCMessageBubble.h */,
				8D4C4EBC148464750051C14C /* JMCMessageBubble.m */,
				8D4C4EBD148464750051C14C /* JMCMessageCell.h */,
				8D4C4EBE148464750051C14C /* JMCMessageCell.m */,
				8D4C4EBF148464750051C14C /* JMCNotifier.h */,
				8D4C4EC0148464750051C14C /* JMCNotifier.m */,
			);
			path = inbox;
			sourceTree = "<group>";
		};
		8D4C4EC1148464750051C14C /* model */ = {
			isa = PBXGroup;
			children = (
				8D4C4EC2148464750051C14C /* JMCComment.h */,
				8D4C4EC3148464750051C14C /* JMCComment.m */,
				8D4C4EC4148464750051C14C /* JMCIssue.h */,
				8D4C4EC5148464750051C14C /* JMCIssue.m */,
			);
			path = model;
			sourceTree = "<group>";
		};
		8D4C4EC6148464750051C14C /* queue */ = {
			isa = PBXGroup;
			children = (
				8D4C4EC7148464750051C14C /* JMCQueueItem.h */,
				8D4C4EC8148464750051C14C /* JMCQueueItem.m */,
				8D4C4EC9148464750051C14C /* JMCRequestQueue.h */,
				8D4C4ECA148464750051C14C /* JMCRequestQueue.m */,
			);
			path = queue;
			sourceTree = "<group>";
		};
		8D4C4ECB148464750051C14C /* sketch */ = {
			isa = PBXGroup;
			children = (
				8D4C4ECC148464750051C14C /* JMCLine.h */,
				8D4C4ECD148464750051C14C /* JMCLine.m */,
				8D4C4ECE148464750051C14C /* JMCSketch.h */,
				8D4C4ECF148464750051C14C /* JMCSketch.m */,
				8D4C4ED0148464750051C14C /* JMCSketchContainerView.h */,
				8D4C4ED1148464750051C14C /* JMCSketchContainerView.m */,
				8D4C4ED2148464750051C14C /* JMCSketchScrollView.h */,
				8D4C4ED3148464750051C14C /* JMCSketchScrollView.m */,
				8D4C4ED4148464750051C14C /* JMCSketchView.h */,
				8D4C4ED5148464750051C14C /* JMCSketchView.m */,
				8D4C4ED6148464750051C14C /* JMCSketchViewController.h */,
				8D4C4ED7148464750051C14C /* JMCSketchViewController.m */,
				8D4C4ED8148464750051C14C /* JMCSketchViewController.xib */,
				8D4C4ED9148464750051C14C /* JMCSketchViewControllerDelegate.h */,
			);
			path = sketch;
			sourceTree = "<group>";
		};
		8D4C4EDA148464750051C14C /* transport */ = {
			isa = PBXGroup;
			children = (
				8D4C4EDB148464750051C14C /* JMCCrashSender.h */,
				8D4C4EDC148464750051C14C /* JMCCrashSender.m */,
				8D4C4EDD148464750051C14C /* JMCCrashTransport.h */,
				8D4C4EDE148464750051C14C /* JMCCrashTransport.m */,
				8D4C4EDF148464750051C14C /* JMCCreateIssueDelegate.h */,
				8D4C4EE0148464750051C14C /* JMCCreateIssueDelegate.m */,
				8D4C4EE1148464750051C14C /* JMCIssueTransport.h */,
				8D4C4EE2148464750051C14C /* JMCIssueTransport.m */,
				8D4C4EE3148464750051C14C /* JMCPing.h */,
				8D4C4EE4148464750051C14C /* JMCPing.m */,
				8D4C4EE5148464750051C14C /* JMCReplyDelegate.h */,
				8D4C4EE6148464750051C14C /* JMCReplyDelegate.m */,
				8D4C4EE7148464750051C14C /* JMCReplyTransport.h */,
				8D4C4EE8148464750051C14C /* JMCReplyTransport.m */,
				8D4C4EE9148464750051C14C /* JMCTransport.h */,
				8D4C4EEA148464750051C14C /* JMCTransport.m */,
				8D4C4EEB148464750051C14C /* JMCTransportOperation.h */,
				8D4C4EEC148464750051C14C /* JMCTransportOperation.m */,
			);
			path = transport;
			sourceTree = "<group>";
		};
		8D4C4EED148464750051C14C /* views */ = {
			isa = PBXGroup;
			children = (
				8D4C4EEE148464750051C14C /* JMCToolbarButton.h */,
				8D4C4EEF148464750051C14C /* JMCToolbarButton.m */,
				8D4C4EF0148464750051C14C /* UILabel+JMCVerticalAlign.h */,
				8D4C4EF1148464750051C14C /* UILabel+JMCVerticalAlign.m */,
				8D4C4EF2148464750051C14C /* UIView+JMCAdditions.h */,
				8D4C4EF3148464750051C14C /* UIView+JMCAdditions.m */,
			);
			path = views;
			sourceTree = "<group>";
		};
		8D4C4EF4148464750051C14C /* Libraries */ = {
			isa = PBXGroup;
			children = (
				8D4C4EF5148464750051C14C /* CrashReporter.framework */,
				8D4C4EF6148464750051C14C /* Reachability */,
			);
			path = Libraries;
			sourceTree = "<group>";
		};
		8D4C4EF6148464750051C14C /* Reachability */ = {
			isa = PBXGroup;
			children = (
				8D4C4EF7148464750051C14C /* Reachability.h */,
				8D4C4EF8148464750051C14C /* Reachability.m */,
			);
			path = Reachability;
			sourceTree = "<group>";
		};
		8D4C4EFA148464750051C14C /* Resources */ = {
			isa = PBXGroup;
			children = (
				8D4C4EFB148464750051C14C /* background_overlay.png */,
				8D4C4EFC148464750051C14C /* background_overlay@2x.png */,
				8D4C4EFD148464750051C14C /* Balloon_1.png */,
				8D4C4EFE148464750051C14C /* Balloon_2.png */,
				8D4C4EFF148464750051C14C /* bluedot.png */,
				8D4C4F00148464750051C14C /* button_base.png */,
				8D4C4F01148464750051C14C /* button_base@2x.png */,
				8D4C4F02148464750051C14C /* cancel.png */,
				8D4C4F03148464750051C14C /* JMCLocalizable.strings */,
				8D4C4F06148464750051C14C /* icon_capture.png */,
				8D4C4F07148464750051C14C /* icon_capture@2x.png */,
				8D4C4F08148464750051C14C /* icon_record.png */,
				8D4C4F09148464750051C14C /* icon_record@2x.png */,
				8D4C4F0A148464750051C14C /* icon_record_1.png */,
				8D4C4F0B148464750051C14C /* icon_record_1@2x.png */,
				8D4C4F0C148464750051C14C /* icon_record_2.png */,
				8D4C4F0D148464750051C14C /* icon_record_2@2x.png */,
				8D4C4F0E148464750051C14C /* icon_record_3.png */,
				8D4C4F0F148464750051C14C /* icon_record_3@2x.png */,
				8D4C4F10148464750051C14C /* icon_record_4.png */,
				8D4C4F11148464750051C14C /* icon_record_4@2x.png */,
				8D4C4F12148464750051C14C /* icon_record_5.png */,
				8D4C4F13148464750051C14C /* icon_record_5@2x.png */,
				8D4C4F14148464750051C14C /* icon_record_6.png */,
				8D4C4F15148464750051C14C /* icon_record_6@2x.png */,
				8D4C4F16148464750051C14C /* icon_record_7.png */,
				8D4C4F17148464750051C14C /* icon_record_7@2x.png */,
				8D4C4F18148464750051C14C /* icon_record_8.png */,
				8D4C4F19148464750051C14C /* icon_record_8@2x.png */,
				8D4C4F1A148464750051C14C /* icon_record_active.png */,
				8D4C4F1B148464750051C14C /* icon_record_active@2x.png */,
				8D4C4F1C148464750051C14C /* icon_record_pulse.png */,
				8D4C4F1D148464750051C14C /* icon_record_pulse@2x.png */,
				8D4C4F1E148464750051C14C /* icon_recording.png */,
				8D4C4F1F148464750051C14C /* icon_recording@2x.png */,
				8D4C4F20148464750051C14C /* megaphone.png */,
				8D4C4F21148464750051C14C /* megaphone@2x.png */,
				8D4C4F22148464750051C14C /* notsent.png */,
				8D4C4F23148464750051C14C /* notsent@2x.png */,
			);
			path = Resources;
			sourceTree = "<group>";
		};
		8DEE258C1479EC2C00E3CABF /* SBJSON */ = {
			isa = PBXGroup;
			children = (
				8DEE258D1479EC2C00E3CABF /* JSON.h */,
				8DEE258E1479EC2C00E3CABF /* NSObject+JSON.h */,
				8DEE258F1479EC2C00E3CABF /* NSObject+JSON.m */,
				8DEE25901479EC2C00E3CABF /* SBJsonParser.h */,
				8DEE25911479EC2C00E3CABF /* SBJsonParser.m */,
				8DEE25921479EC2C00E3CABF /* SBJsonStreamParser.h */,
				8DEE25931479EC2C00E3CABF /* SBJsonStreamParser.m */,
				8DEE25941479EC2C00E3CABF /* SBJsonStreamParserAdapter.h */,
				8DEE25951479EC2C00E3CABF /* SBJsonStreamParserAdapter.m */,
				8DEE25961479EC2C00E3CABF /* SBJsonStreamParserState.h */,
				8DEE25971479EC2C00E3CABF /* SBJsonStreamParserState.m */,
				8DEE25981479EC2C00E3CABF /* SBJsonStreamWriter.h */,
				8DEE25991479EC2C00E3CABF /* SBJsonStreamWriter.m */,
				8DEE259A1479EC2C00E3CABF /* SBJsonStreamWriterState.h */,
				8DEE259B1479EC2C00E3CABF /* SBJsonStreamWriterState.m */,
				8DEE259C1479EC2C00E3CABF /* SBJsonTokeniser.h */,
				8DEE259D1479EC2C00E3CABF /* SBJsonTokeniser.m */,
				8DEE259E1479EC2C00E3CABF /* SBJsonWriter.h */,
				8DEE259F1479EC2C00E3CABF /* SBJsonWriter.m */,
			);
			path = SBJSON;
			sourceTree = "<group>";
		};
/* End PBXGroup section */

/* Begin PBXNativeTarget section */
		01808B301450454E00284012 /* AngryNerds4iPad */ = {
			isa = PBXNativeTarget;
			buildConfigurationList = 01808B4F1450454E00284012 /* Build configuration list for PBXNativeTarget "AngryNerds4iPad" */;
			buildPhases = (
				01808B2D1450454E00284012 /* Sources */,
				01808B2E1450454E00284012 /* Frameworks */,
				01808B2F1450454E00284012 /* Resources */,
			);
			buildRules = (
			);
			dependencies = (
			);
			name = AngryNerds4iPad;
			productName = AngryNerds4iPad;
			productReference = 01808B311450454E00284012 /* AngryNerds4iPad.app */;
			productType = "com.apple.product-type.application";
		};
/* End PBXNativeTarget section */

/* Begin PBXProject section */
		01808B281450454E00284012 /* Project object */ = {
			isa = PBXProject;
			attributes = {
				LastUpgradeCheck = 0420;
				ORGANIZATIONNAME = "Nick Pellow";
			};
			buildConfigurationList = 01808B2B1450454E00284012 /* Build configuration list for PBXProject "AngryNerds4iPad" */;
			compatibilityVersion = "Xcode 3.2";
			developmentRegion = English;
			hasScannedForEncodings = 0;
			knownRegions = (
				en,
				de,
				English,
			);
			mainGroup = 01808B261450454E00284012;
			productRefGroup = 01808B321450454E00284012 /* Products */;
			projectDirPath = "";
			projectRoot = "";
			targets = (
				01808B301450454E00284012 /* AngryNerds4iPad */,
			);
		};
/* End PBXProject section */

/* Begin PBXResourcesBuildPhase section */
		01808B2F1450454E00284012 /* Resources */ = {
			isa = PBXResourcesBuildPhase;
			buildActionMask = 2147483647;
			files = (
				01808B401450454E00284012 /* InfoPlist.strings in Resources */,
				01808B4C1450454E00284012 /* ViewController.xib in Resources */,
				8D4C4F27148464750051C14C /* JMCViewController.xib in Resources */,
				8D4C4F28148464750051C14C /* JMCAttachmentsView.xib in Resources */,
				8D4C4F33148464750051C14C /* JMCIssuePreviewCell.xib in Resources */,
				8D4C4F37148464750051C14C /* JMCIssueViewController.xib in Resources */,
				8D4C4F45148464750051C14C /* JMCSketchViewController.xib in Resources */,
				8D4C4F54148464750051C14C /* LICENSES in Resources */,
				8D4C4F55148464750051C14C /* background_overlay.png in Resources */,
				8D4C4F56148464750051C14C /* background_overlay@2x.png in Resources */,
				8D4C4F57148464750051C14C /* Balloon_1.png in Resources */,
				8D4C4F58148464750051C14C /* Balloon_2.png in Resources */,
				8D4C4F59148464750051C14C /* bluedot.png in Resources */,
				8D4C4F5A148464750051C14C /* button_base.png in Resources */,
				8D4C4F5B148464750051C14C /* button_base@2x.png in Resources */,
				8D4C4F5C148464750051C14C /* cancel.png in Resources */,
				8D4C4F5D148464750051C14C /* JMCLocalizable.strings in Resources */,
				8D4C4F5E148464750051C14C /* icon_capture.png in Resources */,
				8D4C4F5F148464750051C14C /* icon_capture@2x.png in Resources */,
				8D4C4F60148464750051C14C /* icon_record.png in Resources */,
				8D4C4F61148464750051C14C /* icon_record@2x.png in Resources */,
				8D4C4F62148464750051C14C /* icon_record_1.png in Resources */,
				8D4C4F63148464750051C14C /* icon_record_1@2x.png in Resources */,
				8D4C4F64148464750051C14C /* icon_record_2.png in Resources */,
				8D4C4F65148464750051C14C /* icon_record_2@2x.png in Resources */,
				8D4C4F66148464750051C14C /* icon_record_3.png in Resources */,
				8D4C4F67148464750051C14C /* icon_record_3@2x.png in Resources */,
				8D4C4F68148464750051C14C /* icon_record_4.png in Resources */,
				8D4C4F69148464750051C14C /* icon_record_4@2x.png in Resources */,
				8D4C4F6A148464750051C14C /* icon_record_5.png in Resources */,
				8D4C4F6B148464750051C14C /* icon_record_5@2x.png in Resources */,
				8D4C4F6C148464750051C14C /* icon_record_6.png in Resources */,
				8D4C4F6D148464750051C14C /* icon_record_6@2x.png in Resources */,
				8D4C4F6E148464750051C14C /* icon_record_7.png in Resources */,
				8D4C4F6F148464750051C14C /* icon_record_7@2x.png in Resources */,
				8D4C4F70148464750051C14C /* icon_record_8.png in Resources */,
				8D4C4F71148464750051C14C /* icon_record_8@2x.png in Resources */,
				8D4C4F72148464750051C14C /* icon_record_active.png in Resources */,
				8D4C4F73148464750051C14C /* icon_record_active@2x.png in Resources */,
				8D4C4F74148464750051C14C /* icon_record_pulse.png in Resources */,
				8D4C4F75148464750051C14C /* icon_record_pulse@2x.png in Resources */,
				8D4C4F76148464750051C14C /* icon_recording.png in Resources */,
				8D4C4F77148464750051C14C /* icon_recording@2x.png in Resources */,
				8D4C4F78148464750051C14C /* megaphone.png in Resources */,
				8D4C4F79148464750051C14C /* megaphone@2x.png in Resources */,
				8D4C4F7A148464750051C14C /* notsent.png in Resources */,
				8D4C4F7B148464750051C14C /* notsent@2x.png in Resources */,
			);
			runOnlyForDeploymentPostprocessing = 0;
		};
/* End PBXResourcesBuildPhase section */

/* Begin PBXSourcesBuildPhase section */
		01808B2D1450454E00284012 /* Sources */ = {
			isa = PBXSourcesBuildPhase;
			buildActionMask = 2147483647;
			files = (
				01808B421450454E00284012 /* main.m in Sources */,
				01808B461450454E00284012 /* AppDelegate.m in Sources */,
				01808B491450454E00284012 /* ViewController.m in Sources */,
				8DEE25A01479EC2C00E3CABF /* NSObject+JSON.m in Sources */,
				8DEE25A11479EC2C00E3CABF /* SBJsonParser.m in Sources */,
				8DEE25A21479EC2C00E3CABF /* SBJsonStreamParser.m in Sources */,
				8DEE25A31479EC2C00E3CABF /* SBJsonStreamParserAdapter.m in Sources */,
				8DEE25A41479EC2C00E3CABF /* SBJsonStreamParserState.m in Sources */,
				8DEE25A51479EC2C00E3CABF /* SBJsonStreamWriter.m in Sources */,
				8DEE25A61479EC2C00E3CABF /* SBJsonStreamWriterState.m in Sources */,
				8DEE25A71479EC2C00E3CABF /* SBJsonTokeniser.m in Sources */,
				8DEE25A81479EC2C00E3CABF /* SBJsonWriter.m in Sources */,
				8D4C4F24148464750051C14C /* JMC.m in Sources */,
				8D4C4F25148464750051C14C /* JMCAttachmentItem.m in Sources */,
				8D4C4F26148464750051C14C /* JMCViewController.m in Sources */,
				8D4C4F29148464750051C14C /* JMCAttachmentsViewController.m in Sources */,
				8D4C4F2A148464750051C14C /* JMCRecorder.m in Sources */,
				8D4C4F2B148464750051C14C /* CrashReporter.m in Sources */,
				8D4C4F2C148464750051C14C /* JMCDatabase+JMCDatabaseAdditions.m in Sources */,
				8D4C4F2D148464750051C14C /* JMCDatabase.m in Sources */,
				8D4C4F2E148464750051C14C /* JMCResultSet.m in Sources */,
				8D4C4F2F148464750051C14C /* UIImage+JMCAlpha.m in Sources */,
				8D4C4F30148464750051C14C /* UIImage+JMCResize.m in Sources */,
				8D4C4F31148464750051C14C /* UIImage+JMCRoundedCorner.m in Sources */,
				8D4C4F32148464750051C14C /* JMCIssuePreviewCell.m in Sources */,
				8D4C4F34148464750051C14C /* JMCIssueStore.m in Sources */,
				8D4C4F35148464750051C14C /* JMCIssuesViewController.m in Sources */,
				8D4C4F36148464750051C14C /* JMCIssueViewController.m in Sources */,
				8D4C4F38148464750051C14C /* JMCMessageBubble.m in Sources */,
				8D4C4F39148464750051C14C /* JMCMessageCell.m in Sources */,
				8D4C4F3A148464750051C14C /* JMCNotifier.m in Sources */,
				8D4C4F3B148464750051C14C /* JMCComment.m in Sources */,
				8D4C4F3C148464750051C14C /* JMCIssue.m in Sources */,
				8D4C4F3D148464750051C14C /* JMCQueueItem.m in Sources */,
				8D4C4F3E148464750051C14C /* JMCRequestQueue.m in Sources */,
				8D4C4F3F148464750051C14C /* JMCLine.m in Sources */,
				8D4C4F40148464750051C14C /* JMCSketch.m in Sources */,
				8D4C4F41148464750051C14C /* JMCSketchContainerView.m in Sources */,
				8D4C4F42148464750051C14C /* JMCSketchScrollView.m in Sources */,
				8D4C4F43148464750051C14C /* JMCSketchView.m in Sources */,
				8D4C4F44148464750051C14C /* JMCSketchViewController.m in Sources */,
				8D4C4F46148464750051C14C /* JMCCrashSender.m in Sources */,
				8D4C4F47148464750051C14C /* JMCCrashTransport.m in Sources */,
				8D4C4F48148464750051C14C /* JMCCreateIssueDelegate.m in Sources */,
				8D4C4F49148464750051C14C /* JMCIssueTransport.m in Sources */,
				8D4C4F4A148464750051C14C /* JMCPing.m in Sources */,
				8D4C4F4B148464750051C14C /* JMCReplyDelegate.m in Sources */,
				8D4C4F4C148464750051C14C /* JMCReplyTransport.m in Sources */,
				8D4C4F4D148464750051C14C /* JMCTransport.m in Sources */,
				8D4C4F4E148464750051C14C /* JMCTransportOperation.m in Sources */,
				8D4C4F4F148464750051C14C /* JMCToolbarButton.m in Sources */,
				8D4C4F50148464750051C14C /* UILabel+JMCVerticalAlign.m in Sources */,
				8D4C4F51148464750051C14C /* UIView+JMCAdditions.m in Sources */,
				8D4C4F53148464750051C14C /* Reachability.m in Sources */,
			);
			runOnlyForDeploymentPostprocessing = 0;
		};
/* End PBXSourcesBuildPhase section */

/* Begin PBXVariantGroup section */
		01808B3E1450454E00284012 /* InfoPlist.strings */ = {
			isa = PBXVariantGroup;
			children = (
				01808B3F1450454E00284012 /* en */,
			);
			name = InfoPlist.strings;
			sourceTree = "<group>";
		};
		01808B4A1450454E00284012 /* ViewController.xib */ = {
			isa = PBXVariantGroup;
			children = (
				01808B4B1450454E00284012 /* en */,
			);
			name = ViewController.xib;
			sourceTree = "<group>";
		};
		8D4C4F03148464750051C14C /* JMCLocalizable.strings */ = {
			isa = PBXVariantGroup;
			children = (
				8D4C4F04148464750051C14C /* de */,
				8D4C4F05148464750051C14C /* en */,
			);
			name = JMCLocalizable.strings;
			sourceTree = "<group>";
		};
/* End PBXVariantGroup section */

/* Begin XCBuildConfiguration section */
		01808B4D1450454E00284012 /* Debug */ = {
			isa = XCBuildConfiguration;
			buildSettings = {
				ALWAYS_SEARCH_USER_PATHS = NO;
				ARCHS = "$(ARCHS_STANDARD_32_BIT)";
				"CODE_SIGN_IDENTITY[sdk=iphoneos*]" = "iPhone Developer";
				COPY_PHASE_STRIP = NO;
				GCC_C_LANGUAGE_STANDARD = gnu99;
				GCC_DYNAMIC_NO_PIC = NO;
				GCC_OPTIMIZATION_LEVEL = 0;
				GCC_PREPROCESSOR_DEFINITIONS = (
					"DEBUG=1",
					"$(inherited)",
				);
				GCC_SYMBOLS_PRIVATE_EXTERN = NO;
				GCC_VERSION = com.apple.compilers.llvm.clang.1_0;
				GCC_WARN_ABOUT_MISSING_PROTOTYPES = YES;
				GCC_WARN_ABOUT_RETURN_TYPE = YES;
				GCC_WARN_UNUSED_VARIABLE = YES;
				IPHONEOS_DEPLOYMENT_TARGET = 4.3;
				SDKROOT = iphoneos;
				TARGETED_DEVICE_FAMILY = 2;
			};
			name = Debug;
		};
		01808B4E1450454E00284012 /* Release */ = {
			isa = XCBuildConfiguration;
			buildSettings = {
				ALWAYS_SEARCH_USER_PATHS = NO;
				ARCHS = "$(ARCHS_STANDARD_32_BIT)";
				"CODE_SIGN_IDENTITY[sdk=iphoneos*]" = "iPhone Developer";
				COPY_PHASE_STRIP = YES;
				GCC_C_LANGUAGE_STANDARD = gnu99;
				GCC_VERSION = com.apple.compilers.llvm.clang.1_0;
				GCC_WARN_ABOUT_MISSING_PROTOTYPES = YES;
				GCC_WARN_ABOUT_RETURN_TYPE = YES;
				GCC_WARN_UNUSED_VARIABLE = YES;
				IPHONEOS_DEPLOYMENT_TARGET = 4.3;
				OTHER_CFLAGS = "-DNS_BLOCK_ASSERTIONS=1";
				SDKROOT = iphoneos;
				TARGETED_DEVICE_FAMILY = 2;
				VALIDATE_PRODUCT = YES;
			};
			name = Release;
		};
		01808B501450454E00284012 /* Debug */ = {
			isa = XCBuildConfiguration;
			buildSettings = {
				FRAMEWORK_SEARCH_PATHS = (
					"$(inherited)",
					"\"$(SRCROOT)/../../JIRAConnect/JMCClasses/Libraries\"",
				);
				GCC_PRECOMPILE_PREFIX_HEADER = YES;
				GCC_PREFIX_HEADER = "AngryNerds4iPad/AngryNerds4iPad-Prefix.pch";
				INFOPLIST_FILE = "AngryNerds4iPad/AngryNerds4iPad-Info.plist";
				PRODUCT_NAME = "$(TARGET_NAME)";
				WRAPPER_EXTENSION = app;
			};
			name = Debug;
		};
		01808B511450454E00284012 /* Release */ = {
			isa = XCBuildConfiguration;
			buildSettings = {
				FRAMEWORK_SEARCH_PATHS = (
					"$(inherited)",
					"\"$(SRCROOT)/../../JIRAConnect/JMCClasses/Libraries\"",
				);
				GCC_PRECOMPILE_PREFIX_HEADER = YES;
				GCC_PREFIX_HEADER = "AngryNerds4iPad/AngryNerds4iPad-Prefix.pch";
				INFOPLIST_FILE = "AngryNerds4iPad/AngryNerds4iPad-Info.plist";
				PRODUCT_NAME = "$(TARGET_NAME)";
				WRAPPER_EXTENSION = app;
			};
			name = Release;
		};
/* End XCBuildConfiguration section */

/* Begin XCConfigurationList section */
		01808B2B1450454E00284012 /* Build configuration list for PBXProject "AngryNerds4iPad" */ = {
			isa = XCConfigurationList;
			buildConfigurations = (
				01808B4D1450454E00284012 /* Debug */,
				01808B4E1450454E00284012 /* Release */,
			);
			defaultConfigurationIsVisible = 0;
			defaultConfigurationName = Release;
		};
		01808B4F1450454E00284012 /* Build configuration list for PBXNativeTarget "AngryNerds4iPad" */ = {
			isa = XCConfigurationList;
			buildConfigurations = (
				01808B501450454E00284012 /* Debug */,
				01808B511450454E00284012 /* Release */,
			);
			defaultConfigurationIsVisible = 0;
			defaultConfigurationName = Release;
		};
/* End XCConfigurationList section */
	};
	rootObject = 01808B281450454E00284012 /* Project object */;
}
